{
  "version": 4,
  "terraform_version": "1.5.7",
  "serial": 233,
  "lineage": "a533047a-6a22-cb8f-8ace-0e665cadca93",
  "outputs": {
    "api_gateway_hostname": {
      "value": "retikon-gateway-staging-5enyzfba.uc.gateway.dev",
      "type": "string"
    },
    "artifact_registry_repo": {
      "value": "us-central1-docker.pkg.dev/simitor/retikon-repo",
      "type": "string"
    },
    "audit_service_name": {
      "value": "retikon-audit-staging",
      "type": "string"
    },
    "audit_service_url": {
      "value": "https://retikon-audit-staging-yt27ougp4q-uc.a.run.app",
      "type": "string"
    },
    "chaos_service_name": {
      "value": "retikon-chaos-staging",
      "type": "string"
    },
    "chaos_service_url": {
      "value": "https://retikon-chaos-staging-yt27ougp4q-uc.a.run.app",
      "type": "string"
    },
    "compaction_job_name": {
      "value": "retikon-compaction-staging",
      "type": "string"
    },
    "dev_console_service_url": {
      "value": "https://retikon-dev-console-staging-yt27ougp4q-uc.a.run.app",
      "type": "string"
    },
    "edge_gateway_service_url": {
      "value": "https://retikon-edge-gateway-staging-yt27ougp4q-uc.a.run.app",
      "type": "string"
    },
    "graph_bucket_name": {
      "value": "retikon-graph-simitor-staging",
      "type": "string"
    },
    "ingest_dlq_subscription": {
      "value": "retikon-ingest-dlq-sub-staging",
      "type": "string"
    },
    "ingest_dlq_topic": {
      "value": "retikon-ingest-dlq-staging",
      "type": "string"
    },
    "ingestion_service_name": {
      "value": "retikon-ingestion-staging",
      "type": "string"
    },
    "ingestion_service_url": {
      "value": "https://retikon-ingestion-staging-yt27ougp4q-uc.a.run.app",
      "type": "string"
    },
    "query_service_name": {
      "value": "retikon-query-staging",
      "type": "string"
    },
    "query_service_url": {
      "value": "https://retikon-query-staging-yt27ougp4q-uc.a.run.app",
      "type": "string"
    },
    "raw_bucket_name": {
      "value": "retikon-raw-simitor-staging",
      "type": "string"
    },
    "stream_ingest_service_url": {
      "value": "https://retikon-stream-ingest-staging-yt27ougp4q-uc.a.run.app",
      "type": "string"
    },
    "stream_ingest_subscription": {
      "value": "retikon-stream-ingest-sub-staging",
      "type": "string"
    },
    "stream_ingest_topic": {
      "value": "retikon-stream-ingest-staging",
      "type": "string"
    },
    "workflow_dlq_topic": {
      "value": "retikon-workflow-dlq-staging",
      "type": "string"
    },
    "workflow_queue_subscription": {
      "value": "retikon-workflow-queue-sub-staging",
      "type": "string"
    },
    "workflow_queue_topic": {
      "value": "retikon-workflow-queue-staging",
      "type": "string"
    },
    "workflow_service_name": {
      "value": "retikon-workflows-staging",
      "type": "string"
    },
    "workflow_service_url": {
      "value": "https://retikon-workflows-staging-yt27ougp4q-uc.a.run.app",
      "type": "string"
    }
  },
  "resources": [
    {
      "mode": "data",
      "type": "google_compute_network",
      "name": "default",
      "provider": "provider[\"registry.terraform.io/hashicorp/google\"]",
      "instances": [
        {
          "schema_version": 0,
          "attributes": {
            "description": "Default network for the project",
            "gateway_ipv4": "",
            "id": "projects/simitor/global/networks/default",
            "internal_ipv6_range": "",
            "name": "default",
            "project": null,
            "self_link": "https://www.googleapis.com/compute/v1/projects/simitor/global/networks/default",
            "subnetworks_self_links": [
              "https://www.googleapis.com/compute/v1/projects/simitor/regions/asia-northeast1/subnetworks/default",
              "https://www.googleapis.com/compute/v1/projects/simitor/regions/us-east4/subnetworks/default",
              "https://www.googleapis.com/compute/v1/projects/simitor/regions/europe-west2/subnetworks/default",
              "https://www.googleapis.com/compute/v1/projects/simitor/regions/us-west4/subnetworks/default",
              "https://www.googleapis.com/compute/v1/projects/simitor/regions/asia-east1/subnetworks/default",
              "https://www.googleapis.com/compute/v1/projects/simitor/regions/europe-west6/subnetworks/default",
              "https://www.googleapis.com/compute/v1/projects/simitor/regions/us-west1/subnetworks/default",
              "https://www.googleapis.com/compute/v1/projects/simitor/regions/us-central1/subnetworks/default",
              "https://www.googleapis.com/compute/v1/projects/simitor/regions/europe-north1/subnetworks/default",
              "https://www.googleapis.com/compute/v1/projects/simitor/regions/northamerica-northeast2/subnetworks/default",
              "https://www.googleapis.com/compute/v1/projects/simitor/regions/us-south1/subnetworks/default",
              "https://www.googleapis.com/compute/v1/projects/simitor/regions/australia-southeast1/subnetworks/default",
              "https://www.googleapis.com/compute/v1/projects/simitor/regions/europe-north2/subnetworks/default",
              "https://www.googleapis.com/compute/v1/projects/simitor/regions/europe-west4/subnetworks/default",
              "https://www.googleapis.com/compute/v1/projects/simitor/regions/europe-west8/subnetworks/default",
              "https://www.googleapis.com/compute/v1/projects/simitor/regions/europe-west12/subnetworks/default",
              "https://www.googleapis.com/compute/v1/projects/simitor/regions/europe-west10/subnetworks/default",
              "https://www.googleapis.com/compute/v1/projects/simitor/regions/us-east1/subnetworks/default",
              "https://www.googleapis.com/compute/v1/projects/simitor/regions/australia-southeast2/subnetworks/default",
              "https://www.googleapis.com/compute/v1/projects/simitor/regions/southamerica-west1/subnetworks/default",
              "https://www.googleapis.com/compute/v1/projects/simitor/regions/europe-southwest1/subnetworks/default",
              "https://www.googleapis.com/compute/v1/projects/simitor/regions/me-west1/subnetworks/default",
              "https://www.googleapis.com/compute/v1/projects/simitor/regions/asia-south1/subnetworks/default",
              "https://www.googleapis.com/compute/v1/projects/simitor/regions/asia-south2/subnetworks/default",
              "https://www.googleapis.com/compute/v1/projects/simitor/regions/us-east5/subnetworks/default",
              "https://www.googleapis.com/compute/v1/projects/simitor/regions/asia-northeast2/subnetworks/default",
              "https://www.googleapis.com/compute/v1/projects/simitor/regions/asia-east2/subnetworks/default",
              "https://www.googleapis.com/compute/v1/projects/simitor/regions/asia-southeast1/subnetworks/default",
              "https://www.googleapis.com/compute/v1/projects/simitor/regions/europe-west3/subnetworks/default",
              "https://www.googleapis.com/compute/v1/projects/simitor/regions/asia-southeast3/subnetworks/default",
              "https://www.googleapis.com/compute/v1/projects/simitor/regions/me-central1/subnetworks/default",
              "https://www.googleapis.com/compute/v1/projects/simitor/regions/europe-west1/subnetworks/default",
              "https://www.googleapis.com/compute/v1/projects/simitor/regions/northamerica-northeast1/subnetworks/default",
              "https://www.googleapis.com/compute/v1/projects/simitor/regions/southamerica-east1/subnetworks/default",
              "https://www.googleapis.com/compute/v1/projects/simitor/regions/africa-south1/subnetworks/default",
              "https://www.googleapis.com/compute/v1/projects/simitor/regions/europe-west9/subnetworks/default",
              "https://www.googleapis.com/compute/v1/projects/simitor/regions/europe-central2/subnetworks/default",
              "https://www.googleapis.com/compute/v1/projects/simitor/regions/northamerica-south1/subnetworks/default",
              "https://www.googleapis.com/compute/v1/projects/simitor/regions/asia-northeast3/subnetworks/default",
              "https://www.googleapis.com/compute/v1/projects/simitor/regions/us-west2/subnetworks/default",
              "https://www.googleapis.com/compute/v1/projects/simitor/regions/us-west3/subnetworks/default",
              "https://www.googleapis.com/compute/v1/projects/simitor/regions/asia-southeast2/subnetworks/default"
            ]
          },
          "sensitive_attributes": []
        }
      ]
    },
    {
      "mode": "data",
      "type": "google_project",
      "name": "project",
      "provider": "provider[\"registry.terraform.io/hashicorp/google\"]",
      "instances": [
        {
          "schema_version": 0,
          "attributes": {
            "auto_create_network": null,
            "billing_account": "017260-C6FFCB-219567",
            "deletion_policy": "DELETE",
            "effective_labels": {
              "firebase": "enabled",
              "firebase-core": "disabled"
            },
            "folder_id": null,
            "id": "projects/simitor",
            "labels": {
              "firebase": "enabled",
              "firebase-core": "disabled"
            },
            "name": "Simitor",
            "number": "423745254982",
            "org_id": null,
            "project_id": "simitor",
            "skip_delete": null,
            "terraform_labels": {
              "firebase": "enabled",
              "firebase-core": "disabled"
            }
          },
          "sensitive_attributes": []
        }
      ]
    },
    {
      "mode": "data",
      "type": "google_storage_project_service_account",
      "name": "gcs",
      "provider": "provider[\"registry.terraform.io/hashicorp/google\"]",
      "instances": [
        {
          "schema_version": 0,
          "attributes": {
            "email_address": "service-423745254982@gs-project-accounts.iam.gserviceaccount.com",
            "id": "service-423745254982@gs-project-accounts.iam.gserviceaccount.com",
            "member": "serviceAccount:service-423745254982@gs-project-accounts.iam.gserviceaccount.com",
            "project": "simitor",
            "user_project": null
          },
          "sensitive_attributes": []
        }
      ]
    },
    {
      "mode": "managed",
      "type": "google_api_gateway_api",
      "name": "retikon",
      "provider": "provider[\"registry.terraform.io/hashicorp/google-beta\"]",
      "instances": [
        {
          "index_key": 0,
          "schema_version": 0,
          "attributes": {
            "api_id": "retikon-gateway-staging",
            "create_time": "2026-01-31T13:28:28.212466542Z",
            "display_name": "retikon-gateway-staging",
            "effective_labels": {},
            "id": "projects/simitor/locations/global/apis/retikon-gateway-staging",
            "labels": {},
            "managed_service": "retikon-gateway-staging-3mjt36ogcak4b.apigateway.simitor.cloud.goog",
            "name": "projects/simitor/locations/global/apis/retikon-gateway-staging",
            "project": "simitor",
            "terraform_labels": {},
            "timeouts": null
          },
          "sensitive_attributes": [],
          "private": "eyJlMmJmYjczMC1lY2FhLTExZTYtOGY4OC0zNDM2M2JjN2M0YzAiOnsiY3JlYXRlIjoxMjAwMDAwMDAwMDAwLCJkZWxldGUiOjEyMDAwMDAwMDAwMDAsInVwZGF0ZSI6MTIwMDAwMDAwMDAwMH19",
          "create_before_destroy": true
        }
      ]
    },
    {
      "mode": "managed",
      "type": "google_api_gateway_api_config",
      "name": "retikon",
      "provider": "provider[\"registry.terraform.io/hashicorp/google-beta\"]",
      "instances": [
        {
          "index_key": 0,
          "schema_version": 0,
          "attributes": {
            "api": "retikon-gateway-staging",
            "api_config_id": "retikon-gateway-config-staging20260131134808753600000001",
            "api_config_id_prefix": "retikon-gateway-config-staging",
            "display_name": "retikon-gateway-config-staging20260131134808753600000001",
            "effective_labels": {},
            "gateway_config": [],
            "grpc_services": [],
            "id": "projects/simitor/locations/global/apis/retikon-gateway-staging/configs/retikon-gateway-config-staging20260131134808753600000001",
            "labels": {},
            "managed_service_configs": [],
            "name": "projects/423745254982/locations/global/apis/retikon-gateway-staging/configs/retikon-gateway-config-staging20260131134808753600000001",
            "openapi_documents": [
              {
                "document": [
                  {
                    "contents": "c3dhZ2dlcjogIjIuMCIKaW5mbzoKICB0aXRsZTogIlJldGlrb24gQVBJIEdhdGV3YXkiCiAgZGVzY3JpcHRpb246ICJSZXRpa29uIEFQSSBHYXRld2F5IgogIHZlcnNpb246ICIxLjAuMCIKc2NoZW1lczoKICAtIGh0dHBzCnByb2R1Y2VzOgogIC0gYXBwbGljYXRpb24vanNvbgpzZWN1cml0eURlZmluaXRpb25zOgogIGp3dDoKICAgIHR5cGU6ICJvYXV0aDIiCiAgICBmbG93OiAiaW1wbGljaXQiCiAgICBhdXRob3JpemF0aW9uVXJsOiAiIgogICAgeC1nb29nbGUtaXNzdWVyOiAiaHR0cHM6Ly9zZWN1cmV0b2tlbi5nb29nbGUuY29tL3NpbWl0b3IiCiAgICB4LWdvb2dsZS1qd2tzX3VyaTogImh0dHBzOi8vd3d3Lmdvb2dsZWFwaXMuY29tL3NlcnZpY2VfYWNjb3VudHMvdjEvbWV0YWRhdGEveDUwOS9zZWN1cmV0b2tlbkBzeXN0ZW0uZ3NlcnZpY2VhY2NvdW50LmNvbSIKICAgIHgtZ29vZ2xlLWF1ZGllbmNlczogInNpbWl0b3IiCnNlY3VyaXR5OgogIC0gand0OiBbXQpwYXRoczoKICAvcXVlcnk6CiAgICBwb3N0OgogICAgICBvcGVyYXRpb25JZDogcXVlcnlfcG9zdAogICAgICB4LWdvb2dsZS1iYWNrZW5kOgogICAgICAgIGFkZHJlc3M6ICJodHRwczovL3JldGlrb24tcXVlcnktc3RhZ2luZy15dDI3b3VncDRxLXVjLmEucnVuLmFwcCIKICAgICAgICBqd3RfYXVkaWVuY2U6ICJodHRwczovL3JldGlrb24tcXVlcnktc3RhZ2luZy15dDI3b3VncDRxLXVjLmEucnVuLmFwcCIKICAgICAgICBwYXRoX3RyYW5zbGF0aW9uOiBBUFBFTkRfUEFUSF9UT19BRERSRVNTCiAgICAgICAgZGVhZGxpbmU6IDEyMC4wCiAgICAgIHJlc3BvbnNlczoKICAgICAgICAiMjAwIjoKICAgICAgICAgIGRlc2NyaXB0aW9uOiAiT0siCiAgICBvcHRpb25zOgogICAgICBvcGVyYXRpb25JZDogcXVlcnlfb3B0aW9ucwogICAgICBzZWN1cml0eTogW10KICAgICAgeC1nb29nbGUtYmFja2VuZDoKICAgICAgICBhZGRyZXNzOiAiaHR0cHM6Ly9yZXRpa29uLXF1ZXJ5LXN0YWdpbmcteXQyN291Z3A0cS11Yy5hLnJ1bi5hcHAiCiAgICAgICAgand0X2F1ZGllbmNlOiAiaHR0cHM6Ly9yZXRpa29uLXF1ZXJ5LXN0YWdpbmcteXQyN291Z3A0cS11Yy5hLnJ1bi5hcHAiCiAgICAgICAgcGF0aF90cmFuc2xhdGlvbjogQVBQRU5EX1BBVEhfVE9fQUREUkVTUwogICAgICByZXNwb25zZXM6CiAgICAgICAgIjIwMCI6CiAgICAgICAgICBkZXNjcmlwdGlvbjogIk9LIgogIC9xdWVyeS97cHJveHl9OgogICAgcGFyYW1ldGVyczoKICAgICAgLSBuYW1lOiBwcm94eQogICAgICAgIGluOiBwYXRoCiAgICAgICAgcmVxdWlyZWQ6IHRydWUKICAgICAgICB0eXBlOiBzdHJpbmcKICAgIGdldDoKICAgICAgb3BlcmF0aW9uSWQ6IHF1ZXJ5X3Byb3h5X2dldAogICAgICB4LWdvb2dsZS1iYWNrZW5kOgogICAgICAgIGFkZHJlc3M6ICJodHRwczovL3JldGlrb24tcXVlcnktc3RhZ2luZy15dDI3b3VncDRxLXVjLmEucnVuLmFwcCIKICAgICAgICBqd3RfYXVkaWVuY2U6ICJodHRwczovL3JldGlrb24tcXVlcnktc3RhZ2luZy15dDI3b3VncDRxLXVjLmEucnVuLmFwcCIKICAgICAgICBwYXRoX3RyYW5zbGF0aW9uOiBBUFBFTkRfUEFUSF9UT19BRERSRVNTCiAgICAgICAgZGVhZGxpbmU6IDEyMC4wCiAgICAgIHJlc3BvbnNlczoKICAgICAgICAiMjAwIjoKICAgICAgICAgIGRlc2NyaXB0aW9uOiAiT0siCiAgICBwb3N0OgogICAgICBvcGVyYXRpb25JZDogcXVlcnlfcHJveHlfcG9zdAogICAgICB4LWdvb2dsZS1iYWNrZW5kOgogICAgICAgIGFkZHJlc3M6ICJodHRwczovL3JldGlrb24tcXVlcnktc3RhZ2luZy15dDI3b3VncDRxLXVjLmEucnVuLmFwcCIKICAgICAgICBqd3RfYXVkaWVuY2U6ICJodHRwczovL3JldGlrb24tcXVlcnktc3RhZ2luZy15dDI3b3VncDRxLXVjLmEucnVuLmFwcCIKICAgICAgICBwYXRoX3RyYW5zbGF0aW9uOiBBUFBFTkRfUEFUSF9UT19BRERSRVNTCiAgICAgICAgZGVhZGxpbmU6IDEyMC4wCiAgICAgIHJlc3BvbnNlczoKICAgICAgICAiMjAwIjoKICAgICAgICAgIGRlc2NyaXB0aW9uOiAiT0siCiAgICBwdXQ6CiAgICAgIG9wZXJhdGlvbklkOiBxdWVyeV9wcm94eV9wdXQKICAgICAgeC1nb29nbGUtYmFja2VuZDoKICAgICAgICBhZGRyZXNzOiAiaHR0cHM6Ly9yZXRpa29uLXF1ZXJ5LXN0YWdpbmcteXQyN291Z3A0cS11Yy5hLnJ1bi5hcHAiCiAgICAgICAgand0X2F1ZGllbmNlOiAiaHR0cHM6Ly9yZXRpa29uLXF1ZXJ5LXN0YWdpbmcteXQyN291Z3A0cS11Yy5hLnJ1bi5hcHAiCiAgICAgICAgcGF0aF90cmFuc2xhdGlvbjogQVBQRU5EX1BBVEhfVE9fQUREUkVTUwogICAgICAgIGRlYWRsaW5lOiAxMjAuMAogICAgICByZXNwb25zZXM6CiAgICAgICAgIjIwMCI6CiAgICAgICAgICBkZXNjcmlwdGlvbjogIk9LIgogICAgcGF0Y2g6CiAgICAgIG9wZXJhdGlvbklkOiBxdWVyeV9wcm94eV9wYXRjaAogICAgICB4LWdvb2dsZS1iYWNrZW5kOgogICAgICAgIGFkZHJlc3M6ICJodHRwczovL3JldGlrb24tcXVlcnktc3RhZ2luZy15dDI3b3VncDRxLXVjLmEucnVuLmFwcCIKICAgICAgICBqd3RfYXVkaWVuY2U6ICJodHRwczovL3JldGlrb24tcXVlcnktc3RhZ2luZy15dDI3b3VncDRxLXVjLmEucnVuLmFwcCIKICAgICAgICBwYXRoX3RyYW5zbGF0aW9uOiBBUFBFTkRfUEFUSF9UT19BRERSRVNTCiAgICAgICAgZGVhZGxpbmU6IDEyMC4wCiAgICAgIHJlc3BvbnNlczoKICAgICAgICAiMjAwIjoKICAgICAgICAgIGRlc2NyaXB0aW9uOiAiT0siCiAgICBkZWxldGU6CiAgICAgIG9wZXJhdGlvbklkOiBxdWVyeV9wcm94eV9kZWxldGUKICAgICAgeC1nb29nbGUtYmFja2VuZDoKICAgICAgICBhZGRyZXNzOiAiaHR0cHM6Ly9yZXRpa29uLXF1ZXJ5LXN0YWdpbmcteXQyN291Z3A0cS11Yy5hLnJ1bi5hcHAiCiAgICAgICAgand0X2F1ZGllbmNlOiAiaHR0cHM6Ly9yZXRpa29uLXF1ZXJ5LXN0YWdpbmcteXQyN291Z3A0cS11Yy5hLnJ1bi5hcHAiCiAgICAgICAgcGF0aF90cmFuc2xhdGlvbjogQVBQRU5EX1BBVEhfVE9fQUREUkVTUwogICAgICAgIGRlYWRsaW5lOiAxMjAuMAogICAgICByZXNwb25zZXM6CiAgICAgICAgIjIwMCI6CiAgICAgICAgICBkZXNjcmlwdGlvbjogIk9LIgogICAgb3B0aW9uczoKICAgICAgb3BlcmF0aW9uSWQ6IHF1ZXJ5X3Byb3h5X29wdGlvbnMKICAgICAgc2VjdXJpdHk6IFtdCiAgICAgIHgtZ29vZ2xlLWJhY2tlbmQ6CiAgICAgICAgYWRkcmVzczogImh0dHBzOi8vcmV0aWtvbi1xdWVyeS1zdGFnaW5nLXl0MjdvdWdwNHEtdWMuYS5ydW4uYXBwIgogICAgICAgIGp3dF9hdWRpZW5jZTogImh0dHBzOi8vcmV0aWtvbi1xdWVyeS1zdGFnaW5nLXl0MjdvdWdwNHEtdWMuYS5ydW4uYXBwIgogICAgICAgIHBhdGhfdHJhbnNsYXRpb246IEFQUEVORF9QQVRIX1RPX0FERFJFU1MKICAgICAgcmVzcG9uc2VzOgogICAgICAgICIyMDAiOgogICAgICAgICAgZGVzY3JpcHRpb246ICJPSyIKICAvd29ya2Zsb3dzOgogICAgZ2V0OgogICAgICBvcGVyYXRpb25JZDogd29ya2Zsb3dzX2dldAogICAgICB4LWdvb2dsZS1iYWNrZW5kOgogICAgICAgIGFkZHJlc3M6ICJodHRwczovL3JldGlrb24td29ya2Zsb3dzLXN0YWdpbmcteXQyN291Z3A0cS11Yy5hLnJ1bi5hcHAiCiAgICAgICAgand0X2F1ZGllbmNlOiAiaHR0cHM6Ly9yZXRpa29uLXdvcmtmbG93cy1zdGFnaW5nLXl0MjdvdWdwNHEtdWMuYS5ydW4uYXBwIgogICAgICAgIHBhdGhfdHJhbnNsYXRpb246IEFQUEVORF9QQVRIX1RPX0FERFJFU1MKICAgICAgcmVzcG9uc2VzOgogICAgICAgICIyMDAiOgogICAgICAgICAgZGVzY3JpcHRpb246ICJPSyIKICAgIHBvc3Q6CiAgICAgIG9wZXJhdGlvbklkOiB3b3JrZmxvd3NfcG9zdAogICAgICB4LWdvb2dsZS1iYWNrZW5kOgogICAgICAgIGFkZHJlc3M6ICJodHRwczovL3JldGlrb24td29ya2Zsb3dzLXN0YWdpbmcteXQyN291Z3A0cS11Yy5hLnJ1bi5hcHAiCiAgICAgICAgand0X2F1ZGllbmNlOiAiaHR0cHM6Ly9yZXRpa29uLXdvcmtmbG93cy1zdGFnaW5nLXl0MjdvdWdwNHEtdWMuYS5ydW4uYXBwIgogICAgICAgIHBhdGhfdHJhbnNsYXRpb246IEFQUEVORF9QQVRIX1RPX0FERFJFU1MKICAgICAgcmVzcG9uc2VzOgogICAgICAgICIyMDAiOgogICAgICAgICAgZGVzY3JpcHRpb246ICJPSyIKICAgIG9wdGlvbnM6CiAgICAgIG9wZXJhdGlvbklkOiB3b3JrZmxvd3Nfb3B0aW9ucwogICAgICBzZWN1cml0eTogW10KICAgICAgeC1nb29nbGUtYmFja2VuZDoKICAgICAgICBhZGRyZXNzOiAiaHR0cHM6Ly9yZXRpa29uLXdvcmtmbG93cy1zdGFnaW5nLXl0MjdvdWdwNHEtdWMuYS5ydW4uYXBwIgogICAgICAgIGp3dF9hdWRpZW5jZTogImh0dHBzOi8vcmV0aWtvbi13b3JrZmxvd3Mtc3RhZ2luZy15dDI3b3VncDRxLXVjLmEucnVuLmFwcCIKICAgICAgICBwYXRoX3RyYW5zbGF0aW9uOiBBUFBFTkRfUEFUSF9UT19BRERSRVNTCiAgICAgIHJlc3BvbnNlczoKICAgICAgICAiMjAwIjoKICAgICAgICAgIGRlc2NyaXB0aW9uOiAiT0siCiAgL3dvcmtmbG93cy97cHJveHl9OgogICAgcGFyYW1ldGVyczoKICAgICAgLSBuYW1lOiBwcm94eQogICAgICAgIGluOiBwYXRoCiAgICAgICAgcmVxdWlyZWQ6IHRydWUKICAgICAgICB0eXBlOiBzdHJpbmcKICAgIGdldDoKICAgICAgb3BlcmF0aW9uSWQ6IHdvcmtmbG93c19wcm94eV9nZXQKICAgICAgeC1nb29nbGUtYmFja2VuZDoKICAgICAgICBhZGRyZXNzOiAiaHR0cHM6Ly9yZXRpa29uLXdvcmtmbG93cy1zdGFnaW5nLXl0MjdvdWdwNHEtdWMuYS5ydW4uYXBwIgogICAgICAgIGp3dF9hdWRpZW5jZTogImh0dHBzOi8vcmV0aWtvbi13b3JrZmxvd3Mtc3RhZ2luZy15dDI3b3VncDRxLXVjLmEucnVuLmFwcCIKICAgICAgICBwYXRoX3RyYW5zbGF0aW9uOiBBUFBFTkRfUEFUSF9UT19BRERSRVNTCiAgICAgIHJlc3BvbnNlczoKICAgICAgICAiMjAwIjoKICAgICAgICAgIGRlc2NyaXB0aW9uOiAiT0siCiAgICBwb3N0OgogICAgICBvcGVyYXRpb25JZDogd29ya2Zsb3dzX3Byb3h5X3Bvc3QKICAgICAgeC1nb29nbGUtYmFja2VuZDoKICAgICAgICBhZGRyZXNzOiAiaHR0cHM6Ly9yZXRpa29uLXdvcmtmbG93cy1zdGFnaW5nLXl0MjdvdWdwNHEtdWMuYS5ydW4uYXBwIgogICAgICAgIGp3dF9hdWRpZW5jZTogImh0dHBzOi8vcmV0aWtvbi13b3JrZmxvd3Mtc3RhZ2luZy15dDI3b3VncDRxLXVjLmEucnVuLmFwcCIKICAgICAgICBwYXRoX3RyYW5zbGF0aW9uOiBBUFBFTkRfUEFUSF9UT19BRERSRVNTCiAgICAgIHJlc3BvbnNlczoKICAgICAgICAiMjAwIjoKICAgICAgICAgIGRlc2NyaXB0aW9uOiAiT0siCiAgICBwdXQ6CiAgICAgIG9wZXJhdGlvbklkOiB3b3JrZmxvd3NfcHJveHlfcHV0CiAgICAgIHgtZ29vZ2xlLWJhY2tlbmQ6CiAgICAgICAgYWRkcmVzczogImh0dHBzOi8vcmV0aWtvbi13b3JrZmxvd3Mtc3RhZ2luZy15dDI3b3VncDRxLXVjLmEucnVuLmFwcCIKICAgICAgICBqd3RfYXVkaWVuY2U6ICJodHRwczovL3JldGlrb24td29ya2Zsb3dzLXN0YWdpbmcteXQyN291Z3A0cS11Yy5hLnJ1bi5hcHAiCiAgICAgICAgcGF0aF90cmFuc2xhdGlvbjogQVBQRU5EX1BBVEhfVE9fQUREUkVTUwogICAgICByZXNwb25zZXM6CiAgICAgICAgIjIwMCI6CiAgICAgICAgICBkZXNjcmlwdGlvbjogIk9LIgogICAgcGF0Y2g6CiAgICAgIG9wZXJhdGlvbklkOiB3b3JrZmxvd3NfcHJveHlfcGF0Y2gKICAgICAgeC1nb29nbGUtYmFja2VuZDoKICAgICAgICBhZGRyZXNzOiAiaHR0cHM6Ly9yZXRpa29uLXdvcmtmbG93cy1zdGFnaW5nLXl0MjdvdWdwNHEtdWMuYS5ydW4uYXBwIgogICAgICAgIGp3dF9hdWRpZW5jZTogImh0dHBzOi8vcmV0aWtvbi13b3JrZmxvd3Mtc3RhZ2luZy15dDI3b3VncDRxLXVjLmEucnVuLmFwcCIKICAgICAgICBwYXRoX3RyYW5zbGF0aW9uOiBBUFBFTkRfUEFUSF9UT19BRERSRVNTCiAgICAgIHJlc3BvbnNlczoKICAgICAgICAiMjAwIjoKICAgICAgICAgIGRlc2NyaXB0aW9uOiAiT0siCiAgICBkZWxldGU6CiAgICAgIG9wZXJhdGlvbklkOiB3b3JrZmxvd3NfcHJveHlfZGVsZXRlCiAgICAgIHgtZ29vZ2xlLWJhY2tlbmQ6CiAgICAgICAgYWRkcmVzczogImh0dHBzOi8vcmV0aWtvbi13b3JrZmxvd3Mtc3RhZ2luZy15dDI3b3VncDRxLXVjLmEucnVuLmFwcCIKICAgICAgICBqd3RfYXVkaWVuY2U6ICJodHRwczovL3JldGlrb24td29ya2Zsb3dzLXN0YWdpbmcteXQyN291Z3A0cS11Yy5hLnJ1bi5hcHAiCiAgICAgICAgcGF0aF90cmFuc2xhdGlvbjogQVBQRU5EX1BBVEhfVE9fQUREUkVTUwogICAgICByZXNwb25zZXM6CiAgICAgICAgIjIwMCI6CiAgICAgICAgICBkZXNjcmlwdGlvbjogIk9LIgogICAgb3B0aW9uczoKICAgICAgb3BlcmF0aW9uSWQ6IHdvcmtmbG93c19wcm94eV9vcHRpb25zCiAgICAgIHNlY3VyaXR5OiBbXQogICAgICB4LWdvb2dsZS1iYWNrZW5kOgogICAgICAgIGFkZHJlc3M6ICJodHRwczovL3JldGlrb24td29ya2Zsb3dzLXN0YWdpbmcteXQyN291Z3A0cS11Yy5hLnJ1bi5hcHAiCiAgICAgICAgand0X2F1ZGllbmNlOiAiaHR0cHM6Ly9yZXRpa29uLXdvcmtmbG93cy1zdGFnaW5nLXl0MjdvdWdwNHEtdWMuYS5ydW4uYXBwIgogICAgICAgIHBhdGhfdHJhbnNsYXRpb246IEFQUEVORF9QQVRIX1RPX0FERFJFU1MKICAgICAgcmVzcG9uc2VzOgogICAgICAgICIyMDAiOgogICAgICAgICAgZGVzY3JpcHRpb246ICJPSyIKICAvY2hhb3M6CiAgICBnZXQ6CiAgICAgIG9wZXJhdGlvbklkOiBjaGFvc19nZXQKICAgICAgeC1nb29nbGUtYmFja2VuZDoKICAgICAgICBhZGRyZXNzOiAiaHR0cHM6Ly9yZXRpa29uLWNoYW9zLXN0YWdpbmcteXQyN291Z3A0cS11Yy5hLnJ1bi5hcHAiCiAgICAgICAgand0X2F1ZGllbmNlOiAiaHR0cHM6Ly9yZXRpa29uLWNoYW9zLXN0YWdpbmcteXQyN291Z3A0cS11Yy5hLnJ1bi5hcHAiCiAgICAgICAgcGF0aF90cmFuc2xhdGlvbjogQVBQRU5EX1BBVEhfVE9fQUREUkVTUwogICAgICByZXNwb25zZXM6CiAgICAgICAgIjIwMCI6CiAgICAgICAgICBkZXNjcmlwdGlvbjogIk9LIgogICAgcG9zdDoKICAgICAgb3BlcmF0aW9uSWQ6IGNoYW9zX3Bvc3QKICAgICAgeC1nb29nbGUtYmFja2VuZDoKICAgICAgICBhZGRyZXNzOiAiaHR0cHM6Ly9yZXRpa29uLWNoYW9zLXN0YWdpbmcteXQyN291Z3A0cS11Yy5hLnJ1bi5hcHAiCiAgICAgICAgand0X2F1ZGllbmNlOiAiaHR0cHM6Ly9yZXRpa29uLWNoYW9zLXN0YWdpbmcteXQyN291Z3A0cS11Yy5hLnJ1bi5hcHAiCiAgICAgICAgcGF0aF90cmFuc2xhdGlvbjogQVBQRU5EX1BBVEhfVE9fQUREUkVTUwogICAgICByZXNwb25zZXM6CiAgICAgICAgIjIwMCI6CiAgICAgICAgICBkZXNjcmlwdGlvbjogIk9LIgogICAgb3B0aW9uczoKICAgICAgb3BlcmF0aW9uSWQ6IGNoYW9zX29wdGlvbnMKICAgICAgc2VjdXJpdHk6IFtdCiAgICAgIHgtZ29vZ2xlLWJhY2tlbmQ6CiAgICAgICAgYWRkcmVzczogImh0dHBzOi8vcmV0aWtvbi1jaGFvcy1zdGFnaW5nLXl0MjdvdWdwNHEtdWMuYS5ydW4uYXBwIgogICAgICAgIGp3dF9hdWRpZW5jZTogImh0dHBzOi8vcmV0aWtvbi1jaGFvcy1zdGFnaW5nLXl0MjdvdWdwNHEtdWMuYS5ydW4uYXBwIgogICAgICAgIHBhdGhfdHJhbnNsYXRpb246IEFQUEVORF9QQVRIX1RPX0FERFJFU1MKICAgICAgcmVzcG9uc2VzOgogICAgICAgICIyMDAiOgogICAgICAgICAgZGVzY3JpcHRpb246ICJPSyIKICAvY2hhb3Mve3Byb3h5fToKICAgIHBhcmFtZXRlcnM6CiAgICAgIC0gbmFtZTogcHJveHkKICAgICAgICBpbjogcGF0aAogICAgICAgIHJlcXVpcmVkOiB0cnVlCiAgICAgICAgdHlwZTogc3RyaW5nCiAgICBnZXQ6CiAgICAgIG9wZXJhdGlvbklkOiBjaGFvc19wcm94eV9nZXQKICAgICAgeC1nb29nbGUtYmFja2VuZDoKICAgICAgICBhZGRyZXNzOiAiaHR0cHM6Ly9yZXRpa29uLWNoYW9zLXN0YWdpbmcteXQyN291Z3A0cS11Yy5hLnJ1bi5hcHAiCiAgICAgICAgand0X2F1ZGllbmNlOiAiaHR0cHM6Ly9yZXRpa29uLWNoYW9zLXN0YWdpbmcteXQyN291Z3A0cS11Yy5hLnJ1bi5hcHAiCiAgICAgICAgcGF0aF90cmFuc2xhdGlvbjogQVBQRU5EX1BBVEhfVE9fQUREUkVTUwogICAgICByZXNwb25zZXM6CiAgICAgICAgIjIwMCI6CiAgICAgICAgICBkZXNjcmlwdGlvbjogIk9LIgogICAgcG9zdDoKICAgICAgb3BlcmF0aW9uSWQ6IGNoYW9zX3Byb3h5X3Bvc3QKICAgICAgeC1nb29nbGUtYmFja2VuZDoKICAgICAgICBhZGRyZXNzOiAiaHR0cHM6Ly9yZXRpa29uLWNoYW9zLXN0YWdpbmcteXQyN291Z3A0cS11Yy5hLnJ1bi5hcHAiCiAgICAgICAgand0X2F1ZGllbmNlOiAiaHR0cHM6Ly9yZXRpa29uLWNoYW9zLXN0YWdpbmcteXQyN291Z3A0cS11Yy5hLnJ1bi5hcHAiCiAgICAgICAgcGF0aF90cmFuc2xhdGlvbjogQVBQRU5EX1BBVEhfVE9fQUREUkVTUwogICAgICByZXNwb25zZXM6CiAgICAgICAgIjIwMCI6CiAgICAgICAgICBkZXNjcmlwdGlvbjogIk9LIgogICAgcHV0OgogICAgICBvcGVyYXRpb25JZDogY2hhb3NfcHJveHlfcHV0CiAgICAgIHgtZ29vZ2xlLWJhY2tlbmQ6CiAgICAgICAgYWRkcmVzczogImh0dHBzOi8vcmV0aWtvbi1jaGFvcy1zdGFnaW5nLXl0MjdvdWdwNHEtdWMuYS5ydW4uYXBwIgogICAgICAgIGp3dF9hdWRpZW5jZTogImh0dHBzOi8vcmV0aWtvbi1jaGFvcy1zdGFnaW5nLXl0MjdvdWdwNHEtdWMuYS5ydW4uYXBwIgogICAgICAgIHBhdGhfdHJhbnNsYXRpb246IEFQUEVORF9QQVRIX1RPX0FERFJFU1MKICAgICAgcmVzcG9uc2VzOgogICAgICAgICIyMDAiOgogICAgICAgICAgZGVzY3JpcHRpb246ICJPSyIKICAgIHBhdGNoOgogICAgICBvcGVyYXRpb25JZDogY2hhb3NfcHJveHlfcGF0Y2gKICAgICAgeC1nb29nbGUtYmFja2VuZDoKICAgICAgICBhZGRyZXNzOiAiaHR0cHM6Ly9yZXRpa29uLWNoYW9zLXN0YWdpbmcteXQyN291Z3A0cS11Yy5hLnJ1bi5hcHAiCiAgICAgICAgand0X2F1ZGllbmNlOiAiaHR0cHM6Ly9yZXRpa29uLWNoYW9zLXN0YWdpbmcteXQyN291Z3A0cS11Yy5hLnJ1bi5hcHAiCiAgICAgICAgcGF0aF90cmFuc2xhdGlvbjogQVBQRU5EX1BBVEhfVE9fQUREUkVTUwogICAgICByZXNwb25zZXM6CiAgICAgICAgIjIwMCI6CiAgICAgICAgICBkZXNjcmlwdGlvbjogIk9LIgogICAgZGVsZXRlOgogICAgICBvcGVyYXRpb25JZDogY2hhb3NfcHJveHlfZGVsZXRlCiAgICAgIHgtZ29vZ2xlLWJhY2tlbmQ6CiAgICAgICAgYWRkcmVzczogImh0dHBzOi8vcmV0aWtvbi1jaGFvcy1zdGFnaW5nLXl0MjdvdWdwNHEtdWMuYS5ydW4uYXBwIgogICAgICAgIGp3dF9hdWRpZW5jZTogImh0dHBzOi8vcmV0aWtvbi1jaGFvcy1zdGFnaW5nLXl0MjdvdWdwNHEtdWMuYS5ydW4uYXBwIgogICAgICAgIHBhdGhfdHJhbnNsYXRpb246IEFQUEVORF9QQVRIX1RPX0FERFJFU1MKICAgICAgcmVzcG9uc2VzOgogICAgICAgICIyMDAiOgogICAgICAgICAgZGVzY3JpcHRpb246ICJPSyIKICAgIG9wdGlvbnM6CiAgICAgIG9wZXJhdGlvbklkOiBjaGFvc19wcm94eV9vcHRpb25zCiAgICAgIHNlY3VyaXR5OiBbXQogICAgICB4LWdvb2dsZS1iYWNrZW5kOgogICAgICAgIGFkZHJlc3M6ICJodHRwczovL3JldGlrb24tY2hhb3Mtc3RhZ2luZy15dDI3b3VncDRxLXVjLmEucnVuLmFwcCIKICAgICAgICBqd3RfYXVkaWVuY2U6ICJodHRwczovL3JldGlrb24tY2hhb3Mtc3RhZ2luZy15dDI3b3VncDRxLXVjLmEucnVuLmFwcCIKICAgICAgICBwYXRoX3RyYW5zbGF0aW9uOiBBUFBFTkRfUEFUSF9UT19BRERSRVNTCiAgICAgIHJlc3BvbnNlczoKICAgICAgICAiMjAwIjoKICAgICAgICAgIGRlc2NyaXB0aW9uOiAiT0siCiAgL3ByaXZhY3k6CiAgICBnZXQ6CiAgICAgIG9wZXJhdGlvbklkOiBwcml2YWN5X2dldAogICAgICB4LWdvb2dsZS1iYWNrZW5kOgogICAgICAgIGFkZHJlc3M6ICJodHRwczovL3JldGlrb24tcHJpdmFjeS1zdGFnaW5nLXl0MjdvdWdwNHEtdWMuYS5ydW4uYXBwIgogICAgICAgIGp3dF9hdWRpZW5jZTogImh0dHBzOi8vcmV0aWtvbi1wcml2YWN5LXN0YWdpbmcteXQyN291Z3A0cS11Yy5hLnJ1bi5hcHAiCiAgICAgICAgcGF0aF90cmFuc2xhdGlvbjogQVBQRU5EX1BBVEhfVE9fQUREUkVTUwogICAgICByZXNwb25zZXM6CiAgICAgICAgIjIwMCI6CiAgICAgICAgICBkZXNjcmlwdGlvbjogIk9LIgogICAgcG9zdDoKICAgICAgb3BlcmF0aW9uSWQ6IHByaXZhY3lfcG9zdAogICAgICB4LWdvb2dsZS1iYWNrZW5kOgogICAgICAgIGFkZHJlc3M6ICJodHRwczovL3JldGlrb24tcHJpdmFjeS1zdGFnaW5nLXl0MjdvdWdwNHEtdWMuYS5ydW4uYXBwIgogICAgICAgIGp3dF9hdWRpZW5jZTogImh0dHBzOi8vcmV0aWtvbi1wcml2YWN5LXN0YWdpbmcteXQyN291Z3A0cS11Yy5hLnJ1bi5hcHAiCiAgICAgICAgcGF0aF90cmFuc2xhdGlvbjogQVBQRU5EX1BBVEhfVE9fQUREUkVTUwogICAgICByZXNwb25zZXM6CiAgICAgICAgIjIwMCI6CiAgICAgICAgICBkZXNjcmlwdGlvbjogIk9LIgogICAgb3B0aW9uczoKICAgICAgb3BlcmF0aW9uSWQ6IHByaXZhY3lfb3B0aW9ucwogICAgICBzZWN1cml0eTogW10KICAgICAgeC1nb29nbGUtYmFja2VuZDoKICAgICAgICBhZGRyZXNzOiAiaHR0cHM6Ly9yZXRpa29uLXByaXZhY3ktc3RhZ2luZy15dDI3b3VncDRxLXVjLmEucnVuLmFwcCIKICAgICAgICBqd3RfYXVkaWVuY2U6ICJodHRwczovL3JldGlrb24tcHJpdmFjeS1zdGFnaW5nLXl0MjdvdWdwNHEtdWMuYS5ydW4uYXBwIgogICAgICAgIHBhdGhfdHJhbnNsYXRpb246IEFQUEVORF9QQVRIX1RPX0FERFJFU1MKICAgICAgcmVzcG9uc2VzOgogICAgICAgICIyMDAiOgogICAgICAgICAgZGVzY3JpcHRpb246ICJPSyIKICAvcHJpdmFjeS97cHJveHl9OgogICAgcGFyYW1ldGVyczoKICAgICAgLSBuYW1lOiBwcm94eQogICAgICAgIGluOiBwYXRoCiAgICAgICAgcmVxdWlyZWQ6IHRydWUKICAgICAgICB0eXBlOiBzdHJpbmcKICAgIGdldDoKICAgICAgb3BlcmF0aW9uSWQ6IHByaXZhY3lfcHJveHlfZ2V0CiAgICAgIHgtZ29vZ2xlLWJhY2tlbmQ6CiAgICAgICAgYWRkcmVzczogImh0dHBzOi8vcmV0aWtvbi1wcml2YWN5LXN0YWdpbmcteXQyN291Z3A0cS11Yy5hLnJ1bi5hcHAiCiAgICAgICAgand0X2F1ZGllbmNlOiAiaHR0cHM6Ly9yZXRpa29uLXByaXZhY3ktc3RhZ2luZy15dDI3b3VncDRxLXVjLmEucnVuLmFwcCIKICAgICAgICBwYXRoX3RyYW5zbGF0aW9uOiBBUFBFTkRfUEFUSF9UT19BRERSRVNTCiAgICAgIHJlc3BvbnNlczoKICAgICAgICAiMjAwIjoKICAgICAgICAgIGRlc2NyaXB0aW9uOiAiT0siCiAgICBwb3N0OgogICAgICBvcGVyYXRpb25JZDogcHJpdmFjeV9wcm94eV9wb3N0CiAgICAgIHgtZ29vZ2xlLWJhY2tlbmQ6CiAgICAgICAgYWRkcmVzczogImh0dHBzOi8vcmV0aWtvbi1wcml2YWN5LXN0YWdpbmcteXQyN291Z3A0cS11Yy5hLnJ1bi5hcHAiCiAgICAgICAgand0X2F1ZGllbmNlOiAiaHR0cHM6Ly9yZXRpa29uLXByaXZhY3ktc3RhZ2luZy15dDI3b3VncDRxLXVjLmEucnVuLmFwcCIKICAgICAgICBwYXRoX3RyYW5zbGF0aW9uOiBBUFBFTkRfUEFUSF9UT19BRERSRVNTCiAgICAgIHJlc3BvbnNlczoKICAgICAgICAiMjAwIjoKICAgICAgICAgIGRlc2NyaXB0aW9uOiAiT0siCiAgICBwdXQ6CiAgICAgIG9wZXJhdGlvbklkOiBwcml2YWN5X3Byb3h5X3B1dAogICAgICB4LWdvb2dsZS1iYWNrZW5kOgogICAgICAgIGFkZHJlc3M6ICJodHRwczovL3JldGlrb24tcHJpdmFjeS1zdGFnaW5nLXl0MjdvdWdwNHEtdWMuYS5ydW4uYXBwIgogICAgICAgIGp3dF9hdWRpZW5jZTogImh0dHBzOi8vcmV0aWtvbi1wcml2YWN5LXN0YWdpbmcteXQyN291Z3A0cS11Yy5hLnJ1bi5hcHAiCiAgICAgICAgcGF0aF90cmFuc2xhdGlvbjogQVBQRU5EX1BBVEhfVE9fQUREUkVTUwogICAgICByZXNwb25zZXM6CiAgICAgICAgIjIwMCI6CiAgICAgICAgICBkZXNjcmlwdGlvbjogIk9LIgogICAgcGF0Y2g6CiAgICAgIG9wZXJhdGlvbklkOiBwcml2YWN5X3Byb3h5X3BhdGNoCiAgICAgIHgtZ29vZ2xlLWJhY2tlbmQ6CiAgICAgICAgYWRkcmVzczogImh0dHBzOi8vcmV0aWtvbi1wcml2YWN5LXN0YWdpbmcteXQyN291Z3A0cS11Yy5hLnJ1bi5hcHAiCiAgICAgICAgand0X2F1ZGllbmNlOiAiaHR0cHM6Ly9yZXRpa29uLXByaXZhY3ktc3RhZ2luZy15dDI3b3VncDRxLXVjLmEucnVuLmFwcCIKICAgICAgICBwYXRoX3RyYW5zbGF0aW9uOiBBUFBFTkRfUEFUSF9UT19BRERSRVNTCiAgICAgIHJlc3BvbnNlczoKICAgICAgICAiMjAwIjoKICAgICAgICAgIGRlc2NyaXB0aW9uOiAiT0siCiAgICBkZWxldGU6CiAgICAgIG9wZXJhdGlvbklkOiBwcml2YWN5X3Byb3h5X2RlbGV0ZQogICAgICB4LWdvb2dsZS1iYWNrZW5kOgogICAgICAgIGFkZHJlc3M6ICJodHRwczovL3JldGlrb24tcHJpdmFjeS1zdGFnaW5nLXl0MjdvdWdwNHEtdWMuYS5ydW4uYXBwIgogICAgICAgIGp3dF9hdWRpZW5jZTogImh0dHBzOi8vcmV0aWtvbi1wcml2YWN5LXN0YWdpbmcteXQyN291Z3A0cS11Yy5hLnJ1bi5hcHAiCiAgICAgICAgcGF0aF90cmFuc2xhdGlvbjogQVBQRU5EX1BBVEhfVE9fQUREUkVTUwogICAgICByZXNwb25zZXM6CiAgICAgICAgIjIwMCI6CiAgICAgICAgICBkZXNjcmlwdGlvbjogIk9LIgogICAgb3B0aW9uczoKICAgICAgb3BlcmF0aW9uSWQ6IHByaXZhY3lfcHJveHlfb3B0aW9ucwogICAgICBzZWN1cml0eTogW10KICAgICAgeC1nb29nbGUtYmFja2VuZDoKICAgICAgICBhZGRyZXNzOiAiaHR0cHM6Ly9yZXRpa29uLXByaXZhY3ktc3RhZ2luZy15dDI3b3VncDRxLXVjLmEucnVuLmFwcCIKICAgICAgICBqd3RfYXVkaWVuY2U6ICJodHRwczovL3JldGlrb24tcHJpdmFjeS1zdGFnaW5nLXl0MjdvdWdwNHEtdWMuYS5ydW4uYXBwIgogICAgICAgIHBhdGhfdHJhbnNsYXRpb246IEFQUEVORF9QQVRIX1RPX0FERFJFU1MKICAgICAgcmVzcG9uc2VzOgogICAgICAgICIyMDAiOgogICAgICAgICAgZGVzY3JpcHRpb246ICJPSyIKICAvZmxlZXQ6CiAgICBnZXQ6CiAgICAgIG9wZXJhdGlvbklkOiBmbGVldF9nZXQKICAgICAgeC1nb29nbGUtYmFja2VuZDoKICAgICAgICBhZGRyZXNzOiAiaHR0cHM6Ly9yZXRpa29uLWZsZWV0LXN0YWdpbmcteXQyN291Z3A0cS11Yy5hLnJ1bi5hcHAiCiAgICAgICAgand0X2F1ZGllbmNlOiAiaHR0cHM6Ly9yZXRpa29uLWZsZWV0LXN0YWdpbmcteXQyN291Z3A0cS11Yy5hLnJ1bi5hcHAiCiAgICAgICAgcGF0aF90cmFuc2xhdGlvbjogQVBQRU5EX1BBVEhfVE9fQUREUkVTUwogICAgICByZXNwb25zZXM6CiAgICAgICAgIjIwMCI6CiAgICAgICAgICBkZXNjcmlwdGlvbjogIk9LIgogICAgcG9zdDoKICAgICAgb3BlcmF0aW9uSWQ6IGZsZWV0X3Bvc3QKICAgICAgeC1nb29nbGUtYmFja2VuZDoKICAgICAgICBhZGRyZXNzOiAiaHR0cHM6Ly9yZXRpa29uLWZsZWV0LXN0YWdpbmcteXQyN291Z3A0cS11Yy5hLnJ1bi5hcHAiCiAgICAgICAgand0X2F1ZGllbmNlOiAiaHR0cHM6Ly9yZXRpa29uLWZsZWV0LXN0YWdpbmcteXQyN291Z3A0cS11Yy5hLnJ1bi5hcHAiCiAgICAgICAgcGF0aF90cmFuc2xhdGlvbjogQVBQRU5EX1BBVEhfVE9fQUREUkVTUwogICAgICByZXNwb25zZXM6CiAgICAgICAgIjIwMCI6CiAgICAgICAgICBkZXNjcmlwdGlvbjogIk9LIgogICAgb3B0aW9uczoKICAgICAgb3BlcmF0aW9uSWQ6IGZsZWV0X29wdGlvbnMKICAgICAgc2VjdXJpdHk6IFtdCiAgICAgIHgtZ29vZ2xlLWJhY2tlbmQ6CiAgICAgICAgYWRkcmVzczogImh0dHBzOi8vcmV0aWtvbi1mbGVldC1zdGFnaW5nLXl0MjdvdWdwNHEtdWMuYS5ydW4uYXBwIgogICAgICAgIGp3dF9hdWRpZW5jZTogImh0dHBzOi8vcmV0aWtvbi1mbGVldC1zdGFnaW5nLXl0MjdvdWdwNHEtdWMuYS5ydW4uYXBwIgogICAgICAgIHBhdGhfdHJhbnNsYXRpb246IEFQUEVORF9QQVRIX1RPX0FERFJFU1MKICAgICAgcmVzcG9uc2VzOgogICAgICAgICIyMDAiOgogICAgICAgICAgZGVzY3JpcHRpb246ICJPSyIKICAvZmxlZXQve3Byb3h5fToKICAgIHBhcmFtZXRlcnM6CiAgICAgIC0gbmFtZTogcHJveHkKICAgICAgICBpbjogcGF0aAogICAgICAgIHJlcXVpcmVkOiB0cnVlCiAgICAgICAgdHlwZTogc3RyaW5nCiAgICBnZXQ6CiAgICAgIG9wZXJhdGlvbklkOiBmbGVldF9wcm94eV9nZXQKICAgICAgeC1nb29nbGUtYmFja2VuZDoKICAgICAgICBhZGRyZXNzOiAiaHR0cHM6Ly9yZXRpa29uLWZsZWV0LXN0YWdpbmcteXQyN291Z3A0cS11Yy5hLnJ1bi5hcHAiCiAgICAgICAgand0X2F1ZGllbmNlOiAiaHR0cHM6Ly9yZXRpa29uLWZsZWV0LXN0YWdpbmcteXQyN291Z3A0cS11Yy5hLnJ1bi5hcHAiCiAgICAgICAgcGF0aF90cmFuc2xhdGlvbjogQVBQRU5EX1BBVEhfVE9fQUREUkVTUwogICAgICByZXNwb25zZXM6CiAgICAgICAgIjIwMCI6CiAgICAgICAgICBkZXNjcmlwdGlvbjogIk9LIgogICAgcG9zdDoKICAgICAgb3BlcmF0aW9uSWQ6IGZsZWV0X3Byb3h5X3Bvc3QKICAgICAgeC1nb29nbGUtYmFja2VuZDoKICAgICAgICBhZGRyZXNzOiAiaHR0cHM6Ly9yZXRpa29uLWZsZWV0LXN0YWdpbmcteXQyN291Z3A0cS11Yy5hLnJ1bi5hcHAiCiAgICAgICAgand0X2F1ZGllbmNlOiAiaHR0cHM6Ly9yZXRpa29uLWZsZWV0LXN0YWdpbmcteXQyN291Z3A0cS11Yy5hLnJ1bi5hcHAiCiAgICAgICAgcGF0aF90cmFuc2xhdGlvbjogQVBQRU5EX1BBVEhfVE9fQUREUkVTUwogICAgICByZXNwb25zZXM6CiAgICAgICAgIjIwMCI6CiAgICAgICAgICBkZXNjcmlwdGlvbjogIk9LIgogICAgcHV0OgogICAgICBvcGVyYXRpb25JZDogZmxlZXRfcHJveHlfcHV0CiAgICAgIHgtZ29vZ2xlLWJhY2tlbmQ6CiAgICAgICAgYWRkcmVzczogImh0dHBzOi8vcmV0aWtvbi1mbGVldC1zdGFnaW5nLXl0MjdvdWdwNHEtdWMuYS5ydW4uYXBwIgogICAgICAgIGp3dF9hdWRpZW5jZTogImh0dHBzOi8vcmV0aWtvbi1mbGVldC1zdGFnaW5nLXl0MjdvdWdwNHEtdWMuYS5ydW4uYXBwIgogICAgICAgIHBhdGhfdHJhbnNsYXRpb246IEFQUEVORF9QQVRIX1RPX0FERFJFU1MKICAgICAgcmVzcG9uc2VzOgogICAgICAgICIyMDAiOgogICAgICAgICAgZGVzY3JpcHRpb246ICJPSyIKICAgIHBhdGNoOgogICAgICBvcGVyYXRpb25JZDogZmxlZXRfcHJveHlfcGF0Y2gKICAgICAgeC1nb29nbGUtYmFja2VuZDoKICAgICAgICBhZGRyZXNzOiAiaHR0cHM6Ly9yZXRpa29uLWZsZWV0LXN0YWdpbmcteXQyN291Z3A0cS11Yy5hLnJ1bi5hcHAiCiAgICAgICAgand0X2F1ZGllbmNlOiAiaHR0cHM6Ly9yZXRpa29uLWZsZWV0LXN0YWdpbmcteXQyN291Z3A0cS11Yy5hLnJ1bi5hcHAiCiAgICAgICAgcGF0aF90cmFuc2xhdGlvbjogQVBQRU5EX1BBVEhfVE9fQUREUkVTUwogICAgICByZXNwb25zZXM6CiAgICAgICAgIjIwMCI6CiAgICAgICAgICBkZXNjcmlwdGlvbjogIk9LIgogICAgZGVsZXRlOgogICAgICBvcGVyYXRpb25JZDogZmxlZXRfcHJveHlfZGVsZXRlCiAgICAgIHgtZ29vZ2xlLWJhY2tlbmQ6CiAgICAgICAgYWRkcmVzczogImh0dHBzOi8vcmV0aWtvbi1mbGVldC1zdGFnaW5nLXl0MjdvdWdwNHEtdWMuYS5ydW4uYXBwIgogICAgICAgIGp3dF9hdWRpZW5jZTogImh0dHBzOi8vcmV0aWtvbi1mbGVldC1zdGFnaW5nLXl0MjdvdWdwNHEtdWMuYS5ydW4uYXBwIgogICAgICAgIHBhdGhfdHJhbnNsYXRpb246IEFQUEVORF9QQVRIX1RPX0FERFJFU1MKICAgICAgcmVzcG9uc2VzOgogICAgICAgICIyMDAiOgogICAgICAgICAgZGVzY3JpcHRpb246ICJPSyIKICAgIG9wdGlvbnM6CiAgICAgIG9wZXJhdGlvbklkOiBmbGVldF9wcm94eV9vcHRpb25zCiAgICAgIHNlY3VyaXR5OiBbXQogICAgICB4LWdvb2dsZS1iYWNrZW5kOgogICAgICAgIGFkZHJlc3M6ICJodHRwczovL3JldGlrb24tZmxlZXQtc3RhZ2luZy15dDI3b3VncDRxLXVjLmEucnVuLmFwcCIKICAgICAgICBqd3RfYXVkaWVuY2U6ICJodHRwczovL3JldGlrb24tZmxlZXQtc3RhZ2luZy15dDI3b3VncDRxLXVjLmEucnVuLmFwcCIKICAgICAgICBwYXRoX3RyYW5zbGF0aW9uOiBBUFBFTkRfUEFUSF9UT19BRERSRVNTCiAgICAgIHJlc3BvbnNlczoKICAgICAgICAiMjAwIjoKICAgICAgICAgIGRlc2NyaXB0aW9uOiAiT0siCiAgL2RhdGEtZmFjdG9yeToKICAgIGdldDoKICAgICAgb3BlcmF0aW9uSWQ6IGRhdGFfZmFjdG9yeV9nZXQKICAgICAgeC1nb29nbGUtYmFja2VuZDoKICAgICAgICBhZGRyZXNzOiAiaHR0cHM6Ly9yZXRpa29uLWRhdGEtZmFjdG9yeS1zdGFnaW5nLXl0MjdvdWdwNHEtdWMuYS5ydW4uYXBwIgogICAgICAgIGp3dF9hdWRpZW5jZTogImh0dHBzOi8vcmV0aWtvbi1kYXRhLWZhY3Rvcnktc3RhZ2luZy15dDI3b3VncDRxLXVjLmEucnVuLmFwcCIKICAgICAgICBwYXRoX3RyYW5zbGF0aW9uOiBBUFBFTkRfUEFUSF9UT19BRERSRVNTCiAgICAgIHJlc3BvbnNlczoKICAgICAgICAiMjAwIjoKICAgICAgICAgIGRlc2NyaXB0aW9uOiAiT0siCiAgICBwb3N0OgogICAgICBvcGVyYXRpb25JZDogZGF0YV9mYWN0b3J5X3Bvc3QKICAgICAgeC1nb29nbGUtYmFja2VuZDoKICAgICAgICBhZGRyZXNzOiAiaHR0cHM6Ly9yZXRpa29uLWRhdGEtZmFjdG9yeS1zdGFnaW5nLXl0MjdvdWdwNHEtdWMuYS5ydW4uYXBwIgogICAgICAgIGp3dF9hdWRpZW5jZTogImh0dHBzOi8vcmV0aWtvbi1kYXRhLWZhY3Rvcnktc3RhZ2luZy15dDI3b3VncDRxLXVjLmEucnVuLmFwcCIKICAgICAgICBwYXRoX3RyYW5zbGF0aW9uOiBBUFBFTkRfUEFUSF9UT19BRERSRVNTCiAgICAgIHJlc3BvbnNlczoKICAgICAgICAiMjAwIjoKICAgICAgICAgIGRlc2NyaXB0aW9uOiAiT0siCiAgICBvcHRpb25zOgogICAgICBvcGVyYXRpb25JZDogZGF0YV9mYWN0b3J5X29wdGlvbnMKICAgICAgc2VjdXJpdHk6IFtdCiAgICAgIHgtZ29vZ2xlLWJhY2tlbmQ6CiAgICAgICAgYWRkcmVzczogImh0dHBzOi8vcmV0aWtvbi1kYXRhLWZhY3Rvcnktc3RhZ2luZy15dDI3b3VncDRxLXVjLmEucnVuLmFwcCIKICAgICAgICBqd3RfYXVkaWVuY2U6ICJodHRwczovL3JldGlrb24tZGF0YS1mYWN0b3J5LXN0YWdpbmcteXQyN291Z3A0cS11Yy5hLnJ1bi5hcHAiCiAgICAgICAgcGF0aF90cmFuc2xhdGlvbjogQVBQRU5EX1BBVEhfVE9fQUREUkVTUwogICAgICByZXNwb25zZXM6CiAgICAgICAgIjIwMCI6CiAgICAgICAgICBkZXNjcmlwdGlvbjogIk9LIgogIC9kYXRhLWZhY3Rvcnkve3Byb3h5fToKICAgIHBhcmFtZXRlcnM6CiAgICAgIC0gbmFtZTogcHJveHkKICAgICAgICBpbjogcGF0aAogICAgICAgIHJlcXVpcmVkOiB0cnVlCiAgICAgICAgdHlwZTogc3RyaW5nCiAgICBnZXQ6CiAgICAgIG9wZXJhdGlvbklkOiBkYXRhX2ZhY3RvcnlfcHJveHlfZ2V0CiAgICAgIHgtZ29vZ2xlLWJhY2tlbmQ6CiAgICAgICAgYWRkcmVzczogImh0dHBzOi8vcmV0aWtvbi1kYXRhLWZhY3Rvcnktc3RhZ2luZy15dDI3b3VncDRxLXVjLmEucnVuLmFwcCIKICAgICAgICBqd3RfYXVkaWVuY2U6ICJodHRwczovL3JldGlrb24tZGF0YS1mYWN0b3J5LXN0YWdpbmcteXQyN291Z3A0cS11Yy5hLnJ1bi5hcHAiCiAgICAgICAgcGF0aF90cmFuc2xhdGlvbjogQVBQRU5EX1BBVEhfVE9fQUREUkVTUwogICAgICByZXNwb25zZXM6CiAgICAgICAgIjIwMCI6CiAgICAgICAgICBkZXNjcmlwdGlvbjogIk9LIgogICAgcG9zdDoKICAgICAgb3BlcmF0aW9uSWQ6IGRhdGFfZmFjdG9yeV9wcm94eV9wb3N0CiAgICAgIHgtZ29vZ2xlLWJhY2tlbmQ6CiAgICAgICAgYWRkcmVzczogImh0dHBzOi8vcmV0aWtvbi1kYXRhLWZhY3Rvcnktc3RhZ2luZy15dDI3b3VncDRxLXVjLmEucnVuLmFwcCIKICAgICAgICBqd3RfYXVkaWVuY2U6ICJodHRwczovL3JldGlrb24tZGF0YS1mYWN0b3J5LXN0YWdpbmcteXQyN291Z3A0cS11Yy5hLnJ1bi5hcHAiCiAgICAgICAgcGF0aF90cmFuc2xhdGlvbjogQVBQRU5EX1BBVEhfVE9fQUREUkVTUwogICAgICByZXNwb25zZXM6CiAgICAgICAgIjIwMCI6CiAgICAgICAgICBkZXNjcmlwdGlvbjogIk9LIgogICAgcHV0OgogICAgICBvcGVyYXRpb25JZDogZGF0YV9mYWN0b3J5X3Byb3h5X3B1dAogICAgICB4LWdvb2dsZS1iYWNrZW5kOgogICAgICAgIGFkZHJlc3M6ICJodHRwczovL3JldGlrb24tZGF0YS1mYWN0b3J5LXN0YWdpbmcteXQyN291Z3A0cS11Yy5hLnJ1bi5hcHAiCiAgICAgICAgand0X2F1ZGllbmNlOiAiaHR0cHM6Ly9yZXRpa29uLWRhdGEtZmFjdG9yeS1zdGFnaW5nLXl0MjdvdWdwNHEtdWMuYS5ydW4uYXBwIgogICAgICAgIHBhdGhfdHJhbnNsYXRpb246IEFQUEVORF9QQVRIX1RPX0FERFJFU1MKICAgICAgcmVzcG9uc2VzOgogICAgICAgICIyMDAiOgogICAgICAgICAgZGVzY3JpcHRpb246ICJPSyIKICAgIHBhdGNoOgogICAgICBvcGVyYXRpb25JZDogZGF0YV9mYWN0b3J5X3Byb3h5X3BhdGNoCiAgICAgIHgtZ29vZ2xlLWJhY2tlbmQ6CiAgICAgICAgYWRkcmVzczogImh0dHBzOi8vcmV0aWtvbi1kYXRhLWZhY3Rvcnktc3RhZ2luZy15dDI3b3VncDRxLXVjLmEucnVuLmFwcCIKICAgICAgICBqd3RfYXVkaWVuY2U6ICJodHRwczovL3JldGlrb24tZGF0YS1mYWN0b3J5LXN0YWdpbmcteXQyN291Z3A0cS11Yy5hLnJ1bi5hcHAiCiAgICAgICAgcGF0aF90cmFuc2xhdGlvbjogQVBQRU5EX1BBVEhfVE9fQUREUkVTUwogICAgICByZXNwb25zZXM6CiAgICAgICAgIjIwMCI6CiAgICAgICAgICBkZXNjcmlwdGlvbjogIk9LIgogICAgZGVsZXRlOgogICAgICBvcGVyYXRpb25JZDogZGF0YV9mYWN0b3J5X3Byb3h5X2RlbGV0ZQogICAgICB4LWdvb2dsZS1iYWNrZW5kOgogICAgICAgIGFkZHJlc3M6ICJodHRwczovL3JldGlrb24tZGF0YS1mYWN0b3J5LXN0YWdpbmcteXQyN291Z3A0cS11Yy5hLnJ1bi5hcHAiCiAgICAgICAgand0X2F1ZGllbmNlOiAiaHR0cHM6Ly9yZXRpa29uLWRhdGEtZmFjdG9yeS1zdGFnaW5nLXl0MjdvdWdwNHEtdWMuYS5ydW4uYXBwIgogICAgICAgIHBhdGhfdHJhbnNsYXRpb246IEFQUEVORF9QQVRIX1RPX0FERFJFU1MKICAgICAgcmVzcG9uc2VzOgogICAgICAgICIyMDAiOgogICAgICAgICAgZGVzY3JpcHRpb246ICJPSyIKICAgIG9wdGlvbnM6CiAgICAgIG9wZXJhdGlvbklkOiBkYXRhX2ZhY3RvcnlfcHJveHlfb3B0aW9ucwogICAgICBzZWN1cml0eTogW10KICAgICAgeC1nb29nbGUtYmFja2VuZDoKICAgICAgICBhZGRyZXNzOiAiaHR0cHM6Ly9yZXRpa29uLWRhdGEtZmFjdG9yeS1zdGFnaW5nLXl0MjdvdWdwNHEtdWMuYS5ydW4uYXBwIgogICAgICAgIGp3dF9hdWRpZW5jZTogImh0dHBzOi8vcmV0aWtvbi1kYXRhLWZhY3Rvcnktc3RhZ2luZy15dDI3b3VncDRxLXVjLmEucnVuLmFwcCIKICAgICAgICBwYXRoX3RyYW5zbGF0aW9uOiBBUFBFTkRfUEFUSF9UT19BRERSRVNTCiAgICAgIHJlc3BvbnNlczoKICAgICAgICAiMjAwIjoKICAgICAgICAgIGRlc2NyaXB0aW9uOiAiT0siCiAgL2F1ZGl0OgogICAgZ2V0OgogICAgICBvcGVyYXRpb25JZDogYXVkaXRfZ2V0CiAgICAgIHgtZ29vZ2xlLWJhY2tlbmQ6CiAgICAgICAgYWRkcmVzczogImh0dHBzOi8vcmV0aWtvbi1hdWRpdC1zdGFnaW5nLXl0MjdvdWdwNHEtdWMuYS5ydW4uYXBwIgogICAgICAgIGp3dF9hdWRpZW5jZTogImh0dHBzOi8vcmV0aWtvbi1hdWRpdC1zdGFnaW5nLXl0MjdvdWdwNHEtdWMuYS5ydW4uYXBwIgogICAgICAgIHBhdGhfdHJhbnNsYXRpb246IEFQUEVORF9QQVRIX1RPX0FERFJFU1MKICAgICAgICBkZWFkbGluZTogMTIwLjAKICAgICAgcmVzcG9uc2VzOgogICAgICAgICIyMDAiOgogICAgICAgICAgZGVzY3JpcHRpb246ICJPSyIKICAgIG9wdGlvbnM6CiAgICAgIG9wZXJhdGlvbklkOiBhdWRpdF9vcHRpb25zCiAgICAgIHNlY3VyaXR5OiBbXQogICAgICB4LWdvb2dsZS1iYWNrZW5kOgogICAgICAgIGFkZHJlc3M6ICJodHRwczovL3JldGlrb24tYXVkaXQtc3RhZ2luZy15dDI3b3VncDRxLXVjLmEucnVuLmFwcCIKICAgICAgICBqd3RfYXVkaWVuY2U6ICJodHRwczovL3JldGlrb24tYXVkaXQtc3RhZ2luZy15dDI3b3VncDRxLXVjLmEucnVuLmFwcCIKICAgICAgICBwYXRoX3RyYW5zbGF0aW9uOiBBUFBFTkRfUEFUSF9UT19BRERSRVNTCiAgICAgIHJlc3BvbnNlczoKICAgICAgICAiMjAwIjoKICAgICAgICAgIGRlc2NyaXB0aW9uOiAiT0siCiAgL2F1ZGl0L3twcm94eX06CiAgICBwYXJhbWV0ZXJzOgogICAgICAtIG5hbWU6IHByb3h5CiAgICAgICAgaW46IHBhdGgKICAgICAgICByZXF1aXJlZDogdHJ1ZQogICAgICAgIHR5cGU6IHN0cmluZwogICAgZ2V0OgogICAgICBvcGVyYXRpb25JZDogYXVkaXRfcHJveHlfZ2V0CiAgICAgIHgtZ29vZ2xlLWJhY2tlbmQ6CiAgICAgICAgYWRkcmVzczogImh0dHBzOi8vcmV0aWtvbi1hdWRpdC1zdGFnaW5nLXl0MjdvdWdwNHEtdWMuYS5ydW4uYXBwIgogICAgICAgIGp3dF9hdWRpZW5jZTogImh0dHBzOi8vcmV0aWtvbi1hdWRpdC1zdGFnaW5nLXl0MjdvdWdwNHEtdWMuYS5ydW4uYXBwIgogICAgICAgIHBhdGhfdHJhbnNsYXRpb246IEFQUEVORF9QQVRIX1RPX0FERFJFU1MKICAgICAgICBkZWFkbGluZTogMTIwLjAKICAgICAgcmVzcG9uc2VzOgogICAgICAgICIyMDAiOgogICAgICAgICAgZGVzY3JpcHRpb246ICJPSyIKICAgIG9wdGlvbnM6CiAgICAgIG9wZXJhdGlvbklkOiBhdWRpdF9wcm94eV9vcHRpb25zCiAgICAgIHNlY3VyaXR5OiBbXQogICAgICB4LWdvb2dsZS1iYWNrZW5kOgogICAgICAgIGFkZHJlc3M6ICJodHRwczovL3JldGlrb24tYXVkaXQtc3RhZ2luZy15dDI3b3VncDRxLXVjLmEucnVuLmFwcCIKICAgICAgICBqd3RfYXVkaWVuY2U6ICJodHRwczovL3JldGlrb24tYXVkaXQtc3RhZ2luZy15dDI3b3VncDRxLXVjLmEucnVuLmFwcCIKICAgICAgICBwYXRoX3RyYW5zbGF0aW9uOiBBUFBFTkRfUEFUSF9UT19BRERSRVNTCiAgICAgIHJlc3BvbnNlczoKICAgICAgICAiMjAwIjoKICAgICAgICAgIGRlc2NyaXB0aW9uOiAiT0siCiAgL2FjY2VzczoKICAgIGdldDoKICAgICAgb3BlcmF0aW9uSWQ6IGFjY2Vzc19nZXQKICAgICAgeC1nb29nbGUtYmFja2VuZDoKICAgICAgICBhZGRyZXNzOiAiaHR0cHM6Ly9yZXRpa29uLWF1ZGl0LXN0YWdpbmcteXQyN291Z3A0cS11Yy5hLnJ1bi5hcHAiCiAgICAgICAgand0X2F1ZGllbmNlOiAiaHR0cHM6Ly9yZXRpa29uLWF1ZGl0LXN0YWdpbmcteXQyN291Z3A0cS11Yy5hLnJ1bi5hcHAiCiAgICAgICAgcGF0aF90cmFuc2xhdGlvbjogQVBQRU5EX1BBVEhfVE9fQUREUkVTUwogICAgICAgIGRlYWRsaW5lOiAxMjAuMAogICAgICByZXNwb25zZXM6CiAgICAgICAgIjIwMCI6CiAgICAgICAgICBkZXNjcmlwdGlvbjogIk9LIgogICAgb3B0aW9uczoKICAgICAgb3BlcmF0aW9uSWQ6IGFjY2Vzc19vcHRpb25zCiAgICAgIHNlY3VyaXR5OiBbXQogICAgICB4LWdvb2dsZS1iYWNrZW5kOgogICAgICAgIGFkZHJlc3M6ICJodHRwczovL3JldGlrb24tYXVkaXQtc3RhZ2luZy15dDI3b3VncDRxLXVjLmEucnVuLmFwcCIKICAgICAgICBqd3RfYXVkaWVuY2U6ICJodHRwczovL3JldGlrb24tYXVkaXQtc3RhZ2luZy15dDI3b3VncDRxLXVjLmEucnVuLmFwcCIKICAgICAgICBwYXRoX3RyYW5zbGF0aW9uOiBBUFBFTkRfUEFUSF9UT19BRERSRVNTCiAgICAgIHJlc3BvbnNlczoKICAgICAgICAiMjAwIjoKICAgICAgICAgIGRlc2NyaXB0aW9uOiAiT0siCiAgL2FjY2Vzcy97cHJveHl9OgogICAgcGFyYW1ldGVyczoKICAgICAgLSBuYW1lOiBwcm94eQogICAgICAgIGluOiBwYXRoCiAgICAgICAgcmVxdWlyZWQ6IHRydWUKICAgICAgICB0eXBlOiBzdHJpbmcKICAgIGdldDoKICAgICAgb3BlcmF0aW9uSWQ6IGFjY2Vzc19wcm94eV9nZXQKICAgICAgeC1nb29nbGUtYmFja2VuZDoKICAgICAgICBhZGRyZXNzOiAiaHR0cHM6Ly9yZXRpa29uLWF1ZGl0LXN0YWdpbmcteXQyN291Z3A0cS11Yy5hLnJ1bi5hcHAiCiAgICAgICAgand0X2F1ZGllbmNlOiAiaHR0cHM6Ly9yZXRpa29uLWF1ZGl0LXN0YWdpbmcteXQyN291Z3A0cS11Yy5hLnJ1bi5hcHAiCiAgICAgICAgcGF0aF90cmFuc2xhdGlvbjogQVBQRU5EX1BBVEhfVE9fQUREUkVTUwogICAgICAgIGRlYWRsaW5lOiAxMjAuMAogICAgICByZXNwb25zZXM6CiAgICAgICAgIjIwMCI6CiAgICAgICAgICBkZXNjcmlwdGlvbjogIk9LIgogIC93ZWJob29rczoKICAgIGdldDoKICAgICAgb3BlcmF0aW9uSWQ6IHdlYmhvb2tzX2dldAogICAgICB4LWdvb2dsZS1iYWNrZW5kOgogICAgICAgIGFkZHJlc3M6ICJodHRwczovL3JldGlrb24td2ViaG9va3Mtc3RhZ2luZy15dDI3b3VncDRxLXVjLmEucnVuLmFwcCIKICAgICAgICBqd3RfYXVkaWVuY2U6ICJodHRwczovL3JldGlrb24td2ViaG9va3Mtc3RhZ2luZy15dDI3b3VncDRxLXVjLmEucnVuLmFwcCIKICAgICAgICBwYXRoX3RyYW5zbGF0aW9uOiBBUFBFTkRfUEFUSF9UT19BRERSRVNTCiAgICAgIHJlc3BvbnNlczoKICAgICAgICAiMjAwIjoKICAgICAgICAgIGRlc2NyaXB0aW9uOiAiT0siCiAgICBwb3N0OgogICAgICBvcGVyYXRpb25JZDogd2ViaG9va3NfcG9zdAogICAgICB4LWdvb2dsZS1iYWNrZW5kOgogICAgICAgIGFkZHJlc3M6ICJodHRwczovL3JldGlrb24td2ViaG9va3Mtc3RhZ2luZy15dDI3b3VncDRxLXVjLmEucnVuLmFwcCIKICAgICAgICBqd3RfYXVkaWVuY2U6ICJodHRwczovL3JldGlrb24td2ViaG9va3Mtc3RhZ2luZy15dDI3b3VncDRxLXVjLmEucnVuLmFwcCIKICAgICAgICBwYXRoX3RyYW5zbGF0aW9uOiBBUFBFTkRfUEFUSF9UT19BRERSRVNTCiAgICAgIHJlc3BvbnNlczoKICAgICAgICAiMjAwIjoKICAgICAgICAgIGRlc2NyaXB0aW9uOiAiT0siCiAgICBvcHRpb25zOgogICAgICBvcGVyYXRpb25JZDogd2ViaG9va3Nfb3B0aW9ucwogICAgICBzZWN1cml0eTogW10KICAgICAgeC1nb29nbGUtYmFja2VuZDoKICAgICAgICBhZGRyZXNzOiAiaHR0cHM6Ly9yZXRpa29uLXdlYmhvb2tzLXN0YWdpbmcteXQyN291Z3A0cS11Yy5hLnJ1bi5hcHAiCiAgICAgICAgand0X2F1ZGllbmNlOiAiaHR0cHM6Ly9yZXRpa29uLXdlYmhvb2tzLXN0YWdpbmcteXQyN291Z3A0cS11Yy5hLnJ1bi5hcHAiCiAgICAgICAgcGF0aF90cmFuc2xhdGlvbjogQVBQRU5EX1BBVEhfVE9fQUREUkVTUwogICAgICByZXNwb25zZXM6CiAgICAgICAgIjIwMCI6CiAgICAgICAgICBkZXNjcmlwdGlvbjogIk9LIgogIC93ZWJob29rcy97cHJveHl9OgogICAgcGFyYW1ldGVyczoKICAgICAgLSBuYW1lOiBwcm94eQogICAgICAgIGluOiBwYXRoCiAgICAgICAgcmVxdWlyZWQ6IHRydWUKICAgICAgICB0eXBlOiBzdHJpbmcKICAgIGdldDoKICAgICAgb3BlcmF0aW9uSWQ6IHdlYmhvb2tzX3Byb3h5X2dldAogICAgICB4LWdvb2dsZS1iYWNrZW5kOgogICAgICAgIGFkZHJlc3M6ICJodHRwczovL3JldGlrb24td2ViaG9va3Mtc3RhZ2luZy15dDI3b3VncDRxLXVjLmEucnVuLmFwcCIKICAgICAgICBqd3RfYXVkaWVuY2U6ICJodHRwczovL3JldGlrb24td2ViaG9va3Mtc3RhZ2luZy15dDI3b3VncDRxLXVjLmEucnVuLmFwcCIKICAgICAgICBwYXRoX3RyYW5zbGF0aW9uOiBBUFBFTkRfUEFUSF9UT19BRERSRVNTCiAgICAgIHJlc3BvbnNlczoKICAgICAgICAiMjAwIjoKICAgICAgICAgIGRlc2NyaXB0aW9uOiAiT0siCiAgICBwb3N0OgogICAgICBvcGVyYXRpb25JZDogd2ViaG9va3NfcHJveHlfcG9zdAogICAgICB4LWdvb2dsZS1iYWNrZW5kOgogICAgICAgIGFkZHJlc3M6ICJodHRwczovL3JldGlrb24td2ViaG9va3Mtc3RhZ2luZy15dDI3b3VncDRxLXVjLmEucnVuLmFwcCIKICAgICAgICBqd3RfYXVkaWVuY2U6ICJodHRwczovL3JldGlrb24td2ViaG9va3Mtc3RhZ2luZy15dDI3b3VncDRxLXVjLmEucnVuLmFwcCIKICAgICAgICBwYXRoX3RyYW5zbGF0aW9uOiBBUFBFTkRfUEFUSF9UT19BRERSRVNTCiAgICAgIHJlc3BvbnNlczoKICAgICAgICAiMjAwIjoKICAgICAgICAgIGRlc2NyaXB0aW9uOiAiT0siCiAgICBwdXQ6CiAgICAgIG9wZXJhdGlvbklkOiB3ZWJob29rc19wcm94eV9wdXQKICAgICAgeC1nb29nbGUtYmFja2VuZDoKICAgICAgICBhZGRyZXNzOiAiaHR0cHM6Ly9yZXRpa29uLXdlYmhvb2tzLXN0YWdpbmcteXQyN291Z3A0cS11Yy5hLnJ1bi5hcHAiCiAgICAgICAgand0X2F1ZGllbmNlOiAiaHR0cHM6Ly9yZXRpa29uLXdlYmhvb2tzLXN0YWdpbmcteXQyN291Z3A0cS11Yy5hLnJ1bi5hcHAiCiAgICAgICAgcGF0aF90cmFuc2xhdGlvbjogQVBQRU5EX1BBVEhfVE9fQUREUkVTUwogICAgICByZXNwb25zZXM6CiAgICAgICAgIjIwMCI6CiAgICAgICAgICBkZXNjcmlwdGlvbjogIk9LIgogICAgcGF0Y2g6CiAgICAgIG9wZXJhdGlvbklkOiB3ZWJob29rc19wcm94eV9wYXRjaAogICAgICB4LWdvb2dsZS1iYWNrZW5kOgogICAgICAgIGFkZHJlc3M6ICJodHRwczovL3JldGlrb24td2ViaG9va3Mtc3RhZ2luZy15dDI3b3VncDRxLXVjLmEucnVuLmFwcCIKICAgICAgICBqd3RfYXVkaWVuY2U6ICJodHRwczovL3JldGlrb24td2ViaG9va3Mtc3RhZ2luZy15dDI3b3VncDRxLXVjLmEucnVuLmFwcCIKICAgICAgICBwYXRoX3RyYW5zbGF0aW9uOiBBUFBFTkRfUEFUSF9UT19BRERSRVNTCiAgICAgIHJlc3BvbnNlczoKICAgICAgICAiMjAwIjoKICAgICAgICAgIGRlc2NyaXB0aW9uOiAiT0siCiAgICBkZWxldGU6CiAgICAgIG9wZXJhdGlvbklkOiB3ZWJob29rc19wcm94eV9kZWxldGUKICAgICAgeC1nb29nbGUtYmFja2VuZDoKICAgICAgICBhZGRyZXNzOiAiaHR0cHM6Ly9yZXRpa29uLXdlYmhvb2tzLXN0YWdpbmcteXQyN291Z3A0cS11Yy5hLnJ1bi5hcHAiCiAgICAgICAgand0X2F1ZGllbmNlOiAiaHR0cHM6Ly9yZXRpa29uLXdlYmhvb2tzLXN0YWdpbmcteXQyN291Z3A0cS11Yy5hLnJ1bi5hcHAiCiAgICAgICAgcGF0aF90cmFuc2xhdGlvbjogQVBQRU5EX1BBVEhfVE9fQUREUkVTUwogICAgICByZXNwb25zZXM6CiAgICAgICAgIjIwMCI6CiAgICAgICAgICBkZXNjcmlwdGlvbjogIk9LIgogICAgb3B0aW9uczoKICAgICAgb3BlcmF0aW9uSWQ6IHdlYmhvb2tzX3Byb3h5X29wdGlvbnMKICAgICAgc2VjdXJpdHk6IFtdCiAgICAgIHgtZ29vZ2xlLWJhY2tlbmQ6CiAgICAgICAgYWRkcmVzczogImh0dHBzOi8vcmV0aWtvbi13ZWJob29rcy1zdGFnaW5nLXl0MjdvdWdwNHEtdWMuYS5ydW4uYXBwIgogICAgICAgIGp3dF9hdWRpZW5jZTogImh0dHBzOi8vcmV0aWtvbi13ZWJob29rcy1zdGFnaW5nLXl0MjdvdWdwNHEtdWMuYS5ydW4uYXBwIgogICAgICAgIHBhdGhfdHJhbnNsYXRpb246IEFQUEVORF9QQVRIX1RPX0FERFJFU1MKICAgICAgcmVzcG9uc2VzOgogICAgICAgICIyMDAiOgogICAgICAgICAgZGVzY3JpcHRpb246ICJPSyIKICAvYWxlcnRzOgogICAgZ2V0OgogICAgICBvcGVyYXRpb25JZDogYWxlcnRzX2dldAogICAgICB4LWdvb2dsZS1iYWNrZW5kOgogICAgICAgIGFkZHJlc3M6ICJodHRwczovL3JldGlrb24td2ViaG9va3Mtc3RhZ2luZy15dDI3b3VncDRxLXVjLmEucnVuLmFwcCIKICAgICAgICBqd3RfYXVkaWVuY2U6ICJodHRwczovL3JldGlrb24td2ViaG9va3Mtc3RhZ2luZy15dDI3b3VncDRxLXVjLmEucnVuLmFwcCIKICAgICAgICBwYXRoX3RyYW5zbGF0aW9uOiBBUFBFTkRfUEFUSF9UT19BRERSRVNTCiAgICAgIHJlc3BvbnNlczoKICAgICAgICAiMjAwIjoKICAgICAgICAgIGRlc2NyaXB0aW9uOiAiT0siCiAgICBwb3N0OgogICAgICBvcGVyYXRpb25JZDogYWxlcnRzX3Bvc3QKICAgICAgeC1nb29nbGUtYmFja2VuZDoKICAgICAgICBhZGRyZXNzOiAiaHR0cHM6Ly9yZXRpa29uLXdlYmhvb2tzLXN0YWdpbmcteXQyN291Z3A0cS11Yy5hLnJ1bi5hcHAiCiAgICAgICAgand0X2F1ZGllbmNlOiAiaHR0cHM6Ly9yZXRpa29uLXdlYmhvb2tzLXN0YWdpbmcteXQyN291Z3A0cS11Yy5hLnJ1bi5hcHAiCiAgICAgICAgcGF0aF90cmFuc2xhdGlvbjogQVBQRU5EX1BBVEhfVE9fQUREUkVTUwogICAgICByZXNwb25zZXM6CiAgICAgICAgIjIwMCI6CiAgICAgICAgICBkZXNjcmlwdGlvbjogIk9LIgogICAgb3B0aW9uczoKICAgICAgb3BlcmF0aW9uSWQ6IGFsZXJ0c19vcHRpb25zCiAgICAgIHNlY3VyaXR5OiBbXQogICAgICB4LWdvb2dsZS1iYWNrZW5kOgogICAgICAgIGFkZHJlc3M6ICJodHRwczovL3JldGlrb24td2ViaG9va3Mtc3RhZ2luZy15dDI3b3VncDRxLXVjLmEucnVuLmFwcCIKICAgICAgICBqd3RfYXVkaWVuY2U6ICJodHRwczovL3JldGlrb24td2ViaG9va3Mtc3RhZ2luZy15dDI3b3VncDRxLXVjLmEucnVuLmFwcCIKICAgICAgICBwYXRoX3RyYW5zbGF0aW9uOiBBUFBFTkRfUEFUSF9UT19BRERSRVNTCiAgICAgIHJlc3BvbnNlczoKICAgICAgICAiMjAwIjoKICAgICAgICAgIGRlc2NyaXB0aW9uOiAiT0siCiAgL2FsZXJ0cy97cHJveHl9OgogICAgcGFyYW1ldGVyczoKICAgICAgLSBuYW1lOiBwcm94eQogICAgICAgIGluOiBwYXRoCiAgICAgICAgcmVxdWlyZWQ6IHRydWUKICAgICAgICB0eXBlOiBzdHJpbmcKICAgIGdldDoKICAgICAgb3BlcmF0aW9uSWQ6IGFsZXJ0c19wcm94eV9nZXQKICAgICAgeC1nb29nbGUtYmFja2VuZDoKICAgICAgICBhZGRyZXNzOiAiaHR0cHM6Ly9yZXRpa29uLXdlYmhvb2tzLXN0YWdpbmcteXQyN291Z3A0cS11Yy5hLnJ1bi5hcHAiCiAgICAgICAgand0X2F1ZGllbmNlOiAiaHR0cHM6Ly9yZXRpa29uLXdlYmhvb2tzLXN0YWdpbmcteXQyN291Z3A0cS11Yy5hLnJ1bi5hcHAiCiAgICAgICAgcGF0aF90cmFuc2xhdGlvbjogQVBQRU5EX1BBVEhfVE9fQUREUkVTUwogICAgICByZXNwb25zZXM6CiAgICAgICAgIjIwMCI6CiAgICAgICAgICBkZXNjcmlwdGlvbjogIk9LIgogICAgcG9zdDoKICAgICAgb3BlcmF0aW9uSWQ6IGFsZXJ0c19wcm94eV9wb3N0CiAgICAgIHgtZ29vZ2xlLWJhY2tlbmQ6CiAgICAgICAgYWRkcmVzczogImh0dHBzOi8vcmV0aWtvbi13ZWJob29rcy1zdGFnaW5nLXl0MjdvdWdwNHEtdWMuYS5ydW4uYXBwIgogICAgICAgIGp3dF9hdWRpZW5jZTogImh0dHBzOi8vcmV0aWtvbi13ZWJob29rcy1zdGFnaW5nLXl0MjdvdWdwNHEtdWMuYS5ydW4uYXBwIgogICAgICAgIHBhdGhfdHJhbnNsYXRpb246IEFQUEVORF9QQVRIX1RPX0FERFJFU1MKICAgICAgcmVzcG9uc2VzOgogICAgICAgICIyMDAiOgogICAgICAgICAgZGVzY3JpcHRpb246ICJPSyIKICAgIHB1dDoKICAgICAgb3BlcmF0aW9uSWQ6IGFsZXJ0c19wcm94eV9wdXQKICAgICAgeC1nb29nbGUtYmFja2VuZDoKICAgICAgICBhZGRyZXNzOiAiaHR0cHM6Ly9yZXRpa29uLXdlYmhvb2tzLXN0YWdpbmcteXQyN291Z3A0cS11Yy5hLnJ1bi5hcHAiCiAgICAgICAgand0X2F1ZGllbmNlOiAiaHR0cHM6Ly9yZXRpa29uLXdlYmhvb2tzLXN0YWdpbmcteXQyN291Z3A0cS11Yy5hLnJ1bi5hcHAiCiAgICAgICAgcGF0aF90cmFuc2xhdGlvbjogQVBQRU5EX1BBVEhfVE9fQUREUkVTUwogICAgICByZXNwb25zZXM6CiAgICAgICAgIjIwMCI6CiAgICAgICAgICBkZXNjcmlwdGlvbjogIk9LIgogICAgcGF0Y2g6CiAgICAgIG9wZXJhdGlvbklkOiBhbGVydHNfcHJveHlfcGF0Y2gKICAgICAgeC1nb29nbGUtYmFja2VuZDoKICAgICAgICBhZGRyZXNzOiAiaHR0cHM6Ly9yZXRpa29uLXdlYmhvb2tzLXN0YWdpbmcteXQyN291Z3A0cS11Yy5hLnJ1bi5hcHAiCiAgICAgICAgand0X2F1ZGllbmNlOiAiaHR0cHM6Ly9yZXRpa29uLXdlYmhvb2tzLXN0YWdpbmcteXQyN291Z3A0cS11Yy5hLnJ1bi5hcHAiCiAgICAgICAgcGF0aF90cmFuc2xhdGlvbjogQVBQRU5EX1BBVEhfVE9fQUREUkVTUwogICAgICByZXNwb25zZXM6CiAgICAgICAgIjIwMCI6CiAgICAgICAgICBkZXNjcmlwdGlvbjogIk9LIgogICAgZGVsZXRlOgogICAgICBvcGVyYXRpb25JZDogYWxlcnRzX3Byb3h5X2RlbGV0ZQogICAgICB4LWdvb2dsZS1iYWNrZW5kOgogICAgICAgIGFkZHJlc3M6ICJodHRwczovL3JldGlrb24td2ViaG9va3Mtc3RhZ2luZy15dDI3b3VncDRxLXVjLmEucnVuLmFwcCIKICAgICAgICBqd3RfYXVkaWVuY2U6ICJodHRwczovL3JldGlrb24td2ViaG9va3Mtc3RhZ2luZy15dDI3b3VncDRxLXVjLmEucnVuLmFwcCIKICAgICAgICBwYXRoX3RyYW5zbGF0aW9uOiBBUFBFTkRfUEFUSF9UT19BRERSRVNTCiAgICAgIHJlc3BvbnNlczoKICAgICAgICAiMjAwIjoKICAgICAgICAgIGRlc2NyaXB0aW9uOiAiT0siCiAgICBvcHRpb25zOgogICAgICBvcGVyYXRpb25JZDogYWxlcnRzX3Byb3h5X29wdGlvbnMKICAgICAgc2VjdXJpdHk6IFtdCiAgICAgIHgtZ29vZ2xlLWJhY2tlbmQ6CiAgICAgICAgYWRkcmVzczogImh0dHBzOi8vcmV0aWtvbi13ZWJob29rcy1zdGFnaW5nLXl0MjdvdWdwNHEtdWMuYS5ydW4uYXBwIgogICAgICAgIGp3dF9hdWRpZW5jZTogImh0dHBzOi8vcmV0aWtvbi13ZWJob29rcy1zdGFnaW5nLXl0MjdvdWdwNHEtdWMuYS5ydW4uYXBwIgogICAgICAgIHBhdGhfdHJhbnNsYXRpb246IEFQUEVORF9QQVRIX1RPX0FERFJFU1MKICAgICAgcmVzcG9uc2VzOgogICAgICAgICIyMDAiOgogICAgICAgICAgZGVzY3JpcHRpb246ICJPSyIKICAvZXZlbnRzOgogICAgcG9zdDoKICAgICAgb3BlcmF0aW9uSWQ6IGV2ZW50c19wb3N0CiAgICAgIHgtZ29vZ2xlLWJhY2tlbmQ6CiAgICAgICAgYWRkcmVzczogImh0dHBzOi8vcmV0aWtvbi13ZWJob29rcy1zdGFnaW5nLXl0MjdvdWdwNHEtdWMuYS5ydW4uYXBwIgogICAgICAgIGp3dF9hdWRpZW5jZTogImh0dHBzOi8vcmV0aWtvbi13ZWJob29rcy1zdGFnaW5nLXl0MjdvdWdwNHEtdWMuYS5ydW4uYXBwIgogICAgICAgIHBhdGhfdHJhbnNsYXRpb246IEFQUEVORF9QQVRIX1RPX0FERFJFU1MKICAgICAgcmVzcG9uc2VzOgogICAgICAgICIyMDAiOgogICAgICAgICAgZGVzY3JpcHRpb246ICJPSyIKICAgIG9wdGlvbnM6CiAgICAgIG9wZXJhdGlvbklkOiBldmVudHNfb3B0aW9ucwogICAgICBzZWN1cml0eTogW10KICAgICAgeC1nb29nbGUtYmFja2VuZDoKICAgICAgICBhZGRyZXNzOiAiaHR0cHM6Ly9yZXRpa29uLXdlYmhvb2tzLXN0YWdpbmcteXQyN291Z3A0cS11Yy5hLnJ1bi5hcHAiCiAgICAgICAgand0X2F1ZGllbmNlOiAiaHR0cHM6Ly9yZXRpa29uLXdlYmhvb2tzLXN0YWdpbmcteXQyN291Z3A0cS11Yy5hLnJ1bi5hcHAiCiAgICAgICAgcGF0aF90cmFuc2xhdGlvbjogQVBQRU5EX1BBVEhfVE9fQUREUkVTUwogICAgICByZXNwb25zZXM6CiAgICAgICAgIjIwMCI6CiAgICAgICAgICBkZXNjcmlwdGlvbjogIk9LIgogIC9ldmVudHMve3Byb3h5fToKICAgIHBhcmFtZXRlcnM6CiAgICAgIC0gbmFtZTogcHJveHkKICAgICAgICBpbjogcGF0aAogICAgICAgIHJlcXVpcmVkOiB0cnVlCiAgICAgICAgdHlwZTogc3RyaW5nCiAgICBnZXQ6CiAgICAgIG9wZXJhdGlvbklkOiBldmVudHNfcHJveHlfZ2V0CiAgICAgIHgtZ29vZ2xlLWJhY2tlbmQ6CiAgICAgICAgYWRkcmVzczogImh0dHBzOi8vcmV0aWtvbi13ZWJob29rcy1zdGFnaW5nLXl0MjdvdWdwNHEtdWMuYS5ydW4uYXBwIgogICAgICAgIGp3dF9hdWRpZW5jZTogImh0dHBzOi8vcmV0aWtvbi13ZWJob29rcy1zdGFnaW5nLXl0MjdvdWdwNHEtdWMuYS5ydW4uYXBwIgogICAgICAgIHBhdGhfdHJhbnNsYXRpb246IEFQUEVORF9QQVRIX1RPX0FERFJFU1MKICAgICAgcmVzcG9uc2VzOgogICAgICAgICIyMDAiOgogICAgICAgICAgZGVzY3JpcHRpb246ICJPSyIKICAgIHBvc3Q6CiAgICAgIG9wZXJhdGlvbklkOiBldmVudHNfcHJveHlfcG9zdAogICAgICB4LWdvb2dsZS1iYWNrZW5kOgogICAgICAgIGFkZHJlc3M6ICJodHRwczovL3JldGlrb24td2ViaG9va3Mtc3RhZ2luZy15dDI3b3VncDRxLXVjLmEucnVuLmFwcCIKICAgICAgICBqd3RfYXVkaWVuY2U6ICJodHRwczovL3JldGlrb24td2ViaG9va3Mtc3RhZ2luZy15dDI3b3VncDRxLXVjLmEucnVuLmFwcCIKICAgICAgICBwYXRoX3RyYW5zbGF0aW9uOiBBUFBFTkRfUEFUSF9UT19BRERSRVNTCiAgICAgIHJlc3BvbnNlczoKICAgICAgICAiMjAwIjoKICAgICAgICAgIGRlc2NyaXB0aW9uOiAiT0siCiAgICBvcHRpb25zOgogICAgICBvcGVyYXRpb25JZDogZXZlbnRzX3Byb3h5X29wdGlvbnMKICAgICAgc2VjdXJpdHk6IFtdCiAgICAgIHgtZ29vZ2xlLWJhY2tlbmQ6CiAgICAgICAgYWRkcmVzczogImh0dHBzOi8vcmV0aWtvbi13ZWJob29rcy1zdGFnaW5nLXl0MjdvdWdwNHEtdWMuYS5ydW4uYXBwIgogICAgICAgIGp3dF9hdWRpZW5jZTogImh0dHBzOi8vcmV0aWtvbi13ZWJob29rcy1zdGFnaW5nLXl0MjdvdWdwNHEtdWMuYS5ydW4uYXBwIgogICAgICAgIHBhdGhfdHJhbnNsYXRpb246IEFQUEVORF9QQVRIX1RPX0FERFJFU1MKICAgICAgcmVzcG9uc2VzOgogICAgICAgICIyMDAiOgogICAgICAgICAgZGVzY3JpcHRpb246ICJPSyIKICAvZGV2OgogICAgZ2V0OgogICAgICBvcGVyYXRpb25JZDogZGV2X2dldAogICAgICB4LWdvb2dsZS1iYWNrZW5kOgogICAgICAgIGFkZHJlc3M6ICJodHRwczovL3JldGlrb24tZGV2LWNvbnNvbGUtc3RhZ2luZy15dDI3b3VncDRxLXVjLmEucnVuLmFwcCIKICAgICAgICBqd3RfYXVkaWVuY2U6ICJodHRwczovL3JldGlrb24tZGV2LWNvbnNvbGUtc3RhZ2luZy15dDI3b3VncDRxLXVjLmEucnVuLmFwcCIKICAgICAgICBwYXRoX3RyYW5zbGF0aW9uOiBBUFBFTkRfUEFUSF9UT19BRERSRVNTCiAgICAgIHJlc3BvbnNlczoKICAgICAgICAiMjAwIjoKICAgICAgICAgIGRlc2NyaXB0aW9uOiAiT0siCiAgICBwb3N0OgogICAgICBvcGVyYXRpb25JZDogZGV2X3Bvc3QKICAgICAgeC1nb29nbGUtYmFja2VuZDoKICAgICAgICBhZGRyZXNzOiAiaHR0cHM6Ly9yZXRpa29uLWRldi1jb25zb2xlLXN0YWdpbmcteXQyN291Z3A0cS11Yy5hLnJ1bi5hcHAiCiAgICAgICAgand0X2F1ZGllbmNlOiAiaHR0cHM6Ly9yZXRpa29uLWRldi1jb25zb2xlLXN0YWdpbmcteXQyN291Z3A0cS11Yy5hLnJ1bi5hcHAiCiAgICAgICAgcGF0aF90cmFuc2xhdGlvbjogQVBQRU5EX1BBVEhfVE9fQUREUkVTUwogICAgICByZXNwb25zZXM6CiAgICAgICAgIjIwMCI6CiAgICAgICAgICBkZXNjcmlwdGlvbjogIk9LIgogICAgb3B0aW9uczoKICAgICAgb3BlcmF0aW9uSWQ6IGRldl9vcHRpb25zCiAgICAgIHNlY3VyaXR5OiBbXQogICAgICB4LWdvb2dsZS1iYWNrZW5kOgogICAgICAgIGFkZHJlc3M6ICJodHRwczovL3JldGlrb24tZGV2LWNvbnNvbGUtc3RhZ2luZy15dDI3b3VncDRxLXVjLmEucnVuLmFwcCIKICAgICAgICBqd3RfYXVkaWVuY2U6ICJodHRwczovL3JldGlrb24tZGV2LWNvbnNvbGUtc3RhZ2luZy15dDI3b3VncDRxLXVjLmEucnVuLmFwcCIKICAgICAgICBwYXRoX3RyYW5zbGF0aW9uOiBBUFBFTkRfUEFUSF9UT19BRERSRVNTCiAgICAgIHJlc3BvbnNlczoKICAgICAgICAiMjAwIjoKICAgICAgICAgIGRlc2NyaXB0aW9uOiAiT0siCiAgL2Rldi97cHJveHl9OgogICAgcGFyYW1ldGVyczoKICAgICAgLSBuYW1lOiBwcm94eQogICAgICAgIGluOiBwYXRoCiAgICAgICAgcmVxdWlyZWQ6IHRydWUKICAgICAgICB0eXBlOiBzdHJpbmcKICAgIGdldDoKICAgICAgb3BlcmF0aW9uSWQ6IGRldl9wcm94eV9nZXQKICAgICAgeC1nb29nbGUtYmFja2VuZDoKICAgICAgICBhZGRyZXNzOiAiaHR0cHM6Ly9yZXRpa29uLWRldi1jb25zb2xlLXN0YWdpbmcteXQyN291Z3A0cS11Yy5hLnJ1bi5hcHAiCiAgICAgICAgand0X2F1ZGllbmNlOiAiaHR0cHM6Ly9yZXRpa29uLWRldi1jb25zb2xlLXN0YWdpbmcteXQyN291Z3A0cS11Yy5hLnJ1bi5hcHAiCiAgICAgICAgcGF0aF90cmFuc2xhdGlvbjogQVBQRU5EX1BBVEhfVE9fQUREUkVTUwogICAgICByZXNwb25zZXM6CiAgICAgICAgIjIwMCI6CiAgICAgICAgICBkZXNjcmlwdGlvbjogIk9LIgogICAgcG9zdDoKICAgICAgb3BlcmF0aW9uSWQ6IGRldl9wcm94eV9wb3N0CiAgICAgIHgtZ29vZ2xlLWJhY2tlbmQ6CiAgICAgICAgYWRkcmVzczogImh0dHBzOi8vcmV0aWtvbi1kZXYtY29uc29sZS1zdGFnaW5nLXl0MjdvdWdwNHEtdWMuYS5ydW4uYXBwIgogICAgICAgIGp3dF9hdWRpZW5jZTogImh0dHBzOi8vcmV0aWtvbi1kZXYtY29uc29sZS1zdGFnaW5nLXl0MjdvdWdwNHEtdWMuYS5ydW4uYXBwIgogICAgICAgIHBhdGhfdHJhbnNsYXRpb246IEFQUEVORF9QQVRIX1RPX0FERFJFU1MKICAgICAgcmVzcG9uc2VzOgogICAgICAgICIyMDAiOgogICAgICAgICAgZGVzY3JpcHRpb246ICJPSyIKICAgIHB1dDoKICAgICAgb3BlcmF0aW9uSWQ6IGRldl9wcm94eV9wdXQKICAgICAgeC1nb29nbGUtYmFja2VuZDoKICAgICAgICBhZGRyZXNzOiAiaHR0cHM6Ly9yZXRpa29uLWRldi1jb25zb2xlLXN0YWdpbmcteXQyN291Z3A0cS11Yy5hLnJ1bi5hcHAiCiAgICAgICAgand0X2F1ZGllbmNlOiAiaHR0cHM6Ly9yZXRpa29uLWRldi1jb25zb2xlLXN0YWdpbmcteXQyN291Z3A0cS11Yy5hLnJ1bi5hcHAiCiAgICAgICAgcGF0aF90cmFuc2xhdGlvbjogQVBQRU5EX1BBVEhfVE9fQUREUkVTUwogICAgICByZXNwb25zZXM6CiAgICAgICAgIjIwMCI6CiAgICAgICAgICBkZXNjcmlwdGlvbjogIk9LIgogICAgcGF0Y2g6CiAgICAgIG9wZXJhdGlvbklkOiBkZXZfcHJveHlfcGF0Y2gKICAgICAgeC1nb29nbGUtYmFja2VuZDoKICAgICAgICBhZGRyZXNzOiAiaHR0cHM6Ly9yZXRpa29uLWRldi1jb25zb2xlLXN0YWdpbmcteXQyN291Z3A0cS11Yy5hLnJ1bi5hcHAiCiAgICAgICAgand0X2F1ZGllbmNlOiAiaHR0cHM6Ly9yZXRpa29uLWRldi1jb25zb2xlLXN0YWdpbmcteXQyN291Z3A0cS11Yy5hLnJ1bi5hcHAiCiAgICAgICAgcGF0aF90cmFuc2xhdGlvbjogQVBQRU5EX1BBVEhfVE9fQUREUkVTUwogICAgICByZXNwb25zZXM6CiAgICAgICAgIjIwMCI6CiAgICAgICAgICBkZXNjcmlwdGlvbjogIk9LIgogICAgZGVsZXRlOgogICAgICBvcGVyYXRpb25JZDogZGV2X3Byb3h5X2RlbGV0ZQogICAgICB4LWdvb2dsZS1iYWNrZW5kOgogICAgICAgIGFkZHJlc3M6ICJodHRwczovL3JldGlrb24tZGV2LWNvbnNvbGUtc3RhZ2luZy15dDI3b3VncDRxLXVjLmEucnVuLmFwcCIKICAgICAgICBqd3RfYXVkaWVuY2U6ICJodHRwczovL3JldGlrb24tZGV2LWNvbnNvbGUtc3RhZ2luZy15dDI3b3VncDRxLXVjLmEucnVuLmFwcCIKICAgICAgICBwYXRoX3RyYW5zbGF0aW9uOiBBUFBFTkRfUEFUSF9UT19BRERSRVNTCiAgICAgIHJlc3BvbnNlczoKICAgICAgICAiMjAwIjoKICAgICAgICAgIGRlc2NyaXB0aW9uOiAiT0siCiAgICBvcHRpb25zOgogICAgICBvcGVyYXRpb25JZDogZGV2X3Byb3h5X29wdGlvbnMKICAgICAgc2VjdXJpdHk6IFtdCiAgICAgIHgtZ29vZ2xlLWJhY2tlbmQ6CiAgICAgICAgYWRkcmVzczogImh0dHBzOi8vcmV0aWtvbi1kZXYtY29uc29sZS1zdGFnaW5nLXl0MjdvdWdwNHEtdWMuYS5ydW4uYXBwIgogICAgICAgIGp3dF9hdWRpZW5jZTogImh0dHBzOi8vcmV0aWtvbi1kZXYtY29uc29sZS1zdGFnaW5nLXl0MjdvdWdwNHEtdWMuYS5ydW4uYXBwIgogICAgICAgIHBhdGhfdHJhbnNsYXRpb246IEFQUEVORF9QQVRIX1RPX0FERFJFU1MKICAgICAgcmVzcG9uc2VzOgogICAgICAgICIyMDAiOgogICAgICAgICAgZGVzY3JpcHRpb246ICJPSyIKICAvZWRnZToKICAgIGdldDoKICAgICAgb3BlcmF0aW9uSWQ6IGVkZ2VfZ2V0CiAgICAgIHgtZ29vZ2xlLWJhY2tlbmQ6CiAgICAgICAgYWRkcmVzczogImh0dHBzOi8vcmV0aWtvbi1lZGdlLWdhdGV3YXktc3RhZ2luZy15dDI3b3VncDRxLXVjLmEucnVuLmFwcCIKICAgICAgICBqd3RfYXVkaWVuY2U6ICJodHRwczovL3JldGlrb24tZWRnZS1nYXRld2F5LXN0YWdpbmcteXQyN291Z3A0cS11Yy5hLnJ1bi5hcHAiCiAgICAgICAgcGF0aF90cmFuc2xhdGlvbjogQVBQRU5EX1BBVEhfVE9fQUREUkVTUwogICAgICByZXNwb25zZXM6CiAgICAgICAgIjIwMCI6CiAgICAgICAgICBkZXNjcmlwdGlvbjogIk9LIgogICAgcG9zdDoKICAgICAgb3BlcmF0aW9uSWQ6IGVkZ2VfcG9zdAogICAgICB4LWdvb2dsZS1iYWNrZW5kOgogICAgICAgIGFkZHJlc3M6ICJodHRwczovL3JldGlrb24tZWRnZS1nYXRld2F5LXN0YWdpbmcteXQyN291Z3A0cS11Yy5hLnJ1bi5hcHAiCiAgICAgICAgand0X2F1ZGllbmNlOiAiaHR0cHM6Ly9yZXRpa29uLWVkZ2UtZ2F0ZXdheS1zdGFnaW5nLXl0MjdvdWdwNHEtdWMuYS5ydW4uYXBwIgogICAgICAgIHBhdGhfdHJhbnNsYXRpb246IEFQUEVORF9QQVRIX1RPX0FERFJFU1MKICAgICAgcmVzcG9uc2VzOgogICAgICAgICIyMDAiOgogICAgICAgICAgZGVzY3JpcHRpb246ICJPSyIKICAgIG9wdGlvbnM6CiAgICAgIG9wZXJhdGlvbklkOiBlZGdlX29wdGlvbnMKICAgICAgc2VjdXJpdHk6IFtdCiAgICAgIHgtZ29vZ2xlLWJhY2tlbmQ6CiAgICAgICAgYWRkcmVzczogImh0dHBzOi8vcmV0aWtvbi1lZGdlLWdhdGV3YXktc3RhZ2luZy15dDI3b3VncDRxLXVjLmEucnVuLmFwcCIKICAgICAgICBqd3RfYXVkaWVuY2U6ICJodHRwczovL3JldGlrb24tZWRnZS1nYXRld2F5LXN0YWdpbmcteXQyN291Z3A0cS11Yy5hLnJ1bi5hcHAiCiAgICAgICAgcGF0aF90cmFuc2xhdGlvbjogQVBQRU5EX1BBVEhfVE9fQUREUkVTUwogICAgICByZXNwb25zZXM6CiAgICAgICAgIjIwMCI6CiAgICAgICAgICBkZXNjcmlwdGlvbjogIk9LIgogIC9lZGdlL3twcm94eX06CiAgICBwYXJhbWV0ZXJzOgogICAgICAtIG5hbWU6IHByb3h5CiAgICAgICAgaW46IHBhdGgKICAgICAgICByZXF1aXJlZDogdHJ1ZQogICAgICAgIHR5cGU6IHN0cmluZwogICAgZ2V0OgogICAgICBvcGVyYXRpb25JZDogZWRnZV9wcm94eV9nZXQKICAgICAgeC1nb29nbGUtYmFja2VuZDoKICAgICAgICBhZGRyZXNzOiAiaHR0cHM6Ly9yZXRpa29uLWVkZ2UtZ2F0ZXdheS1zdGFnaW5nLXl0MjdvdWdwNHEtdWMuYS5ydW4uYXBwIgogICAgICAgIGp3dF9hdWRpZW5jZTogImh0dHBzOi8vcmV0aWtvbi1lZGdlLWdhdGV3YXktc3RhZ2luZy15dDI3b3VncDRxLXVjLmEucnVuLmFwcCIKICAgICAgICBwYXRoX3RyYW5zbGF0aW9uOiBBUFBFTkRfUEFUSF9UT19BRERSRVNTCiAgICAgIHJlc3BvbnNlczoKICAgICAgICAiMjAwIjoKICAgICAgICAgIGRlc2NyaXB0aW9uOiAiT0siCiAgICBwb3N0OgogICAgICBvcGVyYXRpb25JZDogZWRnZV9wcm94eV9wb3N0CiAgICAgIHgtZ29vZ2xlLWJhY2tlbmQ6CiAgICAgICAgYWRkcmVzczogImh0dHBzOi8vcmV0aWtvbi1lZGdlLWdhdGV3YXktc3RhZ2luZy15dDI3b3VncDRxLXVjLmEucnVuLmFwcCIKICAgICAgICBqd3RfYXVkaWVuY2U6ICJodHRwczovL3JldGlrb24tZWRnZS1nYXRld2F5LXN0YWdpbmcteXQyN291Z3A0cS11Yy5hLnJ1bi5hcHAiCiAgICAgICAgcGF0aF90cmFuc2xhdGlvbjogQVBQRU5EX1BBVEhfVE9fQUREUkVTUwogICAgICByZXNwb25zZXM6CiAgICAgICAgIjIwMCI6CiAgICAgICAgICBkZXNjcmlwdGlvbjogIk9LIgogICAgcHV0OgogICAgICBvcGVyYXRpb25JZDogZWRnZV9wcm94eV9wdXQKICAgICAgeC1nb29nbGUtYmFja2VuZDoKICAgICAgICBhZGRyZXNzOiAiaHR0cHM6Ly9yZXRpa29uLWVkZ2UtZ2F0ZXdheS1zdGFnaW5nLXl0MjdvdWdwNHEtdWMuYS5ydW4uYXBwIgogICAgICAgIGp3dF9hdWRpZW5jZTogImh0dHBzOi8vcmV0aWtvbi1lZGdlLWdhdGV3YXktc3RhZ2luZy15dDI3b3VncDRxLXVjLmEucnVuLmFwcCIKICAgICAgICBwYXRoX3RyYW5zbGF0aW9uOiBBUFBFTkRfUEFUSF9UT19BRERSRVNTCiAgICAgIHJlc3BvbnNlczoKICAgICAgICAiMjAwIjoKICAgICAgICAgIGRlc2NyaXB0aW9uOiAiT0siCiAgICBwYXRjaDoKICAgICAgb3BlcmF0aW9uSWQ6IGVkZ2VfcHJveHlfcGF0Y2gKICAgICAgeC1nb29nbGUtYmFja2VuZDoKICAgICAgICBhZGRyZXNzOiAiaHR0cHM6Ly9yZXRpa29uLWVkZ2UtZ2F0ZXdheS1zdGFnaW5nLXl0MjdvdWdwNHEtdWMuYS5ydW4uYXBwIgogICAgICAgIGp3dF9hdWRpZW5jZTogImh0dHBzOi8vcmV0aWtvbi1lZGdlLWdhdGV3YXktc3RhZ2luZy15dDI3b3VncDRxLXVjLmEucnVuLmFwcCIKICAgICAgICBwYXRoX3RyYW5zbGF0aW9uOiBBUFBFTkRfUEFUSF9UT19BRERSRVNTCiAgICAgIHJlc3BvbnNlczoKICAgICAgICAiMjAwIjoKICAgICAgICAgIGRlc2NyaXB0aW9uOiAiT0siCiAgICBkZWxldGU6CiAgICAgIG9wZXJhdGlvbklkOiBlZGdlX3Byb3h5X2RlbGV0ZQogICAgICB4LWdvb2dsZS1iYWNrZW5kOgogICAgICAgIGFkZHJlc3M6ICJodHRwczovL3JldGlrb24tZWRnZS1nYXRld2F5LXN0YWdpbmcteXQyN291Z3A0cS11Yy5hLnJ1bi5hcHAiCiAgICAgICAgand0X2F1ZGllbmNlOiAiaHR0cHM6Ly9yZXRpa29uLWVkZ2UtZ2F0ZXdheS1zdGFnaW5nLXl0MjdvdWdwNHEtdWMuYS5ydW4uYXBwIgogICAgICAgIHBhdGhfdHJhbnNsYXRpb246IEFQUEVORF9QQVRIX1RPX0FERFJFU1MKICAgICAgcmVzcG9uc2VzOgogICAgICAgICIyMDAiOgogICAgICAgICAgZGVzY3JpcHRpb246ICJPSyIKICAgIG9wdGlvbnM6CiAgICAgIG9wZXJhdGlvbklkOiBlZGdlX3Byb3h5X29wdGlvbnMKICAgICAgc2VjdXJpdHk6IFtdCiAgICAgIHgtZ29vZ2xlLWJhY2tlbmQ6CiAgICAgICAgYWRkcmVzczogImh0dHBzOi8vcmV0aWtvbi1lZGdlLWdhdGV3YXktc3RhZ2luZy15dDI3b3VncDRxLXVjLmEucnVuLmFwcCIKICAgICAgICBqd3RfYXVkaWVuY2U6ICJodHRwczovL3JldGlrb24tZWRnZS1nYXRld2F5LXN0YWdpbmcteXQyN291Z3A0cS11Yy5hLnJ1bi5hcHAiCiAgICAgICAgcGF0aF90cmFuc2xhdGlvbjogQVBQRU5EX1BBVEhfVE9fQUREUkVTUwogICAgICByZXNwb25zZXM6CiAgICAgICAgIjIwMCI6CiAgICAgICAgICBkZXNjcmlwdGlvbjogIk9LIgogICAgb3B0aW9uczoKICAgICAgb3BlcmF0aW9uSWQ6IGFjY2Vzc19wcm94eV9vcHRpb25zCiAgICAgIHNlY3VyaXR5OiBbXQogICAgICB4LWdvb2dsZS1iYWNrZW5kOgogICAgICAgIGFkZHJlc3M6ICJodHRwczovL3JldGlrb24tYXVkaXQtc3RhZ2luZy15dDI3b3VncDRxLXVjLmEucnVuLmFwcCIKICAgICAgICBqd3RfYXVkaWVuY2U6ICJodHRwczovL3JldGlrb24tYXVkaXQtc3RhZ2luZy15dDI3b3VncDRxLXVjLmEucnVuLmFwcCIKICAgICAgICBwYXRoX3RyYW5zbGF0aW9uOiBBUFBFTkRfUEFUSF9UT19BRERSRVNTCiAgICAgIHJlc3BvbnNlczoKICAgICAgICAiMjAwIjoKICAgICAgICAgIGRlc2NyaXB0aW9uOiAiT0siCg==",
                    "path": "retikon-gateway.yaml"
                  }
                ]
              }
            ],
            "project": "simitor",
            "service_config_id": "retikon-gateway-config-staging202601-23165qlm90rxm",
            "terraform_labels": {},
            "timeouts": null
          },
          "sensitive_attributes": [],
          "private": "eyJlMmJmYjczMC1lY2FhLTExZTYtOGY4OC0zNDM2M2JjN2M0YzAiOnsiY3JlYXRlIjoxMjAwMDAwMDAwMDAwLCJkZWxldGUiOjEyMDAwMDAwMDAwMDAsInVwZGF0ZSI6MTIwMDAwMDAwMDAwMH19",
          "dependencies": [
            "data.google_compute_network.default",
            "google_api_gateway_api.retikon",
            "google_cloud_run_service.audit",
            "google_cloud_run_service.chaos",
            "google_cloud_run_service.data_factory",
            "google_cloud_run_service.dev_console",
            "google_cloud_run_service.edge_gateway",
            "google_cloud_run_service.fleet",
            "google_cloud_run_service.privacy",
            "google_cloud_run_service.query",
            "google_cloud_run_service.webhook",
            "google_cloud_run_service.workflow",
            "google_cloud_run_v2_job.index_builder",
            "google_redis_instance.rate_limit",
            "google_service_account.audit",
            "google_service_account.chaos",
            "google_service_account.data_factory",
            "google_service_account.dev_console",
            "google_service_account.edge_gateway",
            "google_service_account.fleet",
            "google_service_account.index_builder",
            "google_service_account.privacy",
            "google_service_account.query",
            "google_service_account.webhook",
            "google_service_account.workflow",
            "google_storage_bucket.graph",
            "google_storage_bucket.raw",
            "google_vpc_access_connector.serverless"
          ],
          "create_before_destroy": true
        }
      ]
    },
    {
      "mode": "managed",
      "type": "google_api_gateway_gateway",
      "name": "retikon",
      "provider": "provider[\"registry.terraform.io/hashicorp/google-beta\"]",
      "instances": [
        {
          "index_key": 0,
          "schema_version": 0,
          "attributes": {
            "api_config": "projects/423745254982/locations/global/apis/retikon-gateway-staging/configs/retikon-gateway-config-staging20260131134808753600000001",
            "default_hostname": "retikon-gateway-staging-5enyzfba.uc.gateway.dev",
            "display_name": "retikon-gateway-staging",
            "effective_labels": {},
            "gateway_id": "retikon-gateway-staging",
            "id": "projects/simitor/locations/us-central1/gateways/retikon-gateway-staging",
            "labels": {},
            "name": "projects/simitor/locations/us-central1/gateways/retikon-gateway-staging",
            "project": "simitor",
            "region": "us-central1",
            "terraform_labels": {},
            "timeouts": null
          },
          "sensitive_attributes": [],
          "private": "eyJlMmJmYjczMC1lY2FhLTExZTYtOGY4OC0zNDM2M2JjN2M0YzAiOnsiY3JlYXRlIjoxMjAwMDAwMDAwMDAwLCJkZWxldGUiOjEyMDAwMDAwMDAwMDAsInVwZGF0ZSI6MTIwMDAwMDAwMDAwMH19",
          "dependencies": [
            "data.google_compute_network.default",
            "google_api_gateway_api.retikon",
            "google_api_gateway_api_config.retikon",
            "google_cloud_run_service.audit",
            "google_cloud_run_service.chaos",
            "google_cloud_run_service.data_factory",
            "google_cloud_run_service.dev_console",
            "google_cloud_run_service.edge_gateway",
            "google_cloud_run_service.fleet",
            "google_cloud_run_service.privacy",
            "google_cloud_run_service.query",
            "google_cloud_run_service.webhook",
            "google_cloud_run_service.workflow",
            "google_cloud_run_v2_job.index_builder",
            "google_redis_instance.rate_limit",
            "google_service_account.audit",
            "google_service_account.chaos",
            "google_service_account.data_factory",
            "google_service_account.dev_console",
            "google_service_account.edge_gateway",
            "google_service_account.fleet",
            "google_service_account.index_builder",
            "google_service_account.privacy",
            "google_service_account.query",
            "google_service_account.webhook",
            "google_service_account.workflow",
            "google_storage_bucket.graph",
            "google_storage_bucket.raw",
            "google_vpc_access_connector.serverless"
          ]
        }
      ]
    },
    {
      "mode": "managed",
      "type": "google_artifact_registry_repository",
      "name": "repo",
      "provider": "provider[\"registry.terraform.io/hashicorp/google\"]",
      "instances": [
        {
          "schema_version": 0,
          "attributes": {
            "cleanup_policies": [],
            "cleanup_policy_dry_run": false,
            "create_time": "2026-01-23T13:49:37.158065Z",
            "description": "",
            "docker_config": [],
            "effective_labels": {},
            "format": "DOCKER",
            "id": "projects/simitor/locations/us-central1/repositories/retikon-repo",
            "kms_key_name": "",
            "labels": {},
            "location": "us-central1",
            "maven_config": [],
            "mode": "STANDARD_REPOSITORY",
            "name": "retikon-repo",
            "project": "simitor",
            "remote_repository_config": [],
            "repository_id": "retikon-repo",
            "terraform_labels": {},
            "timeouts": null,
            "update_time": "2026-02-02T15:52:44.781690Z",
            "virtual_repository_config": []
          },
          "sensitive_attributes": [],
          "private": "eyJlMmJmYjczMC1lY2FhLTExZTYtOGY4OC0zNDM2M2JjN2M0YzAiOnsiY3JlYXRlIjoxMjAwMDAwMDAwMDAwLCJkZWxldGUiOjEyMDAwMDAwMDAwMDAsInVwZGF0ZSI6MTIwMDAwMDAwMDAwMH0sInNjaGVtYV92ZXJzaW9uIjoiMCJ9"
        }
      ]
    },
    {
      "mode": "managed",
      "type": "google_cloud_run_service",
      "name": "audit",
      "provider": "provider[\"registry.terraform.io/hashicorp/google\"]",
      "instances": [
        {
          "schema_version": 2,
          "attributes": {
            "autogenerate_revision_name": true,
            "id": "locations/us-central1/namespaces/simitor/services/retikon-audit-staging",
            "location": "us-central1",
            "metadata": [
              {
                "annotations": {
                  "run.googleapis.com/ingress": "all"
                },
                "effective_annotations": {
                  "run.googleapis.com/ingress": "all",
                  "run.googleapis.com/ingress-status": "all",
                  "run.googleapis.com/maxScale": "20",
                  "run.googleapis.com/operation-id": "2cb576f7-6299-45e4-a65c-446838e83355",
                  "run.googleapis.com/urls": "[\"https://retikon-audit-staging-423745254982.us-central1.run.app\",\"https://retikon-audit-staging-yt27ougp4q-uc.a.run.app\"]",
                  "serving.knative.dev/creator": "svbailey@gmail.com",
                  "serving.knative.dev/lastModifier": "svbailey@gmail.com"
                },
                "effective_labels": {
                  "cloud.googleapis.com/location": "us-central1"
                },
                "generation": 7,
                "labels": {},
                "namespace": "simitor",
                "resource_version": "AAZJ2GJq+i0",
                "self_link": "/apis/serving.knative.dev/v1/namespaces/423745254982/services/retikon-audit-staging",
                "terraform_labels": {},
                "uid": "a149efb4-19a0-4103-9084-98be9614739d"
              }
            ],
            "name": "retikon-audit-staging",
            "project": "simitor",
            "status": [
              {
                "conditions": [
                  {
                    "message": "",
                    "reason": "",
                    "status": "True",
                    "type": "Ready"
                  },
                  {
                    "message": "",
                    "reason": "",
                    "status": "True",
                    "type": "ConfigurationsReady"
                  },
                  {
                    "message": "",
                    "reason": "",
                    "status": "True",
                    "type": "RoutesReady"
                  }
                ],
                "latest_created_revision_name": "retikon-audit-staging-00007-mpn",
                "latest_ready_revision_name": "retikon-audit-staging-00007-mpn",
                "observed_generation": 7,
                "traffic": [
                  {
                    "latest_revision": true,
                    "percent": 100,
                    "revision_name": "retikon-audit-staging-00007-mpn",
                    "tag": "",
                    "url": ""
                  }
                ],
                "url": "https://retikon-audit-staging-yt27ougp4q-uc.a.run.app"
              }
            ],
            "template": [
              {
                "metadata": [
                  {
                    "annotations": {
                      "autoscaling.knative.dev/maxScale": "10",
                      "autoscaling.knative.dev/minScale": "0"
                    },
                    "generation": 0,
                    "labels": {
                      "run.googleapis.com/startupProbeType": "Default"
                    },
                    "name": "",
                    "namespace": "",
                    "resource_version": "",
                    "self_link": "",
                    "uid": ""
                  }
                ],
                "spec": [
                  {
                    "container_concurrency": 10,
                    "containers": [
                      {
                        "args": [],
                        "command": [],
                        "env": [
                          {
                            "name": "APP_MODULE",
                            "value": "gcp_adapter.audit_service:app",
                            "value_from": []
                          },
                          {
                            "name": "AUDIT_DIAGNOSTICS",
                            "value": "0",
                            "value_from": []
                          },
                          {
                            "name": "AUDIT_PARQUET_LIMIT",
                            "value": "0",
                            "value_from": []
                          },
                          {
                            "name": "AUDIT_REQUIRE_ADMIN",
                            "value": "0",
                            "value_from": []
                          },
                          {
                            "name": "AUTH_ADMIN_GROUPS",
                            "value": "admins",
                            "value_from": []
                          },
                          {
                            "name": "AUTH_ADMIN_ROLES",
                            "value": "admin",
                            "value_from": []
                          },
                          {
                            "name": "AUTH_AUDIENCE",
                            "value": "simitor",
                            "value_from": []
                          },
                          {
                            "name": "AUTH_CLAIM_EMAIL",
                            "value": "email",
                            "value_from": []
                          },
                          {
                            "name": "AUTH_CLAIM_GROUPS",
                            "value": "groups",
                            "value_from": []
                          },
                          {
                            "name": "AUTH_CLAIM_ORG_ID",
                            "value": "org_id",
                            "value_from": []
                          },
                          {
                            "name": "AUTH_CLAIM_ROLES",
                            "value": "roles",
                            "value_from": []
                          },
                          {
                            "name": "AUTH_CLAIM_SITE_ID",
                            "value": "site_id",
                            "value_from": []
                          },
                          {
                            "name": "AUTH_CLAIM_STREAM_ID",
                            "value": "stream_id",
                            "value_from": []
                          },
                          {
                            "name": "AUTH_CLAIM_SUB",
                            "value": "sub",
                            "value_from": []
                          },
                          {
                            "name": "AUTH_GATEWAY_USERINFO",
                            "value": "1",
                            "value_from": []
                          },
                          {
                            "name": "AUTH_ISSUER",
                            "value": "https://securetoken.google.com/simitor",
                            "value_from": []
                          },
                          {
                            "name": "AUTH_JWKS_URI",
                            "value": "https://www.googleapis.com/service_accounts/v1/metadata/x509/securetoken@system.gserviceaccount.com",
                            "value_from": []
                          },
                          {
                            "name": "AUTH_JWT_ALGORITHMS",
                            "value": "RS256",
                            "value_from": []
                          },
                          {
                            "name": "AUTH_JWT_LEEWAY_SECONDS",
                            "value": "0",
                            "value_from": []
                          },
                          {
                            "name": "AUTH_REQUIRED_CLAIMS",
                            "value": "sub,iss,aud,exp,iat,org_id",
                            "value_from": []
                          },
                          {
                            "name": "CONTROL_PLANE_COLLECTION_PREFIX",
                            "value": "staging_",
                            "value_from": []
                          },
                          {
                            "name": "CONTROL_PLANE_FALLBACK_ON_EMPTY",
                            "value": "0",
                            "value_from": []
                          },
                          {
                            "name": "CONTROL_PLANE_READ_MODE",
                            "value": "primary",
                            "value_from": []
                          },
                          {
                            "name": "CONTROL_PLANE_STORE",
                            "value": "firestore",
                            "value_from": []
                          },
                          {
                            "name": "CONTROL_PLANE_WRITE_MODE",
                            "value": "single",
                            "value_from": []
                          },
                          {
                            "name": "DUCKDB_ALLOW_INSTALL",
                            "value": "1",
                            "value_from": []
                          },
                          {
                            "name": "DUCKDB_GCS_FALLBACK",
                            "value": "0",
                            "value_from": []
                          },
                          {
                            "name": "DUCKDB_SKIP_HEALTHCHECK",
                            "value": "1",
                            "value_from": []
                          },
                          {
                            "name": "ENV",
                            "value": "staging",
                            "value_from": []
                          },
                          {
                            "name": "GRAPH_BUCKET",
                            "value": "retikon-graph-simitor-staging",
                            "value_from": []
                          },
                          {
                            "name": "GRAPH_PREFIX",
                            "value": "retikon_v2",
                            "value_from": []
                          },
                          {
                            "name": "LOG_LEVEL",
                            "value": "INFO",
                            "value_from": []
                          },
                          {
                            "name": "RETIKON_DUCKDB_AUTH_PROVIDER",
                            "value": "gcp_adapter.duckdb_auth:GcsDuckDBAuthProvider",
                            "value_from": []
                          },
                          {
                            "name": "STORAGE_BACKEND",
                            "value": "gcs",
                            "value_from": []
                          }
                        ],
                        "env_from": [],
                        "image": "us-central1-docker.pkg.dev/simitor/retikon-repo/retikon-audit:dev-20260202-123333",
                        "liveness_probe": [],
                        "name": "",
                        "ports": [
                          {
                            "container_port": 8080,
                            "name": "http1",
                            "protocol": ""
                          }
                        ],
                        "resources": [
                          {
                            "limits": {
                              "cpu": "1000m",
                              "memory": "1Gi"
                            },
                            "requests": {}
                          }
                        ],
                        "startup_probe": [
                          {
                            "failure_threshold": 1,
                            "grpc": [],
                            "http_get": [],
                            "initial_delay_seconds": 0,
                            "period_seconds": 240,
                            "tcp_socket": [
                              {
                                "port": 8080
                              }
                            ],
                            "timeout_seconds": 240
                          }
                        ],
                        "volume_mounts": [],
                        "working_dir": ""
                      }
                    ],
                    "service_account_name": "retikon-audit-sa-staging@simitor.iam.gserviceaccount.com",
                    "serving_state": "",
                    "timeout_seconds": 300,
                    "volumes": []
                  }
                ]
              }
            ],
            "timeouts": null,
            "traffic": [
              {
                "latest_revision": true,
                "percent": 100,
                "revision_name": "",
                "tag": "",
                "url": ""
              }
            ]
          },
          "sensitive_attributes": [],
          "private": "eyJlMmJmYjczMC1lY2FhLTExZTYtOGY4OC0zNDM2M2JjN2M0YzAiOnsiY3JlYXRlIjoxMjAwMDAwMDAwMDAwLCJkZWxldGUiOjEyMDAwMDAwMDAwMDAsInVwZGF0ZSI6MTIwMDAwMDAwMDAwMH0sInNjaGVtYV92ZXJzaW9uIjoiMiJ9",
          "dependencies": [
            "google_service_account.audit",
            "google_storage_bucket.graph"
          ],
          "create_before_destroy": true
        }
      ]
    },
    {
      "mode": "managed",
      "type": "google_cloud_run_service",
      "name": "chaos",
      "provider": "provider[\"registry.terraform.io/hashicorp/google\"]",
      "instances": [
        {
          "schema_version": 2,
          "attributes": {
            "autogenerate_revision_name": true,
            "id": "locations/us-central1/namespaces/simitor/services/retikon-chaos-staging",
            "location": "us-central1",
            "metadata": [
              {
                "annotations": {
                  "run.googleapis.com/ingress": "all"
                },
                "effective_annotations": {
                  "run.googleapis.com/ingress": "all",
                  "run.googleapis.com/ingress-status": "all",
                  "run.googleapis.com/maxScale": "20",
                  "run.googleapis.com/operation-id": "a5f07232-fa0a-4943-aef8-4fd727bb0a9b",
                  "run.googleapis.com/urls": "[\"https://retikon-chaos-staging-423745254982.us-central1.run.app\",\"https://retikon-chaos-staging-yt27ougp4q-uc.a.run.app\"]",
                  "serving.knative.dev/creator": "svbailey@gmail.com",
                  "serving.knative.dev/lastModifier": "svbailey@gmail.com"
                },
                "effective_labels": {
                  "cloud.googleapis.com/location": "us-central1"
                },
                "generation": 10,
                "labels": {},
                "namespace": "simitor",
                "resource_version": "AAZJ2GYMSQ0",
                "self_link": "/apis/serving.knative.dev/v1/namespaces/423745254982/services/retikon-chaos-staging",
                "terraform_labels": {},
                "uid": "23ffa5b5-1a06-4973-99bb-b24b7ae09d5f"
              }
            ],
            "name": "retikon-chaos-staging",
            "project": "simitor",
            "status": [
              {
                "conditions": [
                  {
                    "message": "",
                    "reason": "",
                    "status": "True",
                    "type": "Ready"
                  },
                  {
                    "message": "",
                    "reason": "",
                    "status": "True",
                    "type": "ConfigurationsReady"
                  },
                  {
                    "message": "",
                    "reason": "",
                    "status": "True",
                    "type": "RoutesReady"
                  }
                ],
                "latest_created_revision_name": "retikon-chaos-staging-00010-t7j",
                "latest_ready_revision_name": "retikon-chaos-staging-00010-t7j",
                "observed_generation": 10,
                "traffic": [
                  {
                    "latest_revision": true,
                    "percent": 100,
                    "revision_name": "retikon-chaos-staging-00010-t7j",
                    "tag": "",
                    "url": ""
                  }
                ],
                "url": "https://retikon-chaos-staging-yt27ougp4q-uc.a.run.app"
              }
            ],
            "template": [
              {
                "metadata": [
                  {
                    "annotations": {
                      "autoscaling.knative.dev/maxScale": "5",
                      "autoscaling.knative.dev/minScale": "0"
                    },
                    "generation": 0,
                    "labels": {
                      "run.googleapis.com/startupProbeType": "Default"
                    },
                    "name": "",
                    "namespace": "",
                    "resource_version": "",
                    "self_link": "",
                    "uid": ""
                  }
                ],
                "spec": [
                  {
                    "container_concurrency": 10,
                    "containers": [
                      {
                        "args": [],
                        "command": [],
                        "env": [
                          {
                            "name": "APP_MODULE",
                            "value": "gcp_adapter.chaos_service:app",
                            "value_from": []
                          },
                          {
                            "name": "AUTH_ADMIN_GROUPS",
                            "value": "admins",
                            "value_from": []
                          },
                          {
                            "name": "AUTH_ADMIN_ROLES",
                            "value": "admin",
                            "value_from": []
                          },
                          {
                            "name": "AUTH_AUDIENCE",
                            "value": "simitor",
                            "value_from": []
                          },
                          {
                            "name": "AUTH_CLAIM_EMAIL",
                            "value": "email",
                            "value_from": []
                          },
                          {
                            "name": "AUTH_CLAIM_GROUPS",
                            "value": "groups",
                            "value_from": []
                          },
                          {
                            "name": "AUTH_CLAIM_ORG_ID",
                            "value": "org_id",
                            "value_from": []
                          },
                          {
                            "name": "AUTH_CLAIM_ROLES",
                            "value": "roles",
                            "value_from": []
                          },
                          {
                            "name": "AUTH_CLAIM_SITE_ID",
                            "value": "site_id",
                            "value_from": []
                          },
                          {
                            "name": "AUTH_CLAIM_STREAM_ID",
                            "value": "stream_id",
                            "value_from": []
                          },
                          {
                            "name": "AUTH_CLAIM_SUB",
                            "value": "sub",
                            "value_from": []
                          },
                          {
                            "name": "AUTH_GATEWAY_USERINFO",
                            "value": "1",
                            "value_from": []
                          },
                          {
                            "name": "AUTH_ISSUER",
                            "value": "https://securetoken.google.com/simitor",
                            "value_from": []
                          },
                          {
                            "name": "AUTH_JWKS_URI",
                            "value": "https://www.googleapis.com/service_accounts/v1/metadata/x509/securetoken@system.gserviceaccount.com",
                            "value_from": []
                          },
                          {
                            "name": "AUTH_JWT_ALGORITHMS",
                            "value": "RS256",
                            "value_from": []
                          },
                          {
                            "name": "AUTH_JWT_LEEWAY_SECONDS",
                            "value": "0",
                            "value_from": []
                          },
                          {
                            "name": "AUTH_REQUIRED_CLAIMS",
                            "value": "sub,iss,aud,exp,iat,org_id",
                            "value_from": []
                          },
                          {
                            "name": "CHAOS_REQUIRE_ADMIN",
                            "value": "1",
                            "value_from": []
                          },
                          {
                            "name": "CHUNK_OVERLAP_TOKENS",
                            "value": "50",
                            "value_from": []
                          },
                          {
                            "name": "CHUNK_TARGET_TOKENS",
                            "value": "512",
                            "value_from": []
                          },
                          {
                            "name": "CONTROL_PLANE_COLLECTION_PREFIX",
                            "value": "staging_",
                            "value_from": []
                          },
                          {
                            "name": "CONTROL_PLANE_FALLBACK_ON_EMPTY",
                            "value": "0",
                            "value_from": []
                          },
                          {
                            "name": "CONTROL_PLANE_READ_MODE",
                            "value": "primary",
                            "value_from": []
                          },
                          {
                            "name": "CONTROL_PLANE_STORE",
                            "value": "firestore",
                            "value_from": []
                          },
                          {
                            "name": "CONTROL_PLANE_WRITE_MODE",
                            "value": "single",
                            "value_from": []
                          },
                          {
                            "name": "ENV",
                            "value": "staging",
                            "value_from": []
                          },
                          {
                            "name": "GRAPH_BUCKET",
                            "value": "retikon-graph-simitor-staging",
                            "value_from": []
                          },
                          {
                            "name": "GRAPH_PREFIX",
                            "value": "retikon_v2",
                            "value_from": []
                          },
                          {
                            "name": "LOG_LEVEL",
                            "value": "INFO",
                            "value_from": []
                          },
                          {
                            "name": "MAX_AUDIO_SECONDS",
                            "value": "1200",
                            "value_from": []
                          },
                          {
                            "name": "MAX_FRAMES_PER_VIDEO",
                            "value": "600",
                            "value_from": []
                          },
                          {
                            "name": "MAX_RAW_BYTES",
                            "value": "500000000",
                            "value_from": []
                          },
                          {
                            "name": "MAX_VIDEO_SECONDS",
                            "value": "300",
                            "value_from": []
                          },
                          {
                            "name": "RAW_BUCKET",
                            "value": "retikon-raw-simitor-staging",
                            "value_from": []
                          },
                          {
                            "name": "STORAGE_BACKEND",
                            "value": "gcs",
                            "value_from": []
                          }
                        ],
                        "env_from": [],
                        "image": "us-central1-docker.pkg.dev/simitor/retikon-repo/retikon-workflows:dev-20260202-123333",
                        "liveness_probe": [],
                        "name": "",
                        "ports": [
                          {
                            "container_port": 8080,
                            "name": "http1",
                            "protocol": ""
                          }
                        ],
                        "resources": [
                          {
                            "limits": {
                              "cpu": "1000m",
                              "memory": "1Gi"
                            },
                            "requests": {}
                          }
                        ],
                        "startup_probe": [
                          {
                            "failure_threshold": 1,
                            "grpc": [],
                            "http_get": [],
                            "initial_delay_seconds": 0,
                            "period_seconds": 240,
                            "tcp_socket": [
                              {
                                "port": 8080
                              }
                            ],
                            "timeout_seconds": 240
                          }
                        ],
                        "volume_mounts": [],
                        "working_dir": ""
                      }
                    ],
                    "service_account_name": "retikon-chaos-sa-staging@simitor.iam.gserviceaccount.com",
                    "serving_state": "",
                    "timeout_seconds": 60,
                    "volumes": []
                  }
                ]
              }
            ],
            "timeouts": null,
            "traffic": [
              {
                "latest_revision": true,
                "percent": 100,
                "revision_name": "",
                "tag": "",
                "url": ""
              }
            ]
          },
          "sensitive_attributes": [],
          "private": "eyJlMmJmYjczMC1lY2FhLTExZTYtOGY4OC0zNDM2M2JjN2M0YzAiOnsiY3JlYXRlIjoxMjAwMDAwMDAwMDAwLCJkZWxldGUiOjEyMDAwMDAwMDAwMDAsInVwZGF0ZSI6MTIwMDAwMDAwMDAwMH0sInNjaGVtYV92ZXJzaW9uIjoiMiJ9",
          "dependencies": [
            "google_service_account.chaos",
            "google_storage_bucket.graph",
            "google_storage_bucket.raw"
          ],
          "create_before_destroy": true
        }
      ]
    },
    {
      "mode": "managed",
      "type": "google_cloud_run_service",
      "name": "data_factory",
      "provider": "provider[\"registry.terraform.io/hashicorp/google\"]",
      "instances": [
        {
          "schema_version": 2,
          "attributes": {
            "autogenerate_revision_name": true,
            "id": "locations/us-central1/namespaces/simitor/services/retikon-data-factory-staging",
            "location": "us-central1",
            "metadata": [
              {
                "annotations": {
                  "run.googleapis.com/ingress": "all"
                },
                "effective_annotations": {
                  "run.googleapis.com/ingress": "all",
                  "run.googleapis.com/ingress-status": "all",
                  "run.googleapis.com/maxScale": "20",
                  "run.googleapis.com/operation-id": "eb45911b-dc30-4770-abaa-70b2c03f800c",
                  "run.googleapis.com/urls": "[\"https://retikon-data-factory-staging-423745254982.us-central1.run.app\",\"https://retikon-data-factory-staging-yt27ougp4q-uc.a.run.app\"]",
                  "serving.knative.dev/creator": "svbailey@gmail.com",
                  "serving.knative.dev/lastModifier": "svbailey@gmail.com"
                },
                "effective_labels": {
                  "cloud.googleapis.com/location": "us-central1"
                },
                "generation": 10,
                "labels": {},
                "namespace": "simitor",
                "resource_version": "AAZJ2GIrxEY",
                "self_link": "/apis/serving.knative.dev/v1/namespaces/423745254982/services/retikon-data-factory-staging",
                "terraform_labels": {},
                "uid": "40323091-b61e-40c3-ba45-862a28340c36"
              }
            ],
            "name": "retikon-data-factory-staging",
            "project": "simitor",
            "status": [
              {
                "conditions": [
                  {
                    "message": "",
                    "reason": "",
                    "status": "True",
                    "type": "Ready"
                  },
                  {
                    "message": "",
                    "reason": "",
                    "status": "True",
                    "type": "ConfigurationsReady"
                  },
                  {
                    "message": "",
                    "reason": "",
                    "status": "True",
                    "type": "RoutesReady"
                  }
                ],
                "latest_created_revision_name": "retikon-data-factory-staging-00010-mf6",
                "latest_ready_revision_name": "retikon-data-factory-staging-00010-mf6",
                "observed_generation": 10,
                "traffic": [
                  {
                    "latest_revision": true,
                    "percent": 100,
                    "revision_name": "retikon-data-factory-staging-00010-mf6",
                    "tag": "",
                    "url": ""
                  }
                ],
                "url": "https://retikon-data-factory-staging-yt27ougp4q-uc.a.run.app"
              }
            ],
            "template": [
              {
                "metadata": [
                  {
                    "annotations": {
                      "autoscaling.knative.dev/maxScale": "5",
                      "autoscaling.knative.dev/minScale": "0"
                    },
                    "generation": 0,
                    "labels": {
                      "run.googleapis.com/startupProbeType": "Default"
                    },
                    "name": "",
                    "namespace": "",
                    "resource_version": "",
                    "self_link": "",
                    "uid": ""
                  }
                ],
                "spec": [
                  {
                    "container_concurrency": 10,
                    "containers": [
                      {
                        "args": [],
                        "command": [],
                        "env": [
                          {
                            "name": "APP_MODULE",
                            "value": "gcp_adapter.data_factory_service:app",
                            "value_from": []
                          },
                          {
                            "name": "AUTH_ADMIN_GROUPS",
                            "value": "admins",
                            "value_from": []
                          },
                          {
                            "name": "AUTH_ADMIN_ROLES",
                            "value": "admin",
                            "value_from": []
                          },
                          {
                            "name": "AUTH_AUDIENCE",
                            "value": "simitor",
                            "value_from": []
                          },
                          {
                            "name": "AUTH_CLAIM_EMAIL",
                            "value": "email",
                            "value_from": []
                          },
                          {
                            "name": "AUTH_CLAIM_GROUPS",
                            "value": "groups",
                            "value_from": []
                          },
                          {
                            "name": "AUTH_CLAIM_ORG_ID",
                            "value": "org_id",
                            "value_from": []
                          },
                          {
                            "name": "AUTH_CLAIM_ROLES",
                            "value": "roles",
                            "value_from": []
                          },
                          {
                            "name": "AUTH_CLAIM_SITE_ID",
                            "value": "site_id",
                            "value_from": []
                          },
                          {
                            "name": "AUTH_CLAIM_STREAM_ID",
                            "value": "stream_id",
                            "value_from": []
                          },
                          {
                            "name": "AUTH_CLAIM_SUB",
                            "value": "sub",
                            "value_from": []
                          },
                          {
                            "name": "AUTH_GATEWAY_USERINFO",
                            "value": "1",
                            "value_from": []
                          },
                          {
                            "name": "AUTH_ISSUER",
                            "value": "https://securetoken.google.com/simitor",
                            "value_from": []
                          },
                          {
                            "name": "AUTH_JWKS_URI",
                            "value": "https://www.googleapis.com/service_accounts/v1/metadata/x509/securetoken@system.gserviceaccount.com",
                            "value_from": []
                          },
                          {
                            "name": "AUTH_JWT_ALGORITHMS",
                            "value": "RS256",
                            "value_from": []
                          },
                          {
                            "name": "AUTH_JWT_LEEWAY_SECONDS",
                            "value": "0",
                            "value_from": []
                          },
                          {
                            "name": "AUTH_REQUIRED_CLAIMS",
                            "value": "sub,iss,aud,exp,iat,org_id",
                            "value_from": []
                          },
                          {
                            "name": "CHUNK_OVERLAP_TOKENS",
                            "value": "50",
                            "value_from": []
                          },
                          {
                            "name": "CHUNK_TARGET_TOKENS",
                            "value": "512",
                            "value_from": []
                          },
                          {
                            "name": "CONTROL_PLANE_COLLECTION_PREFIX",
                            "value": "staging_",
                            "value_from": []
                          },
                          {
                            "name": "CONTROL_PLANE_FALLBACK_ON_EMPTY",
                            "value": "0",
                            "value_from": []
                          },
                          {
                            "name": "CONTROL_PLANE_READ_MODE",
                            "value": "primary",
                            "value_from": []
                          },
                          {
                            "name": "CONTROL_PLANE_STORE",
                            "value": "firestore",
                            "value_from": []
                          },
                          {
                            "name": "CONTROL_PLANE_WRITE_MODE",
                            "value": "single",
                            "value_from": []
                          },
                          {
                            "name": "DATA_FACTORY_REQUIRE_ADMIN",
                            "value": "1",
                            "value_from": []
                          },
                          {
                            "name": "ENV",
                            "value": "staging",
                            "value_from": []
                          },
                          {
                            "name": "GRAPH_BUCKET",
                            "value": "retikon-graph-simitor-staging",
                            "value_from": []
                          },
                          {
                            "name": "GRAPH_PREFIX",
                            "value": "retikon_v2",
                            "value_from": []
                          },
                          {
                            "name": "LOG_LEVEL",
                            "value": "INFO",
                            "value_from": []
                          },
                          {
                            "name": "MAX_AUDIO_SECONDS",
                            "value": "1200",
                            "value_from": []
                          },
                          {
                            "name": "MAX_FRAMES_PER_VIDEO",
                            "value": "600",
                            "value_from": []
                          },
                          {
                            "name": "MAX_RAW_BYTES",
                            "value": "500000000",
                            "value_from": []
                          },
                          {
                            "name": "MAX_VIDEO_SECONDS",
                            "value": "300",
                            "value_from": []
                          },
                          {
                            "name": "OFFICE_CONVERSION_BACKEND",
                            "value": "stub",
                            "value_from": []
                          },
                          {
                            "name": "OFFICE_CONVERSION_MODE",
                            "value": "inline",
                            "value_from": []
                          },
                          {
                            "name": "RAW_BUCKET",
                            "value": "retikon-raw-simitor-staging",
                            "value_from": []
                          },
                          {
                            "name": "STORAGE_BACKEND",
                            "value": "gcs",
                            "value_from": []
                          },
                          {
                            "name": "TRAINING_RUN_MODE",
                            "value": "inline",
                            "value_from": []
                          }
                        ],
                        "env_from": [],
                        "image": "us-central1-docker.pkg.dev/simitor/retikon-repo/retikon-workflows:dev-20260202-123333",
                        "liveness_probe": [],
                        "name": "",
                        "ports": [
                          {
                            "container_port": 8080,
                            "name": "http1",
                            "protocol": ""
                          }
                        ],
                        "resources": [
                          {
                            "limits": {
                              "cpu": "1000m",
                              "memory": "1Gi"
                            },
                            "requests": {}
                          }
                        ],
                        "startup_probe": [
                          {
                            "failure_threshold": 1,
                            "grpc": [],
                            "http_get": [],
                            "initial_delay_seconds": 0,
                            "period_seconds": 240,
                            "tcp_socket": [
                              {
                                "port": 8080
                              }
                            ],
                            "timeout_seconds": 240
                          }
                        ],
                        "volume_mounts": [],
                        "working_dir": ""
                      }
                    ],
                    "service_account_name": "retikon-data-factory-stg@simitor.iam.gserviceaccount.com",
                    "serving_state": "",
                    "timeout_seconds": 120,
                    "volumes": []
                  }
                ]
              }
            ],
            "timeouts": null,
            "traffic": [
              {
                "latest_revision": true,
                "percent": 100,
                "revision_name": "",
                "tag": "",
                "url": ""
              }
            ]
          },
          "sensitive_attributes": [],
          "private": "eyJlMmJmYjczMC1lY2FhLTExZTYtOGY4OC0zNDM2M2JjN2M0YzAiOnsiY3JlYXRlIjoxMjAwMDAwMDAwMDAwLCJkZWxldGUiOjEyMDAwMDAwMDAwMDAsInVwZGF0ZSI6MTIwMDAwMDAwMDAwMH0sInNjaGVtYV92ZXJzaW9uIjoiMiJ9",
          "dependencies": [
            "google_service_account.data_factory",
            "google_storage_bucket.graph",
            "google_storage_bucket.raw"
          ],
          "create_before_destroy": true
        }
      ]
    },
    {
      "mode": "managed",
      "type": "google_cloud_run_service",
      "name": "dev_console",
      "provider": "provider[\"registry.terraform.io/hashicorp/google\"]",
      "instances": [
        {
          "schema_version": 2,
          "attributes": {
            "autogenerate_revision_name": true,
            "id": "locations/us-central1/namespaces/simitor/services/retikon-dev-console-staging",
            "location": "us-central1",
            "metadata": [
              {
                "annotations": {
                  "run.googleapis.com/ingress": "all"
                },
                "effective_annotations": {
                  "run.googleapis.com/ingress": "all",
                  "run.googleapis.com/ingress-status": "all",
                  "run.googleapis.com/maxScale": "20",
                  "run.googleapis.com/operation-id": "45fb4e8c-5448-4ee6-a16c-aa94410d71d7",
                  "run.googleapis.com/urls": "[\"https://retikon-dev-console-staging-423745254982.us-central1.run.app\",\"https://retikon-dev-console-staging-yt27ougp4q-uc.a.run.app\"]",
                  "serving.knative.dev/creator": "svbailey@gmail.com",
                  "serving.knative.dev/lastModifier": "svbailey@gmail.com"
                },
                "effective_labels": {
                  "cloud.googleapis.com/location": "us-central1"
                },
                "generation": 7,
                "labels": {},
                "namespace": "simitor",
                "resource_version": "AAZJ2Gyo290",
                "self_link": "/apis/serving.knative.dev/v1/namespaces/423745254982/services/retikon-dev-console-staging",
                "terraform_labels": {},
                "uid": "84210989-79f2-4fcc-a5b5-df2050b53992"
              }
            ],
            "name": "retikon-dev-console-staging",
            "project": "simitor",
            "status": [
              {
                "conditions": [
                  {
                    "message": "",
                    "reason": "",
                    "status": "True",
                    "type": "Ready"
                  },
                  {
                    "message": "",
                    "reason": "",
                    "status": "True",
                    "type": "ConfigurationsReady"
                  },
                  {
                    "message": "",
                    "reason": "",
                    "status": "True",
                    "type": "RoutesReady"
                  }
                ],
                "latest_created_revision_name": "retikon-dev-console-staging-00007-jg5",
                "latest_ready_revision_name": "retikon-dev-console-staging-00007-jg5",
                "observed_generation": 7,
                "traffic": [
                  {
                    "latest_revision": true,
                    "percent": 100,
                    "revision_name": "retikon-dev-console-staging-00007-jg5",
                    "tag": "",
                    "url": ""
                  }
                ],
                "url": "https://retikon-dev-console-staging-yt27ougp4q-uc.a.run.app"
              }
            ],
            "template": [
              {
                "metadata": [
                  {
                    "annotations": {
                      "autoscaling.knative.dev/maxScale": "5"
                    },
                    "generation": 0,
                    "labels": {
                      "run.googleapis.com/startupProbeType": "Default"
                    },
                    "name": "",
                    "namespace": "",
                    "resource_version": "",
                    "self_link": "",
                    "uid": ""
                  }
                ],
                "spec": [
                  {
                    "container_concurrency": 10,
                    "containers": [
                      {
                        "args": [],
                        "command": [],
                        "env": [
                          {
                            "name": "APP_MODULE",
                            "value": "gcp_adapter.dev_console_service:app",
                            "value_from": []
                          },
                          {
                            "name": "AUTH_ADMIN_GROUPS",
                            "value": "admins",
                            "value_from": []
                          },
                          {
                            "name": "AUTH_ADMIN_ROLES",
                            "value": "admin",
                            "value_from": []
                          },
                          {
                            "name": "AUTH_AUDIENCE",
                            "value": "simitor",
                            "value_from": []
                          },
                          {
                            "name": "AUTH_CLAIM_EMAIL",
                            "value": "email",
                            "value_from": []
                          },
                          {
                            "name": "AUTH_CLAIM_GROUPS",
                            "value": "groups",
                            "value_from": []
                          },
                          {
                            "name": "AUTH_CLAIM_ORG_ID",
                            "value": "org_id",
                            "value_from": []
                          },
                          {
                            "name": "AUTH_CLAIM_ROLES",
                            "value": "roles",
                            "value_from": []
                          },
                          {
                            "name": "AUTH_CLAIM_SITE_ID",
                            "value": "site_id",
                            "value_from": []
                          },
                          {
                            "name": "AUTH_CLAIM_STREAM_ID",
                            "value": "stream_id",
                            "value_from": []
                          },
                          {
                            "name": "AUTH_CLAIM_SUB",
                            "value": "sub",
                            "value_from": []
                          },
                          {
                            "name": "AUTH_GATEWAY_USERINFO",
                            "value": "1",
                            "value_from": []
                          },
                          {
                            "name": "AUTH_ISSUER",
                            "value": "https://securetoken.google.com/simitor",
                            "value_from": []
                          },
                          {
                            "name": "AUTH_JWKS_URI",
                            "value": "https://www.googleapis.com/service_accounts/v1/metadata/x509/securetoken@system.gserviceaccount.com",
                            "value_from": []
                          },
                          {
                            "name": "AUTH_JWT_ALGORITHMS",
                            "value": "RS256",
                            "value_from": []
                          },
                          {
                            "name": "AUTH_JWT_LEEWAY_SECONDS",
                            "value": "0",
                            "value_from": []
                          },
                          {
                            "name": "AUTH_REQUIRED_CLAIMS",
                            "value": "sub,iss,aud,exp,iat,org_id",
                            "value_from": []
                          },
                          {
                            "name": "CONTROL_PLANE_COLLECTION_PREFIX",
                            "value": "staging_",
                            "value_from": []
                          },
                          {
                            "name": "CONTROL_PLANE_FALLBACK_ON_EMPTY",
                            "value": "0",
                            "value_from": []
                          },
                          {
                            "name": "CONTROL_PLANE_READ_MODE",
                            "value": "primary",
                            "value_from": []
                          },
                          {
                            "name": "CONTROL_PLANE_STORE",
                            "value": "firestore",
                            "value_from": []
                          },
                          {
                            "name": "CONTROL_PLANE_WRITE_MODE",
                            "value": "single",
                            "value_from": []
                          },
                          {
                            "name": "ENV",
                            "value": "staging",
                            "value_from": []
                          },
                          {
                            "name": "GRAPH_BUCKET",
                            "value": "retikon-graph-simitor-staging",
                            "value_from": []
                          },
                          {
                            "name": "GRAPH_PREFIX",
                            "value": "retikon_v2",
                            "value_from": []
                          },
                          {
                            "name": "INDEX_JOB_NAME",
                            "value": "retikon-index-builder-staging",
                            "value_from": []
                          },
                          {
                            "name": "INDEX_JOB_REGION",
                            "value": "us-central1",
                            "value_from": []
                          },
                          {
                            "name": "LOG_LEVEL",
                            "value": "INFO",
                            "value_from": []
                          },
                          {
                            "name": "MAX_PREVIEW_BYTES",
                            "value": "5242880",
                            "value_from": []
                          },
                          {
                            "name": "MAX_RAW_BYTES",
                            "value": "500000000",
                            "value_from": []
                          },
                          {
                            "name": "PROJECT_ID",
                            "value": "simitor",
                            "value_from": []
                          },
                          {
                            "name": "QUERY_SERVICE_URL",
                            "value": "https://retikon-query-staging-yt27ougp4q-uc.a.run.app",
                            "value_from": []
                          },
                          {
                            "name": "RAW_BUCKET",
                            "value": "retikon-raw-simitor-staging",
                            "value_from": []
                          },
                          {
                            "name": "RAW_PREFIX",
                            "value": "raw",
                            "value_from": []
                          },
                          {
                            "name": "SNAPSHOT_URI",
                            "value": "gs://retikon-graph-simitor-staging/retikon_v2/snapshots/retikon.duckdb",
                            "value_from": []
                          },
                          {
                            "name": "STORAGE_BACKEND",
                            "value": "gcs",
                            "value_from": []
                          }
                        ],
                        "env_from": [],
                        "image": "us-central1-docker.pkg.dev/simitor/retikon-repo/retikon-dev-console:dev-20260202-123333",
                        "liveness_probe": [],
                        "name": "",
                        "ports": [
                          {
                            "container_port": 8080,
                            "name": "http1",
                            "protocol": ""
                          }
                        ],
                        "resources": [
                          {
                            "limits": {
                              "cpu": "1000m",
                              "memory": "1Gi"
                            },
                            "requests": {}
                          }
                        ],
                        "startup_probe": [
                          {
                            "failure_threshold": 1,
                            "grpc": [],
                            "http_get": [],
                            "initial_delay_seconds": 0,
                            "period_seconds": 240,
                            "tcp_socket": [
                              {
                                "port": 8080
                              }
                            ],
                            "timeout_seconds": 240
                          }
                        ],
                        "volume_mounts": [],
                        "working_dir": ""
                      }
                    ],
                    "service_account_name": "retikon-dev-console-sa-staging@simitor.iam.gserviceaccount.com",
                    "serving_state": "",
                    "timeout_seconds": 300,
                    "volumes": []
                  }
                ]
              }
            ],
            "timeouts": null,
            "traffic": [
              {
                "latest_revision": true,
                "percent": 100,
                "revision_name": "",
                "tag": "",
                "url": ""
              }
            ]
          },
          "sensitive_attributes": [],
          "private": "eyJlMmJmYjczMC1lY2FhLTExZTYtOGY4OC0zNDM2M2JjN2M0YzAiOnsiY3JlYXRlIjoxMjAwMDAwMDAwMDAwLCJkZWxldGUiOjEyMDAwMDAwMDAwMDAsInVwZGF0ZSI6MTIwMDAwMDAwMDAwMH0sInNjaGVtYV92ZXJzaW9uIjoiMiJ9",
          "dependencies": [
            "data.google_compute_network.default",
            "google_cloud_run_service.query",
            "google_cloud_run_v2_job.index_builder",
            "google_redis_instance.rate_limit",
            "google_service_account.dev_console",
            "google_service_account.index_builder",
            "google_service_account.query",
            "google_storage_bucket.graph",
            "google_storage_bucket.raw",
            "google_vpc_access_connector.serverless"
          ],
          "create_before_destroy": true
        }
      ]
    },
    {
      "mode": "managed",
      "type": "google_cloud_run_service",
      "name": "edge_gateway",
      "provider": "provider[\"registry.terraform.io/hashicorp/google\"]",
      "instances": [
        {
          "schema_version": 2,
          "attributes": {
            "autogenerate_revision_name": true,
            "id": "locations/us-central1/namespaces/simitor/services/retikon-edge-gateway-staging",
            "location": "us-central1",
            "metadata": [
              {
                "annotations": {
                  "run.googleapis.com/ingress": "all"
                },
                "effective_annotations": {
                  "run.googleapis.com/ingress": "all",
                  "run.googleapis.com/ingress-status": "all",
                  "run.googleapis.com/maxScale": "20",
                  "run.googleapis.com/operation-id": "49606a36-c5bb-4d28-9d0d-76958e509423",
                  "run.googleapis.com/urls": "[\"https://retikon-edge-gateway-staging-423745254982.us-central1.run.app\",\"https://retikon-edge-gateway-staging-yt27ougp4q-uc.a.run.app\"]",
                  "serving.knative.dev/creator": "svbailey@gmail.com",
                  "serving.knative.dev/lastModifier": "svbailey@gmail.com"
                },
                "effective_labels": {
                  "cloud.googleapis.com/location": "us-central1"
                },
                "generation": 7,
                "labels": {},
                "namespace": "simitor",
                "resource_version": "AAZJ2GH9ddc",
                "self_link": "/apis/serving.knative.dev/v1/namespaces/423745254982/services/retikon-edge-gateway-staging",
                "terraform_labels": {},
                "uid": "f8e7445d-9aab-4b09-a9f4-b27a558d4235"
              }
            ],
            "name": "retikon-edge-gateway-staging",
            "project": "simitor",
            "status": [
              {
                "conditions": [
                  {
                    "message": "",
                    "reason": "",
                    "status": "True",
                    "type": "Ready"
                  },
                  {
                    "message": "",
                    "reason": "",
                    "status": "True",
                    "type": "ConfigurationsReady"
                  },
                  {
                    "message": "",
                    "reason": "",
                    "status": "True",
                    "type": "RoutesReady"
                  }
                ],
                "latest_created_revision_name": "retikon-edge-gateway-staging-00007-96z",
                "latest_ready_revision_name": "retikon-edge-gateway-staging-00007-96z",
                "observed_generation": 7,
                "traffic": [
                  {
                    "latest_revision": true,
                    "percent": 100,
                    "revision_name": "retikon-edge-gateway-staging-00007-96z",
                    "tag": "",
                    "url": ""
                  }
                ],
                "url": "https://retikon-edge-gateway-staging-yt27ougp4q-uc.a.run.app"
              }
            ],
            "template": [
              {
                "metadata": [
                  {
                    "annotations": {
                      "autoscaling.knative.dev/maxScale": "20"
                    },
                    "generation": 0,
                    "labels": {
                      "run.googleapis.com/startupProbeType": "Default"
                    },
                    "name": "",
                    "namespace": "",
                    "resource_version": "",
                    "self_link": "",
                    "uid": ""
                  }
                ],
                "spec": [
                  {
                    "container_concurrency": 10,
                    "containers": [
                      {
                        "args": [],
                        "command": [],
                        "env": [
                          {
                            "name": "APP_MODULE",
                            "value": "gcp_adapter.edge_gateway_service:app",
                            "value_from": []
                          },
                          {
                            "name": "AUTH_ADMIN_GROUPS",
                            "value": "admins",
                            "value_from": []
                          },
                          {
                            "name": "AUTH_ADMIN_ROLES",
                            "value": "admin",
                            "value_from": []
                          },
                          {
                            "name": "AUTH_AUDIENCE",
                            "value": "simitor",
                            "value_from": []
                          },
                          {
                            "name": "AUTH_CLAIM_EMAIL",
                            "value": "email",
                            "value_from": []
                          },
                          {
                            "name": "AUTH_CLAIM_GROUPS",
                            "value": "groups",
                            "value_from": []
                          },
                          {
                            "name": "AUTH_CLAIM_ORG_ID",
                            "value": "org_id",
                            "value_from": []
                          },
                          {
                            "name": "AUTH_CLAIM_ROLES",
                            "value": "roles",
                            "value_from": []
                          },
                          {
                            "name": "AUTH_CLAIM_SITE_ID",
                            "value": "site_id",
                            "value_from": []
                          },
                          {
                            "name": "AUTH_CLAIM_STREAM_ID",
                            "value": "stream_id",
                            "value_from": []
                          },
                          {
                            "name": "AUTH_CLAIM_SUB",
                            "value": "sub",
                            "value_from": []
                          },
                          {
                            "name": "AUTH_ISSUER",
                            "value": "https://securetoken.google.com/simitor",
                            "value_from": []
                          },
                          {
                            "name": "AUTH_JWKS_URI",
                            "value": "https://www.googleapis.com/service_accounts/v1/metadata/x509/securetoken@system.gserviceaccount.com",
                            "value_from": []
                          },
                          {
                            "name": "AUTH_JWT_ALGORITHMS",
                            "value": "RS256",
                            "value_from": []
                          },
                          {
                            "name": "AUTH_JWT_LEEWAY_SECONDS",
                            "value": "0",
                            "value_from": []
                          },
                          {
                            "name": "AUTH_REQUIRED_CLAIMS",
                            "value": "sub,iss,aud,exp,iat,org_id",
                            "value_from": []
                          },
                          {
                            "name": "CONTROL_PLANE_COLLECTION_PREFIX",
                            "value": "staging_",
                            "value_from": []
                          },
                          {
                            "name": "CONTROL_PLANE_FALLBACK_ON_EMPTY",
                            "value": "0",
                            "value_from": []
                          },
                          {
                            "name": "CONTROL_PLANE_READ_MODE",
                            "value": "primary",
                            "value_from": []
                          },
                          {
                            "name": "CONTROL_PLANE_STORE",
                            "value": "firestore",
                            "value_from": []
                          },
                          {
                            "name": "CONTROL_PLANE_WRITE_MODE",
                            "value": "single",
                            "value_from": []
                          },
                          {
                            "name": "EDGE_BACKLOG_HIGH",
                            "value": "100",
                            "value_from": []
                          },
                          {
                            "name": "EDGE_BACKLOG_LOW",
                            "value": "10",
                            "value_from": []
                          },
                          {
                            "name": "EDGE_BACKPRESSURE_HARD",
                            "value": "2000",
                            "value_from": []
                          },
                          {
                            "name": "EDGE_BACKPRESSURE_MAX",
                            "value": "1000",
                            "value_from": []
                          },
                          {
                            "name": "EDGE_BATCH_MAX",
                            "value": "50",
                            "value_from": []
                          },
                          {
                            "name": "EDGE_BATCH_MIN",
                            "value": "1",
                            "value_from": []
                          },
                          {
                            "name": "EDGE_BUFFER_DIR",
                            "value": "/tmp/retikon_edge_buffer",
                            "value_from": []
                          },
                          {
                            "name": "EDGE_BUFFER_MAX_BYTES",
                            "value": "2147483648",
                            "value_from": []
                          },
                          {
                            "name": "EDGE_BUFFER_TTL_SECONDS",
                            "value": "86400",
                            "value_from": []
                          },
                          {
                            "name": "ENV",
                            "value": "staging",
                            "value_from": []
                          },
                          {
                            "name": "LOG_LEVEL",
                            "value": "INFO",
                            "value_from": []
                          },
                          {
                            "name": "MAX_RAW_BYTES",
                            "value": "500000000",
                            "value_from": []
                          },
                          {
                            "name": "RAW_BUCKET",
                            "value": "retikon-raw-simitor-staging",
                            "value_from": []
                          },
                          {
                            "name": "RAW_PREFIX",
                            "value": "raw",
                            "value_from": []
                          },
                          {
                            "name": "STORAGE_BACKEND",
                            "value": "gcs",
                            "value_from": []
                          }
                        ],
                        "env_from": [],
                        "image": "us-central1-docker.pkg.dev/simitor/retikon-repo/retikon-edge-gateway:dev-20260202-123333",
                        "liveness_probe": [],
                        "name": "",
                        "ports": [
                          {
                            "container_port": 8080,
                            "name": "http1",
                            "protocol": ""
                          }
                        ],
                        "resources": [
                          {
                            "limits": {
                              "cpu": "1000m",
                              "memory": "1Gi"
                            },
                            "requests": {}
                          }
                        ],
                        "startup_probe": [
                          {
                            "failure_threshold": 1,
                            "grpc": [],
                            "http_get": [],
                            "initial_delay_seconds": 0,
                            "period_seconds": 240,
                            "tcp_socket": [
                              {
                                "port": 8080
                              }
                            ],
                            "timeout_seconds": 240
                          }
                        ],
                        "volume_mounts": [],
                        "working_dir": ""
                      }
                    ],
                    "service_account_name": "retikon-edge-gateway-staging@simitor.iam.gserviceaccount.com",
                    "serving_state": "",
                    "timeout_seconds": 300,
                    "volumes": []
                  }
                ]
              }
            ],
            "timeouts": null,
            "traffic": [
              {
                "latest_revision": true,
                "percent": 100,
                "revision_name": "",
                "tag": "",
                "url": ""
              }
            ]
          },
          "sensitive_attributes": [],
          "private": "eyJlMmJmYjczMC1lY2FhLTExZTYtOGY4OC0zNDM2M2JjN2M0YzAiOnsiY3JlYXRlIjoxMjAwMDAwMDAwMDAwLCJkZWxldGUiOjEyMDAwMDAwMDAwMDAsInVwZGF0ZSI6MTIwMDAwMDAwMDAwMH0sInNjaGVtYV92ZXJzaW9uIjoiMiJ9",
          "dependencies": [
            "google_service_account.edge_gateway",
            "google_storage_bucket.raw"
          ],
          "create_before_destroy": true
        }
      ]
    },
    {
      "mode": "managed",
      "type": "google_cloud_run_service",
      "name": "fleet",
      "provider": "provider[\"registry.terraform.io/hashicorp/google\"]",
      "instances": [
        {
          "schema_version": 2,
          "attributes": {
            "autogenerate_revision_name": true,
            "id": "locations/us-central1/namespaces/simitor/services/retikon-fleet-staging",
            "location": "us-central1",
            "metadata": [
              {
                "annotations": {
                  "run.googleapis.com/ingress": "all"
                },
                "effective_annotations": {
                  "run.googleapis.com/ingress": "all",
                  "run.googleapis.com/ingress-status": "all",
                  "run.googleapis.com/maxScale": "20",
                  "run.googleapis.com/operation-id": "6ad247ab-4258-4adc-95fc-3d84a8322f55",
                  "run.googleapis.com/urls": "[\"https://retikon-fleet-staging-423745254982.us-central1.run.app\",\"https://retikon-fleet-staging-yt27ougp4q-uc.a.run.app\"]",
                  "serving.knative.dev/creator": "svbailey@gmail.com",
                  "serving.knative.dev/lastModifier": "svbailey@gmail.com"
                },
                "effective_labels": {
                  "cloud.googleapis.com/location": "us-central1"
                },
                "generation": 10,
                "labels": {},
                "namespace": "simitor",
                "resource_version": "AAZJ2GIrt/w",
                "self_link": "/apis/serving.knative.dev/v1/namespaces/423745254982/services/retikon-fleet-staging",
                "terraform_labels": {},
                "uid": "314ade16-cc56-405e-b5a3-c365c72c00f8"
              }
            ],
            "name": "retikon-fleet-staging",
            "project": "simitor",
            "status": [
              {
                "conditions": [
                  {
                    "message": "",
                    "reason": "",
                    "status": "True",
                    "type": "Ready"
                  },
                  {
                    "message": "",
                    "reason": "",
                    "status": "True",
                    "type": "ConfigurationsReady"
                  },
                  {
                    "message": "",
                    "reason": "",
                    "status": "True",
                    "type": "RoutesReady"
                  }
                ],
                "latest_created_revision_name": "retikon-fleet-staging-00010-6wl",
                "latest_ready_revision_name": "retikon-fleet-staging-00010-6wl",
                "observed_generation": 10,
                "traffic": [
                  {
                    "latest_revision": true,
                    "percent": 100,
                    "revision_name": "retikon-fleet-staging-00010-6wl",
                    "tag": "",
                    "url": ""
                  }
                ],
                "url": "https://retikon-fleet-staging-yt27ougp4q-uc.a.run.app"
              }
            ],
            "template": [
              {
                "metadata": [
                  {
                    "annotations": {
                      "autoscaling.knative.dev/maxScale": "5",
                      "autoscaling.knative.dev/minScale": "0"
                    },
                    "generation": 0,
                    "labels": {
                      "run.googleapis.com/startupProbeType": "Default"
                    },
                    "name": "",
                    "namespace": "",
                    "resource_version": "",
                    "self_link": "",
                    "uid": ""
                  }
                ],
                "spec": [
                  {
                    "container_concurrency": 10,
                    "containers": [
                      {
                        "args": [],
                        "command": [],
                        "env": [
                          {
                            "name": "APP_MODULE",
                            "value": "gcp_adapter.fleet_service:app",
                            "value_from": []
                          },
                          {
                            "name": "AUTH_ADMIN_GROUPS",
                            "value": "admins",
                            "value_from": []
                          },
                          {
                            "name": "AUTH_ADMIN_ROLES",
                            "value": "admin",
                            "value_from": []
                          },
                          {
                            "name": "AUTH_AUDIENCE",
                            "value": "simitor",
                            "value_from": []
                          },
                          {
                            "name": "AUTH_CLAIM_EMAIL",
                            "value": "email",
                            "value_from": []
                          },
                          {
                            "name": "AUTH_CLAIM_GROUPS",
                            "value": "groups",
                            "value_from": []
                          },
                          {
                            "name": "AUTH_CLAIM_ORG_ID",
                            "value": "org_id",
                            "value_from": []
                          },
                          {
                            "name": "AUTH_CLAIM_ROLES",
                            "value": "roles",
                            "value_from": []
                          },
                          {
                            "name": "AUTH_CLAIM_SITE_ID",
                            "value": "site_id",
                            "value_from": []
                          },
                          {
                            "name": "AUTH_CLAIM_STREAM_ID",
                            "value": "stream_id",
                            "value_from": []
                          },
                          {
                            "name": "AUTH_CLAIM_SUB",
                            "value": "sub",
                            "value_from": []
                          },
                          {
                            "name": "AUTH_GATEWAY_USERINFO",
                            "value": "1",
                            "value_from": []
                          },
                          {
                            "name": "AUTH_ISSUER",
                            "value": "https://securetoken.google.com/simitor",
                            "value_from": []
                          },
                          {
                            "name": "AUTH_JWKS_URI",
                            "value": "https://www.googleapis.com/service_accounts/v1/metadata/x509/securetoken@system.gserviceaccount.com",
                            "value_from": []
                          },
                          {
                            "name": "AUTH_JWT_ALGORITHMS",
                            "value": "RS256",
                            "value_from": []
                          },
                          {
                            "name": "AUTH_JWT_LEEWAY_SECONDS",
                            "value": "0",
                            "value_from": []
                          },
                          {
                            "name": "AUTH_REQUIRED_CLAIMS",
                            "value": "sub,iss,aud,exp,iat,org_id",
                            "value_from": []
                          },
                          {
                            "name": "CHUNK_OVERLAP_TOKENS",
                            "value": "50",
                            "value_from": []
                          },
                          {
                            "name": "CHUNK_TARGET_TOKENS",
                            "value": "512",
                            "value_from": []
                          },
                          {
                            "name": "CONTROL_PLANE_COLLECTION_PREFIX",
                            "value": "staging_",
                            "value_from": []
                          },
                          {
                            "name": "CONTROL_PLANE_FALLBACK_ON_EMPTY",
                            "value": "0",
                            "value_from": []
                          },
                          {
                            "name": "CONTROL_PLANE_READ_MODE",
                            "value": "primary",
                            "value_from": []
                          },
                          {
                            "name": "CONTROL_PLANE_STORE",
                            "value": "firestore",
                            "value_from": []
                          },
                          {
                            "name": "CONTROL_PLANE_WRITE_MODE",
                            "value": "single",
                            "value_from": []
                          },
                          {
                            "name": "ENV",
                            "value": "staging",
                            "value_from": []
                          },
                          {
                            "name": "FLEET_REQUIRE_ADMIN",
                            "value": "1",
                            "value_from": []
                          },
                          {
                            "name": "GRAPH_BUCKET",
                            "value": "retikon-graph-simitor-staging",
                            "value_from": []
                          },
                          {
                            "name": "GRAPH_PREFIX",
                            "value": "retikon_v2",
                            "value_from": []
                          },
                          {
                            "name": "LOG_LEVEL",
                            "value": "INFO",
                            "value_from": []
                          },
                          {
                            "name": "MAX_AUDIO_SECONDS",
                            "value": "1200",
                            "value_from": []
                          },
                          {
                            "name": "MAX_FRAMES_PER_VIDEO",
                            "value": "600",
                            "value_from": []
                          },
                          {
                            "name": "MAX_RAW_BYTES",
                            "value": "500000000",
                            "value_from": []
                          },
                          {
                            "name": "MAX_VIDEO_SECONDS",
                            "value": "300",
                            "value_from": []
                          },
                          {
                            "name": "RAW_BUCKET",
                            "value": "retikon-raw-simitor-staging",
                            "value_from": []
                          },
                          {
                            "name": "STORAGE_BACKEND",
                            "value": "gcs",
                            "value_from": []
                          }
                        ],
                        "env_from": [],
                        "image": "us-central1-docker.pkg.dev/simitor/retikon-repo/retikon-workflows:dev-20260202-123333",
                        "liveness_probe": [],
                        "name": "",
                        "ports": [
                          {
                            "container_port": 8080,
                            "name": "http1",
                            "protocol": ""
                          }
                        ],
                        "resources": [
                          {
                            "limits": {
                              "cpu": "1000m",
                              "memory": "1Gi"
                            },
                            "requests": {}
                          }
                        ],
                        "startup_probe": [
                          {
                            "failure_threshold": 1,
                            "grpc": [],
                            "http_get": [],
                            "initial_delay_seconds": 0,
                            "period_seconds": 240,
                            "tcp_socket": [
                              {
                                "port": 8080
                              }
                            ],
                            "timeout_seconds": 240
                          }
                        ],
                        "volume_mounts": [],
                        "working_dir": ""
                      }
                    ],
                    "service_account_name": "retikon-fleet-sa-staging@simitor.iam.gserviceaccount.com",
                    "serving_state": "",
                    "timeout_seconds": 60,
                    "volumes": []
                  }
                ]
              }
            ],
            "timeouts": null,
            "traffic": [
              {
                "latest_revision": true,
                "percent": 100,
                "revision_name": "",
                "tag": "",
                "url": ""
              }
            ]
          },
          "sensitive_attributes": [],
          "private": "eyJlMmJmYjczMC1lY2FhLTExZTYtOGY4OC0zNDM2M2JjN2M0YzAiOnsiY3JlYXRlIjoxMjAwMDAwMDAwMDAwLCJkZWxldGUiOjEyMDAwMDAwMDAwMDAsInVwZGF0ZSI6MTIwMDAwMDAwMDAwMH0sInNjaGVtYV92ZXJzaW9uIjoiMiJ9",
          "dependencies": [
            "google_service_account.fleet",
            "google_storage_bucket.graph",
            "google_storage_bucket.raw"
          ],
          "create_before_destroy": true
        }
      ]
    },
    {
      "mode": "managed",
      "type": "google_cloud_run_service",
      "name": "ingestion",
      "provider": "provider[\"registry.terraform.io/hashicorp/google\"]",
      "instances": [
        {
          "schema_version": 2,
          "attributes": {
            "autogenerate_revision_name": true,
            "id": "locations/us-central1/namespaces/simitor/services/retikon-ingestion-staging",
            "location": "us-central1",
            "metadata": [
              {
                "annotations": {
                  "run.googleapis.com/ingress": "internal-and-cloud-load-balancing"
                },
                "effective_annotations": {
                  "run.googleapis.com/ingress": "internal-and-cloud-load-balancing",
                  "run.googleapis.com/ingress-status": "internal-and-cloud-load-balancing",
                  "run.googleapis.com/maxScale": "10",
                  "run.googleapis.com/operation-id": "f69dbd76-d59d-4ec1-8f3f-fc405ae7163b",
                  "run.googleapis.com/urls": "[\"https://retikon-ingestion-staging-423745254982.us-central1.run.app\",\"https://retikon-ingestion-staging-yt27ougp4q-uc.a.run.app\"]",
                  "serving.knative.dev/creator": "svbailey@gmail.com",
                  "serving.knative.dev/lastModifier": "svbailey@gmail.com"
                },
                "effective_labels": {
                  "cloud.googleapis.com/location": "us-central1"
                },
                "generation": 9,
                "labels": {},
                "namespace": "simitor",
                "resource_version": "AAZJ2XFoZ8U",
                "self_link": "/apis/serving.knative.dev/v1/namespaces/423745254982/services/retikon-ingestion-staging",
                "terraform_labels": {},
                "uid": "e083502f-97f0-4e5b-9727-ee8d32feba37"
              }
            ],
            "name": "retikon-ingestion-staging",
            "project": "simitor",
            "status": [
              {
                "conditions": [
                  {
                    "message": "",
                    "reason": "",
                    "status": "True",
                    "type": "Ready"
                  },
                  {
                    "message": "",
                    "reason": "",
                    "status": "True",
                    "type": "ConfigurationsReady"
                  },
                  {
                    "message": "",
                    "reason": "",
                    "status": "True",
                    "type": "RoutesReady"
                  }
                ],
                "latest_created_revision_name": "retikon-ingestion-staging-00009-56s",
                "latest_ready_revision_name": "retikon-ingestion-staging-00009-56s",
                "observed_generation": 9,
                "traffic": [
                  {
                    "latest_revision": true,
                    "percent": 100,
                    "revision_name": "retikon-ingestion-staging-00009-56s",
                    "tag": "",
                    "url": ""
                  }
                ],
                "url": "https://retikon-ingestion-staging-yt27ougp4q-uc.a.run.app"
              }
            ],
            "template": [
              {
                "metadata": [
                  {
                    "annotations": {
                      "autoscaling.knative.dev/maxScale": "10",
                      "run.googleapis.com/vpc-access-connector": "projects/simitor/locations/us-central1/connectors/retikon-vpc-staging",
                      "run.googleapis.com/vpc-access-egress": "private-ranges-only"
                    },
                    "generation": 0,
                    "labels": {
                      "run.googleapis.com/startupProbeType": "Default"
                    },
                    "name": "",
                    "namespace": "",
                    "resource_version": "",
                    "self_link": "",
                    "uid": ""
                  }
                ],
                "spec": [
                  {
                    "container_concurrency": 1,
                    "containers": [
                      {
                        "args": [],
                        "command": [],
                        "env": [
                          {
                            "name": "ALLOWED_AUDIO_EXT",
                            "value": ".mp3,.wav,.flac,.m4a,.aac,.ogg,.opus",
                            "value_from": []
                          },
                          {
                            "name": "ALLOWED_DOC_EXT",
                            "value": ".pdf,.txt,.md,.rtf,.docx,.pptx,.csv,.tsv,.xlsx,.xls",
                            "value_from": []
                          },
                          {
                            "name": "ALLOWED_IMAGE_EXT",
                            "value": ".jpg,.jpeg,.png,.webp,.bmp,.tiff,.gif",
                            "value_from": []
                          },
                          {
                            "name": "ALLOWED_VIDEO_EXT",
                            "value": ".mp4,.mov,.mkv,.webm,.avi,.mpeg,.mpg",
                            "value_from": []
                          },
                          {
                            "name": "AUDIO_MODEL_NAME",
                            "value": "laion/clap-htsat-fused",
                            "value_from": []
                          },
                          {
                            "name": "AUDIT_BATCH_FLUSH_SECONDS",
                            "value": "5",
                            "value_from": []
                          },
                          {
                            "name": "AUDIT_BATCH_SIZE",
                            "value": "1",
                            "value_from": []
                          },
                          {
                            "name": "AUTH_ADMIN_GROUPS",
                            "value": "admins",
                            "value_from": []
                          },
                          {
                            "name": "AUTH_ADMIN_ROLES",
                            "value": "admin",
                            "value_from": []
                          },
                          {
                            "name": "AUTH_AUDIENCE",
                            "value": "simitor",
                            "value_from": []
                          },
                          {
                            "name": "AUTH_CLAIM_EMAIL",
                            "value": "email",
                            "value_from": []
                          },
                          {
                            "name": "AUTH_CLAIM_GROUPS",
                            "value": "groups",
                            "value_from": []
                          },
                          {
                            "name": "AUTH_CLAIM_ORG_ID",
                            "value": "org_id",
                            "value_from": []
                          },
                          {
                            "name": "AUTH_CLAIM_ROLES",
                            "value": "roles",
                            "value_from": []
                          },
                          {
                            "name": "AUTH_CLAIM_SITE_ID",
                            "value": "site_id",
                            "value_from": []
                          },
                          {
                            "name": "AUTH_CLAIM_STREAM_ID",
                            "value": "stream_id",
                            "value_from": []
                          },
                          {
                            "name": "AUTH_CLAIM_SUB",
                            "value": "sub",
                            "value_from": []
                          },
                          {
                            "name": "AUTH_GATEWAY_USERINFO",
                            "value": "1",
                            "value_from": []
                          },
                          {
                            "name": "AUTH_ISSUER",
                            "value": "https://securetoken.google.com/simitor",
                            "value_from": []
                          },
                          {
                            "name": "AUTH_JWKS_URI",
                            "value": "https://www.googleapis.com/service_accounts/v1/metadata/x509/securetoken@system.gserviceaccount.com",
                            "value_from": []
                          },
                          {
                            "name": "AUTH_JWT_ALGORITHMS",
                            "value": "RS256",
                            "value_from": []
                          },
                          {
                            "name": "AUTH_JWT_LEEWAY_SECONDS",
                            "value": "0",
                            "value_from": []
                          },
                          {
                            "name": "AUTH_REQUIRED_CLAIMS",
                            "value": "sub,iss,aud,exp,iat,org_id",
                            "value_from": []
                          },
                          {
                            "name": "CHUNK_OVERLAP_TOKENS",
                            "value": "50",
                            "value_from": []
                          },
                          {
                            "name": "CHUNK_TARGET_TOKENS",
                            "value": "512",
                            "value_from": []
                          },
                          {
                            "name": "CONTROL_PLANE_COLLECTION_PREFIX",
                            "value": "staging_",
                            "value_from": []
                          },
                          {
                            "name": "CONTROL_PLANE_FALLBACK_ON_EMPTY",
                            "value": "0",
                            "value_from": []
                          },
                          {
                            "name": "CONTROL_PLANE_READ_MODE",
                            "value": "primary",
                            "value_from": []
                          },
                          {
                            "name": "CONTROL_PLANE_STORE",
                            "value": "firestore",
                            "value_from": []
                          },
                          {
                            "name": "CONTROL_PLANE_WRITE_MODE",
                            "value": "single",
                            "value_from": []
                          },
                          {
                            "name": "DEFAULT_ORG_ID",
                            "value": "simitor",
                            "value_from": []
                          },
                          {
                            "name": "DEFAULT_SITE_ID",
                            "value": "",
                            "value_from": []
                          },
                          {
                            "name": "DEFAULT_STREAM_ID",
                            "value": "",
                            "value_from": []
                          },
                          {
                            "name": "DLQ_TOPIC",
                            "value": "projects/simitor/topics/retikon-ingest-dlq-staging",
                            "value_from": []
                          },
                          {
                            "name": "ENV",
                            "value": "staging",
                            "value_from": []
                          },
                          {
                            "name": "FIRESTORE_COLLECTION",
                            "value": "ingestion_events",
                            "value_from": []
                          },
                          {
                            "name": "GRAPH_BUCKET",
                            "value": "retikon-graph-simitor-staging",
                            "value_from": []
                          },
                          {
                            "name": "GRAPH_PREFIX",
                            "value": "retikon_v2",
                            "value_from": []
                          },
                          {
                            "name": "IDEMPOTENCY_TTL_SECONDS",
                            "value": "600",
                            "value_from": []
                          },
                          {
                            "name": "IMAGE_MODEL_NAME",
                            "value": "openai/clip-vit-base-patch32",
                            "value_from": []
                          },
                          {
                            "name": "INGESTION_DRY_RUN",
                            "value": "0",
                            "value_from": []
                          },
                          {
                            "name": "LOG_LEVEL",
                            "value": "INFO",
                            "value_from": []
                          },
                          {
                            "name": "MAX_AUDIO_SECONDS",
                            "value": "1200",
                            "value_from": []
                          },
                          {
                            "name": "MAX_FRAMES_PER_VIDEO",
                            "value": "600",
                            "value_from": []
                          },
                          {
                            "name": "MAX_INGEST_ATTEMPTS",
                            "value": "5",
                            "value_from": []
                          },
                          {
                            "name": "MAX_RAW_BYTES",
                            "value": "500000000",
                            "value_from": []
                          },
                          {
                            "name": "MAX_VIDEO_SECONDS",
                            "value": "300",
                            "value_from": []
                          },
                          {
                            "name": "MODEL_DIR",
                            "value": "/app/models",
                            "value_from": []
                          },
                          {
                            "name": "RATE_LIMIT_AUDIO_PER_MIN",
                            "value": "20",
                            "value_from": []
                          },
                          {
                            "name": "RATE_LIMIT_BACKEND",
                            "value": "redis",
                            "value_from": []
                          },
                          {
                            "name": "RATE_LIMIT_DOC_PER_MIN",
                            "value": "60",
                            "value_from": []
                          },
                          {
                            "name": "RATE_LIMIT_IMAGE_PER_MIN",
                            "value": "60",
                            "value_from": []
                          },
                          {
                            "name": "RATE_LIMIT_VIDEO_PER_MIN",
                            "value": "10",
                            "value_from": []
                          },
                          {
                            "name": "RAW_BUCKET",
                            "value": "retikon-raw-simitor-staging",
                            "value_from": []
                          },
                          {
                            "name": "REDIS_DB",
                            "value": "0",
                            "value_from": []
                          },
                          {
                            "name": "REDIS_HOST",
                            "value": "",
                            "value_from": []
                          },
                          {
                            "name": "REDIS_PORT",
                            "value": "6379",
                            "value_from": []
                          },
                          {
                            "name": "REDIS_SSL",
                            "value": "0",
                            "value_from": []
                          },
                          {
                            "name": "STORAGE_BACKEND",
                            "value": "gcs",
                            "value_from": []
                          },
                          {
                            "name": "TEXT_MODEL_NAME",
                            "value": "BAAI/bge-base-en-v1.5",
                            "value_from": []
                          },
                          {
                            "name": "USE_REAL_MODELS",
                            "value": "1",
                            "value_from": []
                          },
                          {
                            "name": "VIDEO_SAMPLE_FPS",
                            "value": "1.0",
                            "value_from": []
                          },
                          {
                            "name": "VIDEO_SAMPLE_INTERVAL_SECONDS",
                            "value": "0",
                            "value_from": []
                          },
                          {
                            "name": "WHISPER_MODEL_NAME",
                            "value": "small",
                            "value_from": []
                          }
                        ],
                        "env_from": [],
                        "image": "us-central1-docker.pkg.dev/simitor/retikon-repo/retikon-ingest:dev-20260202-151518",
                        "liveness_probe": [],
                        "name": "",
                        "ports": [
                          {
                            "container_port": 8080,
                            "name": "http1",
                            "protocol": ""
                          }
                        ],
                        "resources": [
                          {
                            "limits": {
                              "cpu": "1000m",
                              "memory": "4Gi"
                            },
                            "requests": {}
                          }
                        ],
                        "startup_probe": [
                          {
                            "failure_threshold": 1,
                            "grpc": [],
                            "http_get": [],
                            "initial_delay_seconds": 0,
                            "period_seconds": 240,
                            "tcp_socket": [
                              {
                                "port": 8080
                              }
                            ],
                            "timeout_seconds": 240
                          }
                        ],
                        "volume_mounts": [],
                        "working_dir": ""
                      }
                    ],
                    "service_account_name": "retikon-ingest-sa-staging@simitor.iam.gserviceaccount.com",
                    "serving_state": "",
                    "timeout_seconds": 300,
                    "volumes": []
                  }
                ]
              }
            ],
            "timeouts": null,
            "traffic": [
              {
                "latest_revision": true,
                "percent": 100,
                "revision_name": "",
                "tag": "",
                "url": ""
              }
            ]
          },
          "sensitive_attributes": [],
          "private": "eyJlMmJmYjczMC1lY2FhLTExZTYtOGY4OC0zNDM2M2JjN2M0YzAiOnsiY3JlYXRlIjoxMjAwMDAwMDAwMDAwLCJkZWxldGUiOjEyMDAwMDAwMDAwMDAsInVwZGF0ZSI6MTIwMDAwMDAwMDAwMH0sInNjaGVtYV92ZXJzaW9uIjoiMiJ9",
          "dependencies": [
            "data.google_compute_network.default",
            "google_redis_instance.rate_limit",
            "google_service_account.ingestion",
            "google_storage_bucket.graph",
            "google_storage_bucket.raw",
            "google_vpc_access_connector.serverless"
          ]
        }
      ]
    },
    {
      "mode": "managed",
      "type": "google_cloud_run_service",
      "name": "privacy",
      "provider": "provider[\"registry.terraform.io/hashicorp/google\"]",
      "instances": [
        {
          "schema_version": 2,
          "attributes": {
            "autogenerate_revision_name": true,
            "id": "locations/us-central1/namespaces/simitor/services/retikon-privacy-staging",
            "location": "us-central1",
            "metadata": [
              {
                "annotations": {
                  "run.googleapis.com/ingress": "all"
                },
                "effective_annotations": {
                  "run.googleapis.com/ingress": "all",
                  "run.googleapis.com/ingress-status": "all",
                  "run.googleapis.com/maxScale": "20",
                  "run.googleapis.com/operation-id": "67e939d5-aaa3-4c6e-b19e-9cd90d698b7c",
                  "run.googleapis.com/urls": "[\"https://retikon-privacy-staging-423745254982.us-central1.run.app\",\"https://retikon-privacy-staging-yt27ougp4q-uc.a.run.app\"]",
                  "serving.knative.dev/creator": "svbailey@gmail.com",
                  "serving.knative.dev/lastModifier": "svbailey@gmail.com"
                },
                "effective_labels": {
                  "cloud.googleapis.com/location": "us-central1"
                },
                "generation": 10,
                "labels": {},
                "namespace": "simitor",
                "resource_version": "AAZJ2GIb6lQ",
                "self_link": "/apis/serving.knative.dev/v1/namespaces/423745254982/services/retikon-privacy-staging",
                "terraform_labels": {},
                "uid": "a01e2355-dda4-4d7a-b13c-47eff546b81f"
              }
            ],
            "name": "retikon-privacy-staging",
            "project": "simitor",
            "status": [
              {
                "conditions": [
                  {
                    "message": "",
                    "reason": "",
                    "status": "True",
                    "type": "Ready"
                  },
                  {
                    "message": "",
                    "reason": "",
                    "status": "True",
                    "type": "ConfigurationsReady"
                  },
                  {
                    "message": "",
                    "reason": "",
                    "status": "True",
                    "type": "RoutesReady"
                  }
                ],
                "latest_created_revision_name": "retikon-privacy-staging-00010-pv9",
                "latest_ready_revision_name": "retikon-privacy-staging-00010-pv9",
                "observed_generation": 10,
                "traffic": [
                  {
                    "latest_revision": true,
                    "percent": 100,
                    "revision_name": "retikon-privacy-staging-00010-pv9",
                    "tag": "",
                    "url": ""
                  }
                ],
                "url": "https://retikon-privacy-staging-yt27ougp4q-uc.a.run.app"
              }
            ],
            "template": [
              {
                "metadata": [
                  {
                    "annotations": {
                      "autoscaling.knative.dev/maxScale": "5",
                      "autoscaling.knative.dev/minScale": "0"
                    },
                    "generation": 0,
                    "labels": {
                      "run.googleapis.com/startupProbeType": "Default"
                    },
                    "name": "",
                    "namespace": "",
                    "resource_version": "",
                    "self_link": "",
                    "uid": ""
                  }
                ],
                "spec": [
                  {
                    "container_concurrency": 10,
                    "containers": [
                      {
                        "args": [],
                        "command": [],
                        "env": [
                          {
                            "name": "APP_MODULE",
                            "value": "gcp_adapter.privacy_service:app",
                            "value_from": []
                          },
                          {
                            "name": "AUTH_ADMIN_GROUPS",
                            "value": "admins",
                            "value_from": []
                          },
                          {
                            "name": "AUTH_ADMIN_ROLES",
                            "value": "admin",
                            "value_from": []
                          },
                          {
                            "name": "AUTH_AUDIENCE",
                            "value": "simitor",
                            "value_from": []
                          },
                          {
                            "name": "AUTH_CLAIM_EMAIL",
                            "value": "email",
                            "value_from": []
                          },
                          {
                            "name": "AUTH_CLAIM_GROUPS",
                            "value": "groups",
                            "value_from": []
                          },
                          {
                            "name": "AUTH_CLAIM_ORG_ID",
                            "value": "org_id",
                            "value_from": []
                          },
                          {
                            "name": "AUTH_CLAIM_ROLES",
                            "value": "roles",
                            "value_from": []
                          },
                          {
                            "name": "AUTH_CLAIM_SITE_ID",
                            "value": "site_id",
                            "value_from": []
                          },
                          {
                            "name": "AUTH_CLAIM_STREAM_ID",
                            "value": "stream_id",
                            "value_from": []
                          },
                          {
                            "name": "AUTH_CLAIM_SUB",
                            "value": "sub",
                            "value_from": []
                          },
                          {
                            "name": "AUTH_GATEWAY_USERINFO",
                            "value": "1",
                            "value_from": []
                          },
                          {
                            "name": "AUTH_ISSUER",
                            "value": "https://securetoken.google.com/simitor",
                            "value_from": []
                          },
                          {
                            "name": "AUTH_JWKS_URI",
                            "value": "https://www.googleapis.com/service_accounts/v1/metadata/x509/securetoken@system.gserviceaccount.com",
                            "value_from": []
                          },
                          {
                            "name": "AUTH_JWT_ALGORITHMS",
                            "value": "RS256",
                            "value_from": []
                          },
                          {
                            "name": "AUTH_JWT_LEEWAY_SECONDS",
                            "value": "0",
                            "value_from": []
                          },
                          {
                            "name": "AUTH_REQUIRED_CLAIMS",
                            "value": "sub,iss,aud,exp,iat,org_id",
                            "value_from": []
                          },
                          {
                            "name": "CHUNK_OVERLAP_TOKENS",
                            "value": "50",
                            "value_from": []
                          },
                          {
                            "name": "CHUNK_TARGET_TOKENS",
                            "value": "512",
                            "value_from": []
                          },
                          {
                            "name": "CONTROL_PLANE_COLLECTION_PREFIX",
                            "value": "staging_",
                            "value_from": []
                          },
                          {
                            "name": "CONTROL_PLANE_FALLBACK_ON_EMPTY",
                            "value": "0",
                            "value_from": []
                          },
                          {
                            "name": "CONTROL_PLANE_READ_MODE",
                            "value": "primary",
                            "value_from": []
                          },
                          {
                            "name": "CONTROL_PLANE_STORE",
                            "value": "firestore",
                            "value_from": []
                          },
                          {
                            "name": "CONTROL_PLANE_WRITE_MODE",
                            "value": "single",
                            "value_from": []
                          },
                          {
                            "name": "ENV",
                            "value": "staging",
                            "value_from": []
                          },
                          {
                            "name": "GRAPH_BUCKET",
                            "value": "retikon-graph-simitor-staging",
                            "value_from": []
                          },
                          {
                            "name": "GRAPH_PREFIX",
                            "value": "retikon_v2",
                            "value_from": []
                          },
                          {
                            "name": "LOG_LEVEL",
                            "value": "INFO",
                            "value_from": []
                          },
                          {
                            "name": "MAX_AUDIO_SECONDS",
                            "value": "1200",
                            "value_from": []
                          },
                          {
                            "name": "MAX_FRAMES_PER_VIDEO",
                            "value": "600",
                            "value_from": []
                          },
                          {
                            "name": "MAX_RAW_BYTES",
                            "value": "500000000",
                            "value_from": []
                          },
                          {
                            "name": "MAX_VIDEO_SECONDS",
                            "value": "300",
                            "value_from": []
                          },
                          {
                            "name": "PRIVACY_REQUIRE_ADMIN",
                            "value": "1",
                            "value_from": []
                          },
                          {
                            "name": "RAW_BUCKET",
                            "value": "retikon-raw-simitor-staging",
                            "value_from": []
                          },
                          {
                            "name": "STORAGE_BACKEND",
                            "value": "gcs",
                            "value_from": []
                          }
                        ],
                        "env_from": [],
                        "image": "us-central1-docker.pkg.dev/simitor/retikon-repo/retikon-workflows:dev-20260202-123333",
                        "liveness_probe": [],
                        "name": "",
                        "ports": [
                          {
                            "container_port": 8080,
                            "name": "http1",
                            "protocol": ""
                          }
                        ],
                        "resources": [
                          {
                            "limits": {
                              "cpu": "1000m",
                              "memory": "1Gi"
                            },
                            "requests": {}
                          }
                        ],
                        "startup_probe": [
                          {
                            "failure_threshold": 1,
                            "grpc": [],
                            "http_get": [],
                            "initial_delay_seconds": 0,
                            "period_seconds": 240,
                            "tcp_socket": [
                              {
                                "port": 8080
                              }
                            ],
                            "timeout_seconds": 240
                          }
                        ],
                        "volume_mounts": [],
                        "working_dir": ""
                      }
                    ],
                    "service_account_name": "retikon-privacy-sa-staging@simitor.iam.gserviceaccount.com",
                    "serving_state": "",
                    "timeout_seconds": 60,
                    "volumes": []
                  }
                ]
              }
            ],
            "timeouts": null,
            "traffic": [
              {
                "latest_revision": true,
                "percent": 100,
                "revision_name": "",
                "tag": "",
                "url": ""
              }
            ]
          },
          "sensitive_attributes": [],
          "private": "eyJlMmJmYjczMC1lY2FhLTExZTYtOGY4OC0zNDM2M2JjN2M0YzAiOnsiY3JlYXRlIjoxMjAwMDAwMDAwMDAwLCJkZWxldGUiOjEyMDAwMDAwMDAwMDAsInVwZGF0ZSI6MTIwMDAwMDAwMDAwMH0sInNjaGVtYV92ZXJzaW9uIjoiMiJ9",
          "dependencies": [
            "google_service_account.privacy",
            "google_storage_bucket.graph",
            "google_storage_bucket.raw"
          ],
          "create_before_destroy": true
        }
      ]
    },
    {
      "mode": "managed",
      "type": "google_cloud_run_service",
      "name": "query",
      "provider": "provider[\"registry.terraform.io/hashicorp/google\"]",
      "instances": [
        {
          "schema_version": 2,
          "attributes": {
            "autogenerate_revision_name": true,
            "id": "locations/us-central1/namespaces/simitor/services/retikon-query-staging",
            "location": "us-central1",
            "metadata": [
              {
                "annotations": {
                  "run.googleapis.com/ingress": "all"
                },
                "effective_annotations": {
                  "run.googleapis.com/ingress": "all",
                  "run.googleapis.com/ingress-status": "all",
                  "run.googleapis.com/maxScale": "40",
                  "run.googleapis.com/operation-id": "43cf2516-06b7-44a5-8780-23a85b867df2",
                  "run.googleapis.com/urls": "[\"https://retikon-query-staging-423745254982.us-central1.run.app\",\"https://retikon-query-staging-yt27ougp4q-uc.a.run.app\"]",
                  "serving.knative.dev/creator": "svbailey@gmail.com",
                  "serving.knative.dev/lastModifier": "svbailey@gmail.com"
                },
                "effective_labels": {
                  "cloud.googleapis.com/location": "us-central1"
                },
                "generation": 11,
                "labels": {},
                "namespace": "simitor",
                "resource_version": "AAZJ2YE+Peg",
                "self_link": "/apis/serving.knative.dev/v1/namespaces/423745254982/services/retikon-query-staging",
                "terraform_labels": {},
                "uid": "4ea679d0-bdfd-47e0-9632-2ed7b38b3645"
              }
            ],
            "name": "retikon-query-staging",
            "project": "simitor",
            "status": [
              {
                "conditions": [
                  {
                    "message": "",
                    "reason": "",
                    "status": "True",
                    "type": "Ready"
                  },
                  {
                    "message": "",
                    "reason": "",
                    "status": "True",
                    "type": "ConfigurationsReady"
                  },
                  {
                    "message": "",
                    "reason": "",
                    "status": "True",
                    "type": "RoutesReady"
                  }
                ],
                "latest_created_revision_name": "retikon-query-staging-00011-rzd",
                "latest_ready_revision_name": "retikon-query-staging-00011-rzd",
                "observed_generation": 11,
                "traffic": [
                  {
                    "latest_revision": true,
                    "percent": 100,
                    "revision_name": "retikon-query-staging-00011-rzd",
                    "tag": "",
                    "url": ""
                  }
                ],
                "url": "https://retikon-query-staging-yt27ougp4q-uc.a.run.app"
              }
            ],
            "template": [
              {
                "metadata": [
                  {
                    "annotations": {
                      "autoscaling.knative.dev/maxScale": "40",
                      "autoscaling.knative.dev/minScale": "0",
                      "run.googleapis.com/vpc-access-connector": "projects/simitor/locations/us-central1/connectors/retikon-vpc-staging",
                      "run.googleapis.com/vpc-access-egress": "private-ranges-only"
                    },
                    "generation": 0,
                    "labels": {
                      "run.googleapis.com/startupProbeType": "Default"
                    },
                    "name": "",
                    "namespace": "",
                    "resource_version": "",
                    "self_link": "",
                    "uid": ""
                  }
                ],
                "spec": [
                  {
                    "container_concurrency": 2,
                    "containers": [
                      {
                        "args": [],
                        "command": [],
                        "env": [
                          {
                            "name": "AUDIO_MODEL_NAME",
                            "value": "laion/clap-htsat-fused",
                            "value_from": []
                          },
                          {
                            "name": "AUDIT_BATCH_FLUSH_SECONDS",
                            "value": "5",
                            "value_from": []
                          },
                          {
                            "name": "AUDIT_BATCH_SIZE",
                            "value": "1",
                            "value_from": []
                          },
                          {
                            "name": "AUTH_ADMIN_GROUPS",
                            "value": "admins",
                            "value_from": []
                          },
                          {
                            "name": "AUTH_ADMIN_ROLES",
                            "value": "admin",
                            "value_from": []
                          },
                          {
                            "name": "AUTH_AUDIENCE",
                            "value": "simitor",
                            "value_from": []
                          },
                          {
                            "name": "AUTH_CLAIM_EMAIL",
                            "value": "email",
                            "value_from": []
                          },
                          {
                            "name": "AUTH_CLAIM_GROUPS",
                            "value": "groups",
                            "value_from": []
                          },
                          {
                            "name": "AUTH_CLAIM_ORG_ID",
                            "value": "org_id",
                            "value_from": []
                          },
                          {
                            "name": "AUTH_CLAIM_ROLES",
                            "value": "roles",
                            "value_from": []
                          },
                          {
                            "name": "AUTH_CLAIM_SITE_ID",
                            "value": "site_id",
                            "value_from": []
                          },
                          {
                            "name": "AUTH_CLAIM_STREAM_ID",
                            "value": "stream_id",
                            "value_from": []
                          },
                          {
                            "name": "AUTH_CLAIM_SUB",
                            "value": "sub",
                            "value_from": []
                          },
                          {
                            "name": "AUTH_GATEWAY_USERINFO",
                            "value": "1",
                            "value_from": []
                          },
                          {
                            "name": "AUTH_ISSUER",
                            "value": "https://securetoken.google.com/simitor",
                            "value_from": []
                          },
                          {
                            "name": "AUTH_JWKS_URI",
                            "value": "https://www.googleapis.com/service_accounts/v1/metadata/x509/securetoken@system.gserviceaccount.com",
                            "value_from": []
                          },
                          {
                            "name": "AUTH_JWT_ALGORITHMS",
                            "value": "RS256",
                            "value_from": []
                          },
                          {
                            "name": "AUTH_JWT_LEEWAY_SECONDS",
                            "value": "0",
                            "value_from": []
                          },
                          {
                            "name": "AUTH_REQUIRED_CLAIMS",
                            "value": "sub,iss,aud,exp,iat,org_id",
                            "value_from": []
                          },
                          {
                            "name": "CHUNK_OVERLAP_TOKENS",
                            "value": "50",
                            "value_from": []
                          },
                          {
                            "name": "CHUNK_TARGET_TOKENS",
                            "value": "512",
                            "value_from": []
                          },
                          {
                            "name": "CONTROL_PLANE_COLLECTION_PREFIX",
                            "value": "staging_",
                            "value_from": []
                          },
                          {
                            "name": "CONTROL_PLANE_FALLBACK_ON_EMPTY",
                            "value": "0",
                            "value_from": []
                          },
                          {
                            "name": "CONTROL_PLANE_READ_MODE",
                            "value": "primary",
                            "value_from": []
                          },
                          {
                            "name": "CONTROL_PLANE_STORE",
                            "value": "firestore",
                            "value_from": []
                          },
                          {
                            "name": "CONTROL_PLANE_WRITE_MODE",
                            "value": "single",
                            "value_from": []
                          },
                          {
                            "name": "DEFAULT_ORG_ID",
                            "value": "simitor",
                            "value_from": []
                          },
                          {
                            "name": "DEFAULT_SITE_ID",
                            "value": "",
                            "value_from": []
                          },
                          {
                            "name": "DEFAULT_STREAM_ID",
                            "value": "",
                            "value_from": []
                          },
                          {
                            "name": "DUCKDB_ALLOW_INSTALL",
                            "value": "1",
                            "value_from": []
                          },
                          {
                            "name": "DUCKDB_GCS_FALLBACK",
                            "value": "0",
                            "value_from": []
                          },
                          {
                            "name": "DUCKDB_MEMORY_LIMIT",
                            "value": "4GB",
                            "value_from": []
                          },
                          {
                            "name": "DUCKDB_SKIP_HEALTHCHECK",
                            "value": "1",
                            "value_from": []
                          },
                          {
                            "name": "DUCKDB_TEMP_DIRECTORY",
                            "value": "/tmp/duckdb",
                            "value_from": []
                          },
                          {
                            "name": "DUCKDB_THREADS",
                            "value": "4",
                            "value_from": []
                          },
                          {
                            "name": "EMBEDDING_BACKEND",
                            "value": "",
                            "value_from": []
                          },
                          {
                            "name": "ENV",
                            "value": "staging",
                            "value_from": []
                          },
                          {
                            "name": "GRAPH_BUCKET",
                            "value": "retikon-graph-simitor-staging",
                            "value_from": []
                          },
                          {
                            "name": "GRAPH_PREFIX",
                            "value": "retikon_v2",
                            "value_from": []
                          },
                          {
                            "name": "HF_TOKEN",
                            "value": null,
                            "value_from": [
                              {
                                "secret_key_ref": [
                                  {
                                    "key": "latest",
                                    "name": "retikon-hf-token"
                                  }
                                ]
                              }
                            ]
                          },
                          {
                            "name": "IMAGE_MODEL_NAME",
                            "value": "openai/clip-vit-base-patch32",
                            "value_from": []
                          },
                          {
                            "name": "LOG_LEVEL",
                            "value": "INFO",
                            "value_from": []
                          },
                          {
                            "name": "LOG_QUERY_TIMINGS",
                            "value": "1",
                            "value_from": []
                          },
                          {
                            "name": "MAX_AUDIO_SECONDS",
                            "value": "1200",
                            "value_from": []
                          },
                          {
                            "name": "MAX_IMAGE_BASE64_BYTES",
                            "value": "2000000",
                            "value_from": []
                          },
                          {
                            "name": "MAX_QUERY_BYTES",
                            "value": "4000000",
                            "value_from": []
                          },
                          {
                            "name": "MAX_RAW_BYTES",
                            "value": "500000000",
                            "value_from": []
                          },
                          {
                            "name": "MAX_VIDEO_SECONDS",
                            "value": "300",
                            "value_from": []
                          },
                          {
                            "name": "MODEL_DIR",
                            "value": "/app/models",
                            "value_from": []
                          },
                          {
                            "name": "QUERY_WARMUP",
                            "value": "1",
                            "value_from": []
                          },
                          {
                            "name": "QUERY_WARMUP_STEPS",
                            "value": "text,image_text,audio_text",
                            "value_from": []
                          },
                          {
                            "name": "QUERY_WARMUP_TEXT",
                            "value": "retikon warmup",
                            "value_from": []
                          },
                          {
                            "name": "RATE_LIMIT_AUDIO_PER_MIN",
                            "value": "20",
                            "value_from": []
                          },
                          {
                            "name": "RATE_LIMIT_BACKEND",
                            "value": "redis",
                            "value_from": []
                          },
                          {
                            "name": "RATE_LIMIT_DOC_PER_MIN",
                            "value": "60",
                            "value_from": []
                          },
                          {
                            "name": "RATE_LIMIT_IMAGE_PER_MIN",
                            "value": "60",
                            "value_from": []
                          },
                          {
                            "name": "RATE_LIMIT_VIDEO_PER_MIN",
                            "value": "10",
                            "value_from": []
                          },
                          {
                            "name": "REDIS_DB",
                            "value": "0",
                            "value_from": []
                          },
                          {
                            "name": "REDIS_HOST",
                            "value": "",
                            "value_from": []
                          },
                          {
                            "name": "REDIS_PORT",
                            "value": "6379",
                            "value_from": []
                          },
                          {
                            "name": "REDIS_SSL",
                            "value": "0",
                            "value_from": []
                          },
                          {
                            "name": "RETIKON_DUCKDB_AUTH_PROVIDER",
                            "value": "gcp_adapter.duckdb_auth:GcsDuckDBAuthProvider",
                            "value_from": []
                          },
                          {
                            "name": "SLOW_QUERY_MS",
                            "value": "1500",
                            "value_from": []
                          },
                          {
                            "name": "SNAPSHOT_URI",
                            "value": "gs://retikon-graph-simitor-staging/retikon_v2/snapshots/retikon.duckdb",
                            "value_from": []
                          },
                          {
                            "name": "STORAGE_BACKEND",
                            "value": "gcs",
                            "value_from": []
                          },
                          {
                            "name": "TEXT_MODEL_NAME",
                            "value": "BAAI/bge-base-en-v1.5",
                            "value_from": []
                          },
                          {
                            "name": "USE_REAL_MODELS",
                            "value": "1",
                            "value_from": []
                          }
                        ],
                        "env_from": [],
                        "image": "us-central1-docker.pkg.dev/simitor/retikon-repo/retikon-query:dev-20260202-151518",
                        "liveness_probe": [],
                        "name": "",
                        "ports": [
                          {
                            "container_port": 8080,
                            "name": "http1",
                            "protocol": ""
                          }
                        ],
                        "resources": [
                          {
                            "limits": {
                              "cpu": "4000m",
                              "memory": "8Gi"
                            },
                            "requests": {}
                          }
                        ],
                        "startup_probe": [
                          {
                            "failure_threshold": 1,
                            "grpc": [],
                            "http_get": [],
                            "initial_delay_seconds": 0,
                            "period_seconds": 240,
                            "tcp_socket": [
                              {
                                "port": 8080
                              }
                            ],
                            "timeout_seconds": 240
                          }
                        ],
                        "volume_mounts": [],
                        "working_dir": ""
                      }
                    ],
                    "service_account_name": "retikon-query-sa-staging@simitor.iam.gserviceaccount.com",
                    "serving_state": "",
                    "timeout_seconds": 120,
                    "volumes": []
                  }
                ]
              }
            ],
            "timeouts": null,
            "traffic": [
              {
                "latest_revision": true,
                "percent": 100,
                "revision_name": "",
                "tag": "",
                "url": ""
              }
            ]
          },
          "sensitive_attributes": [],
          "private": "eyJlMmJmYjczMC1lY2FhLTExZTYtOGY4OC0zNDM2M2JjN2M0YzAiOnsiY3JlYXRlIjoxMjAwMDAwMDAwMDAwLCJkZWxldGUiOjEyMDAwMDAwMDAwMDAsInVwZGF0ZSI6MTIwMDAwMDAwMDAwMH0sInNjaGVtYV92ZXJzaW9uIjoiMiJ9",
          "dependencies": [
            "data.google_compute_network.default",
            "google_redis_instance.rate_limit",
            "google_service_account.query",
            "google_storage_bucket.graph",
            "google_vpc_access_connector.serverless"
          ]
        }
      ]
    },
    {
      "mode": "managed",
      "type": "google_cloud_run_service",
      "name": "stream_ingest",
      "provider": "provider[\"registry.terraform.io/hashicorp/google\"]",
      "instances": [
        {
          "schema_version": 2,
          "attributes": {
            "autogenerate_revision_name": true,
            "id": "locations/us-central1/namespaces/simitor/services/retikon-stream-ingest-staging",
            "location": "us-central1",
            "metadata": [
              {
                "annotations": {
                  "run.googleapis.com/ingress": "all"
                },
                "effective_annotations": {
                  "run.googleapis.com/ingress": "all",
                  "run.googleapis.com/ingress-status": "all",
                  "run.googleapis.com/maxScale": "20",
                  "run.googleapis.com/operation-id": "a77948a4-5baa-4a45-ab5a-6e72635845fe",
                  "run.googleapis.com/urls": "[\"https://retikon-stream-ingest-staging-423745254982.us-central1.run.app\",\"https://retikon-stream-ingest-staging-yt27ougp4q-uc.a.run.app\"]",
                  "serving.knative.dev/creator": "svbailey@gmail.com",
                  "serving.knative.dev/lastModifier": "svbailey@gmail.com"
                },
                "effective_labels": {
                  "cloud.googleapis.com/location": "us-central1"
                },
                "generation": 9,
                "labels": {},
                "namespace": "simitor",
                "resource_version": "AAZJ2WkRfjo",
                "self_link": "/apis/serving.knative.dev/v1/namespaces/423745254982/services/retikon-stream-ingest-staging",
                "terraform_labels": {},
                "uid": "fc910c20-4518-45d4-8a00-277baeac16e4"
              }
            ],
            "name": "retikon-stream-ingest-staging",
            "project": "simitor",
            "status": [
              {
                "conditions": [
                  {
                    "message": "",
                    "reason": "",
                    "status": "True",
                    "type": "Ready"
                  },
                  {
                    "message": "",
                    "reason": "",
                    "status": "True",
                    "type": "ConfigurationsReady"
                  },
                  {
                    "message": "",
                    "reason": "",
                    "status": "True",
                    "type": "RoutesReady"
                  }
                ],
                "latest_created_revision_name": "retikon-stream-ingest-staging-00009-swm",
                "latest_ready_revision_name": "retikon-stream-ingest-staging-00009-swm",
                "observed_generation": 9,
                "traffic": [
                  {
                    "latest_revision": true,
                    "percent": 100,
                    "revision_name": "retikon-stream-ingest-staging-00009-swm",
                    "tag": "",
                    "url": ""
                  }
                ],
                "url": "https://retikon-stream-ingest-staging-yt27ougp4q-uc.a.run.app"
              }
            ],
            "template": [
              {
                "metadata": [
                  {
                    "annotations": {
                      "autoscaling.knative.dev/maxScale": "20",
                      "run.googleapis.com/vpc-access-connector": "projects/simitor/locations/us-central1/connectors/retikon-vpc-staging",
                      "run.googleapis.com/vpc-access-egress": "private-ranges-only"
                    },
                    "generation": 0,
                    "labels": {
                      "run.googleapis.com/startupProbeType": "Default"
                    },
                    "name": "",
                    "namespace": "",
                    "resource_version": "",
                    "self_link": "",
                    "uid": ""
                  }
                ],
                "spec": [
                  {
                    "container_concurrency": 10,
                    "containers": [
                      {
                        "args": [],
                        "command": [],
                        "env": [
                          {
                            "name": "ALLOWED_AUDIO_EXT",
                            "value": ".mp3,.wav,.flac,.m4a,.aac,.ogg,.opus",
                            "value_from": []
                          },
                          {
                            "name": "ALLOWED_DOC_EXT",
                            "value": ".pdf,.txt,.md,.rtf,.docx,.pptx,.csv,.tsv,.xlsx,.xls",
                            "value_from": []
                          },
                          {
                            "name": "ALLOWED_IMAGE_EXT",
                            "value": ".jpg,.jpeg,.png,.webp,.bmp,.tiff,.gif",
                            "value_from": []
                          },
                          {
                            "name": "ALLOWED_VIDEO_EXT",
                            "value": ".mp4,.mov,.mkv,.webm,.avi,.mpeg,.mpg",
                            "value_from": []
                          },
                          {
                            "name": "APP_MODULE",
                            "value": "gcp_adapter.stream_ingest_service:app",
                            "value_from": []
                          },
                          {
                            "name": "AUDIO_MODEL_NAME",
                            "value": "laion/clap-htsat-fused",
                            "value_from": []
                          },
                          {
                            "name": "AUTH_ADMIN_GROUPS",
                            "value": "admins",
                            "value_from": []
                          },
                          {
                            "name": "AUTH_ADMIN_ROLES",
                            "value": "admin",
                            "value_from": []
                          },
                          {
                            "name": "AUTH_AUDIENCE",
                            "value": "simitor",
                            "value_from": []
                          },
                          {
                            "name": "AUTH_CLAIM_EMAIL",
                            "value": "email",
                            "value_from": []
                          },
                          {
                            "name": "AUTH_CLAIM_GROUPS",
                            "value": "groups",
                            "value_from": []
                          },
                          {
                            "name": "AUTH_CLAIM_ORG_ID",
                            "value": "org_id",
                            "value_from": []
                          },
                          {
                            "name": "AUTH_CLAIM_ROLES",
                            "value": "roles",
                            "value_from": []
                          },
                          {
                            "name": "AUTH_CLAIM_SITE_ID",
                            "value": "site_id",
                            "value_from": []
                          },
                          {
                            "name": "AUTH_CLAIM_STREAM_ID",
                            "value": "stream_id",
                            "value_from": []
                          },
                          {
                            "name": "AUTH_CLAIM_SUB",
                            "value": "sub",
                            "value_from": []
                          },
                          {
                            "name": "AUTH_ISSUER",
                            "value": "https://securetoken.google.com/simitor",
                            "value_from": []
                          },
                          {
                            "name": "AUTH_JWKS_URI",
                            "value": "https://www.googleapis.com/service_accounts/v1/metadata/x509/securetoken@system.gserviceaccount.com",
                            "value_from": []
                          },
                          {
                            "name": "AUTH_JWT_ALGORITHMS",
                            "value": "RS256",
                            "value_from": []
                          },
                          {
                            "name": "AUTH_JWT_LEEWAY_SECONDS",
                            "value": "0",
                            "value_from": []
                          },
                          {
                            "name": "AUTH_REQUIRED_CLAIMS",
                            "value": "sub,iss,aud,exp,iat,org_id",
                            "value_from": []
                          },
                          {
                            "name": "CHUNK_OVERLAP_TOKENS",
                            "value": "50",
                            "value_from": []
                          },
                          {
                            "name": "CHUNK_TARGET_TOKENS",
                            "value": "512",
                            "value_from": []
                          },
                          {
                            "name": "CONTROL_PLANE_COLLECTION_PREFIX",
                            "value": "staging_",
                            "value_from": []
                          },
                          {
                            "name": "CONTROL_PLANE_FALLBACK_ON_EMPTY",
                            "value": "0",
                            "value_from": []
                          },
                          {
                            "name": "CONTROL_PLANE_READ_MODE",
                            "value": "primary",
                            "value_from": []
                          },
                          {
                            "name": "CONTROL_PLANE_STORE",
                            "value": "firestore",
                            "value_from": []
                          },
                          {
                            "name": "CONTROL_PLANE_WRITE_MODE",
                            "value": "single",
                            "value_from": []
                          },
                          {
                            "name": "DEFAULT_ORG_ID",
                            "value": "simitor",
                            "value_from": []
                          },
                          {
                            "name": "DEFAULT_SITE_ID",
                            "value": "",
                            "value_from": []
                          },
                          {
                            "name": "DEFAULT_STREAM_ID",
                            "value": "",
                            "value_from": []
                          },
                          {
                            "name": "DLQ_TOPIC",
                            "value": "projects/simitor/topics/retikon-ingest-dlq-staging",
                            "value_from": []
                          },
                          {
                            "name": "ENV",
                            "value": "staging",
                            "value_from": []
                          },
                          {
                            "name": "FIRESTORE_COLLECTION",
                            "value": "ingestion_events",
                            "value_from": []
                          },
                          {
                            "name": "GRAPH_BUCKET",
                            "value": "retikon-graph-simitor-staging",
                            "value_from": []
                          },
                          {
                            "name": "GRAPH_PREFIX",
                            "value": "retikon_v2",
                            "value_from": []
                          },
                          {
                            "name": "IDEMPOTENCY_TTL_SECONDS",
                            "value": "600",
                            "value_from": []
                          },
                          {
                            "name": "IMAGE_MODEL_NAME",
                            "value": "openai/clip-vit-base-patch32",
                            "value_from": []
                          },
                          {
                            "name": "INGESTION_DRY_RUN",
                            "value": "0",
                            "value_from": []
                          },
                          {
                            "name": "LOG_LEVEL",
                            "value": "INFO",
                            "value_from": []
                          },
                          {
                            "name": "MAX_AUDIO_SECONDS",
                            "value": "1200",
                            "value_from": []
                          },
                          {
                            "name": "MAX_FRAMES_PER_VIDEO",
                            "value": "600",
                            "value_from": []
                          },
                          {
                            "name": "MAX_INGEST_ATTEMPTS",
                            "value": "5",
                            "value_from": []
                          },
                          {
                            "name": "MAX_RAW_BYTES",
                            "value": "500000000",
                            "value_from": []
                          },
                          {
                            "name": "MAX_VIDEO_SECONDS",
                            "value": "300",
                            "value_from": []
                          },
                          {
                            "name": "MODEL_DIR",
                            "value": "/app/models",
                            "value_from": []
                          },
                          {
                            "name": "RATE_LIMIT_AUDIO_PER_MIN",
                            "value": "20",
                            "value_from": []
                          },
                          {
                            "name": "RATE_LIMIT_DOC_PER_MIN",
                            "value": "60",
                            "value_from": []
                          },
                          {
                            "name": "RATE_LIMIT_IMAGE_PER_MIN",
                            "value": "60",
                            "value_from": []
                          },
                          {
                            "name": "RATE_LIMIT_VIDEO_PER_MIN",
                            "value": "10",
                            "value_from": []
                          },
                          {
                            "name": "RAW_BUCKET",
                            "value": "retikon-raw-simitor-staging",
                            "value_from": []
                          },
                          {
                            "name": "STORAGE_BACKEND",
                            "value": "gcs",
                            "value_from": []
                          },
                          {
                            "name": "STREAM_BACKLOG_MAX",
                            "value": "1000",
                            "value_from": []
                          },
                          {
                            "name": "STREAM_BATCH_MAX",
                            "value": "50",
                            "value_from": []
                          },
                          {
                            "name": "STREAM_BATCH_MAX_DELAY_MS",
                            "value": "2000",
                            "value_from": []
                          },
                          {
                            "name": "STREAM_INGEST_TOPIC",
                            "value": "projects/simitor/topics/retikon-stream-ingest-staging",
                            "value_from": []
                          },
                          {
                            "name": "TEXT_MODEL_NAME",
                            "value": "BAAI/bge-base-en-v1.5",
                            "value_from": []
                          },
                          {
                            "name": "USE_REAL_MODELS",
                            "value": "1",
                            "value_from": []
                          },
                          {
                            "name": "VIDEO_SAMPLE_FPS",
                            "value": "1.0",
                            "value_from": []
                          },
                          {
                            "name": "VIDEO_SAMPLE_INTERVAL_SECONDS",
                            "value": "0",
                            "value_from": []
                          },
                          {
                            "name": "WHISPER_MODEL_NAME",
                            "value": "small",
                            "value_from": []
                          }
                        ],
                        "env_from": [],
                        "image": "us-central1-docker.pkg.dev/simitor/retikon-repo/retikon-stream-ingest:dev-20260202-123333",
                        "liveness_probe": [],
                        "name": "",
                        "ports": [
                          {
                            "container_port": 8080,
                            "name": "http1",
                            "protocol": ""
                          }
                        ],
                        "resources": [
                          {
                            "limits": {
                              "cpu": "1000m",
                              "memory": "1Gi"
                            },
                            "requests": {}
                          }
                        ],
                        "startup_probe": [
                          {
                            "failure_threshold": 1,
                            "grpc": [],
                            "http_get": [],
                            "initial_delay_seconds": 0,
                            "period_seconds": 240,
                            "tcp_socket": [
                              {
                                "port": 8080
                              }
                            ],
                            "timeout_seconds": 240
                          }
                        ],
                        "volume_mounts": [],
                        "working_dir": ""
                      }
                    ],
                    "service_account_name": "retikon-stream-ingest-staging@simitor.iam.gserviceaccount.com",
                    "serving_state": "",
                    "timeout_seconds": 300,
                    "volumes": []
                  }
                ]
              }
            ],
            "timeouts": null,
            "traffic": [
              {
                "latest_revision": true,
                "percent": 100,
                "revision_name": "",
                "tag": "",
                "url": ""
              }
            ]
          },
          "sensitive_attributes": [],
          "private": "eyJlMmJmYjczMC1lY2FhLTExZTYtOGY4OC0zNDM2M2JjN2M0YzAiOnsiY3JlYXRlIjoxMjAwMDAwMDAwMDAwLCJkZWxldGUiOjEyMDAwMDAwMDAwMDAsInVwZGF0ZSI6MTIwMDAwMDAwMDAwMH0sInNjaGVtYV92ZXJzaW9uIjoiMiJ9",
          "dependencies": [
            "data.google_compute_network.default",
            "google_service_account.stream_ingest",
            "google_storage_bucket.graph",
            "google_storage_bucket.raw",
            "google_vpc_access_connector.serverless"
          ]
        }
      ]
    },
    {
      "mode": "managed",
      "type": "google_cloud_run_service",
      "name": "webhook",
      "provider": "provider[\"registry.terraform.io/hashicorp/google\"]",
      "instances": [
        {
          "schema_version": 2,
          "attributes": {
            "autogenerate_revision_name": true,
            "id": "locations/us-central1/namespaces/simitor/services/retikon-webhooks-staging",
            "location": "us-central1",
            "metadata": [
              {
                "annotations": {
                  "run.googleapis.com/ingress": "all"
                },
                "effective_annotations": {
                  "run.googleapis.com/ingress": "all",
                  "run.googleapis.com/ingress-status": "all",
                  "run.googleapis.com/maxScale": "20",
                  "run.googleapis.com/operation-id": "5e10e7c5-9e0f-4822-85da-784ee80b8166",
                  "run.googleapis.com/urls": "[\"https://retikon-webhooks-staging-423745254982.us-central1.run.app\",\"https://retikon-webhooks-staging-yt27ougp4q-uc.a.run.app\"]",
                  "serving.knative.dev/creator": "svbailey@gmail.com",
                  "serving.knative.dev/lastModifier": "svbailey@gmail.com"
                },
                "effective_labels": {
                  "cloud.googleapis.com/location": "us-central1"
                },
                "generation": 10,
                "labels": {},
                "namespace": "simitor",
                "resource_version": "AAZJ2GIVBXE",
                "self_link": "/apis/serving.knative.dev/v1/namespaces/423745254982/services/retikon-webhooks-staging",
                "terraform_labels": {},
                "uid": "41de0c97-7784-4ed4-861f-76a3256d732f"
              }
            ],
            "name": "retikon-webhooks-staging",
            "project": "simitor",
            "status": [
              {
                "conditions": [
                  {
                    "message": "",
                    "reason": "",
                    "status": "True",
                    "type": "Ready"
                  },
                  {
                    "message": "",
                    "reason": "",
                    "status": "True",
                    "type": "ConfigurationsReady"
                  },
                  {
                    "message": "",
                    "reason": "",
                    "status": "True",
                    "type": "RoutesReady"
                  }
                ],
                "latest_created_revision_name": "retikon-webhooks-staging-00010-9rv",
                "latest_ready_revision_name": "retikon-webhooks-staging-00010-9rv",
                "observed_generation": 10,
                "traffic": [
                  {
                    "latest_revision": true,
                    "percent": 100,
                    "revision_name": "retikon-webhooks-staging-00010-9rv",
                    "tag": "",
                    "url": ""
                  }
                ],
                "url": "https://retikon-webhooks-staging-yt27ougp4q-uc.a.run.app"
              }
            ],
            "template": [
              {
                "metadata": [
                  {
                    "annotations": {
                      "autoscaling.knative.dev/maxScale": "5",
                      "autoscaling.knative.dev/minScale": "0"
                    },
                    "generation": 0,
                    "labels": {
                      "run.googleapis.com/startupProbeType": "Default"
                    },
                    "name": "",
                    "namespace": "",
                    "resource_version": "",
                    "self_link": "",
                    "uid": ""
                  }
                ],
                "spec": [
                  {
                    "container_concurrency": 10,
                    "containers": [
                      {
                        "args": [],
                        "command": [],
                        "env": [
                          {
                            "name": "APP_MODULE",
                            "value": "gcp_adapter.webhook_service:app",
                            "value_from": []
                          },
                          {
                            "name": "AUTH_ADMIN_GROUPS",
                            "value": "admins",
                            "value_from": []
                          },
                          {
                            "name": "AUTH_ADMIN_ROLES",
                            "value": "admin",
                            "value_from": []
                          },
                          {
                            "name": "AUTH_AUDIENCE",
                            "value": "simitor",
                            "value_from": []
                          },
                          {
                            "name": "AUTH_CLAIM_EMAIL",
                            "value": "email",
                            "value_from": []
                          },
                          {
                            "name": "AUTH_CLAIM_GROUPS",
                            "value": "groups",
                            "value_from": []
                          },
                          {
                            "name": "AUTH_CLAIM_ORG_ID",
                            "value": "org_id",
                            "value_from": []
                          },
                          {
                            "name": "AUTH_CLAIM_ROLES",
                            "value": "roles",
                            "value_from": []
                          },
                          {
                            "name": "AUTH_CLAIM_SITE_ID",
                            "value": "site_id",
                            "value_from": []
                          },
                          {
                            "name": "AUTH_CLAIM_STREAM_ID",
                            "value": "stream_id",
                            "value_from": []
                          },
                          {
                            "name": "AUTH_CLAIM_SUB",
                            "value": "sub",
                            "value_from": []
                          },
                          {
                            "name": "AUTH_GATEWAY_USERINFO",
                            "value": "1",
                            "value_from": []
                          },
                          {
                            "name": "AUTH_ISSUER",
                            "value": "https://securetoken.google.com/simitor",
                            "value_from": []
                          },
                          {
                            "name": "AUTH_JWKS_URI",
                            "value": "https://www.googleapis.com/service_accounts/v1/metadata/x509/securetoken@system.gserviceaccount.com",
                            "value_from": []
                          },
                          {
                            "name": "AUTH_JWT_ALGORITHMS",
                            "value": "RS256",
                            "value_from": []
                          },
                          {
                            "name": "AUTH_JWT_LEEWAY_SECONDS",
                            "value": "0",
                            "value_from": []
                          },
                          {
                            "name": "AUTH_REQUIRED_CLAIMS",
                            "value": "sub,iss,aud,exp,iat,org_id",
                            "value_from": []
                          },
                          {
                            "name": "CHUNK_OVERLAP_TOKENS",
                            "value": "50",
                            "value_from": []
                          },
                          {
                            "name": "CHUNK_TARGET_TOKENS",
                            "value": "512",
                            "value_from": []
                          },
                          {
                            "name": "CONTROL_PLANE_COLLECTION_PREFIX",
                            "value": "staging_",
                            "value_from": []
                          },
                          {
                            "name": "CONTROL_PLANE_FALLBACK_ON_EMPTY",
                            "value": "0",
                            "value_from": []
                          },
                          {
                            "name": "CONTROL_PLANE_READ_MODE",
                            "value": "primary",
                            "value_from": []
                          },
                          {
                            "name": "CONTROL_PLANE_STORE",
                            "value": "firestore",
                            "value_from": []
                          },
                          {
                            "name": "CONTROL_PLANE_WRITE_MODE",
                            "value": "single",
                            "value_from": []
                          },
                          {
                            "name": "ENV",
                            "value": "staging",
                            "value_from": []
                          },
                          {
                            "name": "GRAPH_BUCKET",
                            "value": "retikon-graph-simitor-staging",
                            "value_from": []
                          },
                          {
                            "name": "GRAPH_PREFIX",
                            "value": "retikon_v2",
                            "value_from": []
                          },
                          {
                            "name": "LOG_LEVEL",
                            "value": "INFO",
                            "value_from": []
                          },
                          {
                            "name": "MAX_AUDIO_SECONDS",
                            "value": "1200",
                            "value_from": []
                          },
                          {
                            "name": "MAX_FRAMES_PER_VIDEO",
                            "value": "600",
                            "value_from": []
                          },
                          {
                            "name": "MAX_RAW_BYTES",
                            "value": "500000000",
                            "value_from": []
                          },
                          {
                            "name": "MAX_VIDEO_SECONDS",
                            "value": "300",
                            "value_from": []
                          },
                          {
                            "name": "RAW_BUCKET",
                            "value": "retikon-raw-simitor-staging",
                            "value_from": []
                          },
                          {
                            "name": "STORAGE_BACKEND",
                            "value": "gcs",
                            "value_from": []
                          },
                          {
                            "name": "WEBHOOK_REQUIRE_ADMIN",
                            "value": "1",
                            "value_from": []
                          }
                        ],
                        "env_from": [],
                        "image": "us-central1-docker.pkg.dev/simitor/retikon-repo/retikon-workflows:dev-20260202-123333",
                        "liveness_probe": [],
                        "name": "",
                        "ports": [
                          {
                            "container_port": 8080,
                            "name": "http1",
                            "protocol": ""
                          }
                        ],
                        "resources": [
                          {
                            "limits": {
                              "cpu": "1000m",
                              "memory": "1Gi"
                            },
                            "requests": {}
                          }
                        ],
                        "startup_probe": [
                          {
                            "failure_threshold": 1,
                            "grpc": [],
                            "http_get": [],
                            "initial_delay_seconds": 0,
                            "period_seconds": 240,
                            "tcp_socket": [
                              {
                                "port": 8080
                              }
                            ],
                            "timeout_seconds": 240
                          }
                        ],
                        "volume_mounts": [],
                        "working_dir": ""
                      }
                    ],
                    "service_account_name": "retikon-webhooks-sa-staging@simitor.iam.gserviceaccount.com",
                    "serving_state": "",
                    "timeout_seconds": 60,
                    "volumes": []
                  }
                ]
              }
            ],
            "timeouts": null,
            "traffic": [
              {
                "latest_revision": true,
                "percent": 100,
                "revision_name": "",
                "tag": "",
                "url": ""
              }
            ]
          },
          "sensitive_attributes": [],
          "private": "eyJlMmJmYjczMC1lY2FhLTExZTYtOGY4OC0zNDM2M2JjN2M0YzAiOnsiY3JlYXRlIjoxMjAwMDAwMDAwMDAwLCJkZWxldGUiOjEyMDAwMDAwMDAwMDAsInVwZGF0ZSI6MTIwMDAwMDAwMDAwMH0sInNjaGVtYV92ZXJzaW9uIjoiMiJ9",
          "dependencies": [
            "google_service_account.webhook",
            "google_storage_bucket.graph",
            "google_storage_bucket.raw"
          ],
          "create_before_destroy": true
        }
      ]
    },
    {
      "mode": "managed",
      "type": "google_cloud_run_service",
      "name": "workflow",
      "provider": "provider[\"registry.terraform.io/hashicorp/google\"]",
      "instances": [
        {
          "schema_version": 2,
          "attributes": {
            "autogenerate_revision_name": true,
            "id": "locations/us-central1/namespaces/simitor/services/retikon-workflows-staging",
            "location": "us-central1",
            "metadata": [
              {
                "annotations": {
                  "run.googleapis.com/ingress": "all"
                },
                "effective_annotations": {
                  "run.googleapis.com/ingress": "all",
                  "run.googleapis.com/ingress-status": "all",
                  "run.googleapis.com/maxScale": "20",
                  "run.googleapis.com/operation-id": "9ab22c86-dcdb-4214-946f-e982aee3308a",
                  "run.googleapis.com/urls": "[\"https://retikon-workflows-staging-423745254982.us-central1.run.app\",\"https://retikon-workflows-staging-yt27ougp4q-uc.a.run.app\"]",
                  "serving.knative.dev/creator": "svbailey@gmail.com",
                  "serving.knative.dev/lastModifier": "svbailey@gmail.com"
                },
                "effective_labels": {
                  "cloud.googleapis.com/location": "us-central1"
                },
                "generation": 10,
                "labels": {},
                "namespace": "simitor",
                "resource_version": "AAZJ2GIYX3Y",
                "self_link": "/apis/serving.knative.dev/v1/namespaces/423745254982/services/retikon-workflows-staging",
                "terraform_labels": {},
                "uid": "d8e70470-cdcc-4c58-b491-48cedf1dcac3"
              }
            ],
            "name": "retikon-workflows-staging",
            "project": "simitor",
            "status": [
              {
                "conditions": [
                  {
                    "message": "",
                    "reason": "",
                    "status": "True",
                    "type": "Ready"
                  },
                  {
                    "message": "",
                    "reason": "",
                    "status": "True",
                    "type": "ConfigurationsReady"
                  },
                  {
                    "message": "",
                    "reason": "",
                    "status": "True",
                    "type": "RoutesReady"
                  }
                ],
                "latest_created_revision_name": "retikon-workflows-staging-00010-rvj",
                "latest_ready_revision_name": "retikon-workflows-staging-00010-rvj",
                "observed_generation": 10,
                "traffic": [
                  {
                    "latest_revision": true,
                    "percent": 100,
                    "revision_name": "retikon-workflows-staging-00010-rvj",
                    "tag": "",
                    "url": ""
                  }
                ],
                "url": "https://retikon-workflows-staging-yt27ougp4q-uc.a.run.app"
              }
            ],
            "template": [
              {
                "metadata": [
                  {
                    "annotations": {
                      "autoscaling.knative.dev/maxScale": "10",
                      "autoscaling.knative.dev/minScale": "0"
                    },
                    "generation": 0,
                    "labels": {
                      "run.googleapis.com/startupProbeType": "Default"
                    },
                    "name": "",
                    "namespace": "",
                    "resource_version": "",
                    "self_link": "",
                    "uid": ""
                  }
                ],
                "spec": [
                  {
                    "container_concurrency": 10,
                    "containers": [
                      {
                        "args": [],
                        "command": [],
                        "env": [
                          {
                            "name": "APP_MODULE",
                            "value": "gcp_adapter.workflow_service:app",
                            "value_from": []
                          },
                          {
                            "name": "AUTH_ADMIN_GROUPS",
                            "value": "admins",
                            "value_from": []
                          },
                          {
                            "name": "AUTH_ADMIN_ROLES",
                            "value": "admin",
                            "value_from": []
                          },
                          {
                            "name": "AUTH_AUDIENCE",
                            "value": "simitor",
                            "value_from": []
                          },
                          {
                            "name": "AUTH_CLAIM_EMAIL",
                            "value": "email",
                            "value_from": []
                          },
                          {
                            "name": "AUTH_CLAIM_GROUPS",
                            "value": "groups",
                            "value_from": []
                          },
                          {
                            "name": "AUTH_CLAIM_ORG_ID",
                            "value": "org_id",
                            "value_from": []
                          },
                          {
                            "name": "AUTH_CLAIM_ROLES",
                            "value": "roles",
                            "value_from": []
                          },
                          {
                            "name": "AUTH_CLAIM_SITE_ID",
                            "value": "site_id",
                            "value_from": []
                          },
                          {
                            "name": "AUTH_CLAIM_STREAM_ID",
                            "value": "stream_id",
                            "value_from": []
                          },
                          {
                            "name": "AUTH_CLAIM_SUB",
                            "value": "sub",
                            "value_from": []
                          },
                          {
                            "name": "AUTH_GATEWAY_USERINFO",
                            "value": "1",
                            "value_from": []
                          },
                          {
                            "name": "AUTH_ISSUER",
                            "value": "https://securetoken.google.com/simitor",
                            "value_from": []
                          },
                          {
                            "name": "AUTH_JWKS_URI",
                            "value": "https://www.googleapis.com/service_accounts/v1/metadata/x509/securetoken@system.gserviceaccount.com",
                            "value_from": []
                          },
                          {
                            "name": "AUTH_JWT_ALGORITHMS",
                            "value": "RS256",
                            "value_from": []
                          },
                          {
                            "name": "AUTH_JWT_LEEWAY_SECONDS",
                            "value": "0",
                            "value_from": []
                          },
                          {
                            "name": "AUTH_REQUIRED_CLAIMS",
                            "value": "sub,iss,aud,exp,iat,org_id",
                            "value_from": []
                          },
                          {
                            "name": "CHUNK_OVERLAP_TOKENS",
                            "value": "50",
                            "value_from": []
                          },
                          {
                            "name": "CHUNK_TARGET_TOKENS",
                            "value": "512",
                            "value_from": []
                          },
                          {
                            "name": "CONTROL_PLANE_COLLECTION_PREFIX",
                            "value": "staging_",
                            "value_from": []
                          },
                          {
                            "name": "CONTROL_PLANE_FALLBACK_ON_EMPTY",
                            "value": "0",
                            "value_from": []
                          },
                          {
                            "name": "CONTROL_PLANE_READ_MODE",
                            "value": "primary",
                            "value_from": []
                          },
                          {
                            "name": "CONTROL_PLANE_STORE",
                            "value": "firestore",
                            "value_from": []
                          },
                          {
                            "name": "CONTROL_PLANE_WRITE_MODE",
                            "value": "single",
                            "value_from": []
                          },
                          {
                            "name": "ENV",
                            "value": "staging",
                            "value_from": []
                          },
                          {
                            "name": "GRAPH_BUCKET",
                            "value": "retikon-graph-simitor-staging",
                            "value_from": []
                          },
                          {
                            "name": "GRAPH_PREFIX",
                            "value": "retikon_v2",
                            "value_from": []
                          },
                          {
                            "name": "LOG_LEVEL",
                            "value": "INFO",
                            "value_from": []
                          },
                          {
                            "name": "MAX_AUDIO_SECONDS",
                            "value": "1200",
                            "value_from": []
                          },
                          {
                            "name": "MAX_FRAMES_PER_VIDEO",
                            "value": "600",
                            "value_from": []
                          },
                          {
                            "name": "MAX_RAW_BYTES",
                            "value": "500000000",
                            "value_from": []
                          },
                          {
                            "name": "MAX_VIDEO_SECONDS",
                            "value": "300",
                            "value_from": []
                          },
                          {
                            "name": "RAW_BUCKET",
                            "value": "retikon-raw-simitor-staging",
                            "value_from": []
                          },
                          {
                            "name": "STORAGE_BACKEND",
                            "value": "gcs",
                            "value_from": []
                          },
                          {
                            "name": "WORKFLOW_DLQ_TOPIC",
                            "value": "projects/simitor/topics/retikon-workflow-dlq-staging",
                            "value_from": []
                          },
                          {
                            "name": "WORKFLOW_QUEUE_TOPIC",
                            "value": "projects/simitor/topics/retikon-workflow-queue-staging",
                            "value_from": []
                          },
                          {
                            "name": "WORKFLOW_REQUIRE_ADMIN",
                            "value": "1",
                            "value_from": []
                          },
                          {
                            "name": "WORKFLOW_RUN_MODE",
                            "value": "queue",
                            "value_from": []
                          }
                        ],
                        "env_from": [],
                        "image": "us-central1-docker.pkg.dev/simitor/retikon-repo/retikon-workflows:dev-20260202-123333",
                        "liveness_probe": [],
                        "name": "",
                        "ports": [
                          {
                            "container_port": 8080,
                            "name": "http1",
                            "protocol": ""
                          }
                        ],
                        "resources": [
                          {
                            "limits": {
                              "cpu": "1000m",
                              "memory": "1Gi"
                            },
                            "requests": {}
                          }
                        ],
                        "startup_probe": [
                          {
                            "failure_threshold": 1,
                            "grpc": [],
                            "http_get": [],
                            "initial_delay_seconds": 0,
                            "period_seconds": 240,
                            "tcp_socket": [
                              {
                                "port": 8080
                              }
                            ],
                            "timeout_seconds": 240
                          }
                        ],
                        "volume_mounts": [],
                        "working_dir": ""
                      }
                    ],
                    "service_account_name": "retikon-workflows-sa-staging@simitor.iam.gserviceaccount.com",
                    "serving_state": "",
                    "timeout_seconds": 60,
                    "volumes": []
                  }
                ]
              }
            ],
            "timeouts": null,
            "traffic": [
              {
                "latest_revision": true,
                "percent": 100,
                "revision_name": "",
                "tag": "",
                "url": ""
              }
            ]
          },
          "sensitive_attributes": [],
          "private": "eyJlMmJmYjczMC1lY2FhLTExZTYtOGY4OC0zNDM2M2JjN2M0YzAiOnsiY3JlYXRlIjoxMjAwMDAwMDAwMDAwLCJkZWxldGUiOjEyMDAwMDAwMDAwMDAsInVwZGF0ZSI6MTIwMDAwMDAwMDAwMH0sInNjaGVtYV92ZXJzaW9uIjoiMiJ9",
          "dependencies": [
            "google_service_account.workflow",
            "google_storage_bucket.graph",
            "google_storage_bucket.raw"
          ],
          "create_before_destroy": true
        }
      ]
    },
    {
      "mode": "managed",
      "type": "google_cloud_run_service_iam_member",
      "name": "audit_invoker",
      "provider": "provider[\"registry.terraform.io/hashicorp/google\"]",
      "instances": [
        {
          "schema_version": 0,
          "attributes": {
            "condition": [],
            "etag": "BwZJrxOv6vs=",
            "id": "v1/projects/simitor/locations/us-central1/services/retikon-audit-staging/roles/run.invoker/serviceAccount:service-423745254982@gcp-sa-apigateway.iam.gserviceaccount.com",
            "location": "us-central1",
            "member": "serviceAccount:service-423745254982@gcp-sa-apigateway.iam.gserviceaccount.com",
            "project": "simitor",
            "role": "roles/run.invoker",
            "service": "v1/projects/simitor/locations/us-central1/services/retikon-audit-staging"
          },
          "sensitive_attributes": [],
          "private": "bnVsbA==",
          "dependencies": [
            "data.google_project.project",
            "google_cloud_run_service.audit",
            "google_service_account.audit",
            "google_storage_bucket.graph"
          ]
        }
      ]
    },
    {
      "mode": "managed",
      "type": "google_cloud_run_service_iam_member",
      "name": "chaos_invoker",
      "provider": "provider[\"registry.terraform.io/hashicorp/google\"]",
      "instances": [
        {
          "schema_version": 0,
          "attributes": {
            "condition": [],
            "etag": "BwZJrxHQ7Jo=",
            "id": "v1/projects/simitor/locations/us-central1/services/retikon-chaos-staging/roles/run.invoker/serviceAccount:service-423745254982@gcp-sa-apigateway.iam.gserviceaccount.com",
            "location": "us-central1",
            "member": "serviceAccount:service-423745254982@gcp-sa-apigateway.iam.gserviceaccount.com",
            "project": "simitor",
            "role": "roles/run.invoker",
            "service": "v1/projects/simitor/locations/us-central1/services/retikon-chaos-staging"
          },
          "sensitive_attributes": [],
          "private": "bnVsbA==",
          "dependencies": [
            "data.google_project.project",
            "google_cloud_run_service.chaos",
            "google_service_account.chaos",
            "google_storage_bucket.graph",
            "google_storage_bucket.raw"
          ]
        }
      ]
    },
    {
      "mode": "managed",
      "type": "google_cloud_run_service_iam_member",
      "name": "data_factory_internal_invoker",
      "provider": "provider[\"registry.terraform.io/hashicorp/google\"]",
      "instances": [
        {
          "schema_version": 0,
          "attributes": {
            "condition": [],
            "etag": "BwZJ0hh1dfQ=",
            "id": "v1/projects/simitor/locations/us-central1/services/retikon-data-factory-staging/roles/run.invoker/serviceAccount:retikon-data-factory-stg@simitor.iam.gserviceaccount.com",
            "location": "us-central1",
            "member": "serviceAccount:retikon-data-factory-stg@simitor.iam.gserviceaccount.com",
            "project": "simitor",
            "role": "roles/run.invoker",
            "service": "v1/projects/simitor/locations/us-central1/services/retikon-data-factory-staging"
          },
          "sensitive_attributes": [],
          "private": "bnVsbA==",
          "dependencies": [
            "google_cloud_run_service.data_factory",
            "google_service_account.data_factory",
            "google_storage_bucket.graph",
            "google_storage_bucket.raw"
          ]
        }
      ]
    },
    {
      "mode": "managed",
      "type": "google_cloud_run_service_iam_member",
      "name": "data_factory_invoker",
      "provider": "provider[\"registry.terraform.io/hashicorp/google\"]",
      "instances": [
        {
          "schema_version": 0,
          "attributes": {
            "condition": [],
            "etag": "BwZJ0hh1dfQ=",
            "id": "v1/projects/simitor/locations/us-central1/services/retikon-data-factory-staging/roles/run.invoker/serviceAccount:service-423745254982@gcp-sa-apigateway.iam.gserviceaccount.com",
            "location": "us-central1",
            "member": "serviceAccount:service-423745254982@gcp-sa-apigateway.iam.gserviceaccount.com",
            "project": "simitor",
            "role": "roles/run.invoker",
            "service": "v1/projects/simitor/locations/us-central1/services/retikon-data-factory-staging"
          },
          "sensitive_attributes": [],
          "private": "bnVsbA==",
          "dependencies": [
            "data.google_project.project",
            "google_cloud_run_service.data_factory",
            "google_service_account.data_factory",
            "google_storage_bucket.graph",
            "google_storage_bucket.raw"
          ]
        }
      ]
    },
    {
      "mode": "managed",
      "type": "google_cloud_run_service_iam_member",
      "name": "dev_console_invoker",
      "provider": "provider[\"registry.terraform.io/hashicorp/google\"]",
      "instances": [
        {
          "schema_version": 0,
          "attributes": {
            "condition": [],
            "etag": "BwZJr1cYKco=",
            "id": "v1/projects/simitor/locations/us-central1/services/retikon-dev-console-staging/roles/run.invoker/serviceAccount:service-423745254982@gcp-sa-apigateway.iam.gserviceaccount.com",
            "location": "us-central1",
            "member": "serviceAccount:service-423745254982@gcp-sa-apigateway.iam.gserviceaccount.com",
            "project": "simitor",
            "role": "roles/run.invoker",
            "service": "v1/projects/simitor/locations/us-central1/services/retikon-dev-console-staging"
          },
          "sensitive_attributes": [],
          "private": "bnVsbA==",
          "dependencies": [
            "data.google_compute_network.default",
            "data.google_project.project",
            "google_cloud_run_service.dev_console",
            "google_cloud_run_service.query",
            "google_cloud_run_v2_job.index_builder",
            "google_redis_instance.rate_limit",
            "google_service_account.dev_console",
            "google_service_account.index_builder",
            "google_service_account.query",
            "google_storage_bucket.graph",
            "google_storage_bucket.raw",
            "google_vpc_access_connector.serverless"
          ]
        }
      ]
    },
    {
      "mode": "managed",
      "type": "google_cloud_run_service_iam_member",
      "name": "edge_gateway_invoker",
      "provider": "provider[\"registry.terraform.io/hashicorp/google\"]",
      "instances": [
        {
          "schema_version": 0,
          "attributes": {
            "condition": [],
            "etag": "BwZJrxHxGc4=",
            "id": "v1/projects/simitor/locations/us-central1/services/retikon-edge-gateway-staging/roles/run.invoker/serviceAccount:service-423745254982@gcp-sa-apigateway.iam.gserviceaccount.com",
            "location": "us-central1",
            "member": "serviceAccount:service-423745254982@gcp-sa-apigateway.iam.gserviceaccount.com",
            "project": "simitor",
            "role": "roles/run.invoker",
            "service": "v1/projects/simitor/locations/us-central1/services/retikon-edge-gateway-staging"
          },
          "sensitive_attributes": [],
          "private": "bnVsbA==",
          "dependencies": [
            "data.google_project.project",
            "google_cloud_run_service.edge_gateway",
            "google_service_account.edge_gateway",
            "google_storage_bucket.raw"
          ]
        }
      ]
    },
    {
      "mode": "managed",
      "type": "google_cloud_run_service_iam_member",
      "name": "fleet_invoker",
      "provider": "provider[\"registry.terraform.io/hashicorp/google\"]",
      "instances": [
        {
          "schema_version": 0,
          "attributes": {
            "condition": [],
            "etag": "BwZJ0hgsJCo=",
            "id": "v1/projects/simitor/locations/us-central1/services/retikon-fleet-staging/roles/run.invoker/serviceAccount:service-423745254982@gcp-sa-apigateway.iam.gserviceaccount.com",
            "location": "us-central1",
            "member": "serviceAccount:service-423745254982@gcp-sa-apigateway.iam.gserviceaccount.com",
            "project": "simitor",
            "role": "roles/run.invoker",
            "service": "v1/projects/simitor/locations/us-central1/services/retikon-fleet-staging"
          },
          "sensitive_attributes": [],
          "private": "bnVsbA==",
          "dependencies": [
            "data.google_project.project",
            "google_cloud_run_service.fleet",
            "google_service_account.fleet",
            "google_storage_bucket.graph",
            "google_storage_bucket.raw"
          ]
        }
      ]
    },
    {
      "mode": "managed",
      "type": "google_cloud_run_service_iam_member",
      "name": "ingestion_invoker",
      "provider": "provider[\"registry.terraform.io/hashicorp/google\"]",
      "instances": [
        {
          "schema_version": 0,
          "attributes": {
            "condition": [],
            "etag": "BwZJrxL/BNU=",
            "id": "v1/projects/simitor/locations/us-central1/services/retikon-ingestion-staging/roles/run.invoker/serviceAccount:retikon-ingest-sa-staging@simitor.iam.gserviceaccount.com",
            "location": "us-central1",
            "member": "serviceAccount:retikon-ingest-sa-staging@simitor.iam.gserviceaccount.com",
            "project": "simitor",
            "role": "roles/run.invoker",
            "service": "v1/projects/simitor/locations/us-central1/services/retikon-ingestion-staging"
          },
          "sensitive_attributes": [],
          "private": "bnVsbA==",
          "dependencies": [
            "data.google_compute_network.default",
            "google_cloud_run_service.ingestion",
            "google_redis_instance.rate_limit",
            "google_service_account.ingestion",
            "google_storage_bucket.graph",
            "google_storage_bucket.raw",
            "google_vpc_access_connector.serverless"
          ]
        }
      ]
    },
    {
      "mode": "managed",
      "type": "google_cloud_run_service_iam_member",
      "name": "ingestion_smoke_invoker",
      "provider": "provider[\"registry.terraform.io/hashicorp/google\"]",
      "instances": [
        {
          "schema_version": 0,
          "attributes": {
            "condition": [],
            "etag": "BwZJrxL/BNU=",
            "id": "v1/projects/simitor/locations/us-central1/services/retikon-ingestion-staging/roles/run.invoker/serviceAccount:retikon-smoke-sa-staging@simitor.iam.gserviceaccount.com",
            "location": "us-central1",
            "member": "serviceAccount:retikon-smoke-sa-staging@simitor.iam.gserviceaccount.com",
            "project": "simitor",
            "role": "roles/run.invoker",
            "service": "v1/projects/simitor/locations/us-central1/services/retikon-ingestion-staging"
          },
          "sensitive_attributes": [],
          "private": "bnVsbA==",
          "dependencies": [
            "data.google_compute_network.default",
            "google_cloud_run_service.ingestion",
            "google_redis_instance.rate_limit",
            "google_service_account.ingestion",
            "google_service_account.smoke",
            "google_storage_bucket.graph",
            "google_storage_bucket.raw",
            "google_vpc_access_connector.serverless"
          ]
        }
      ]
    },
    {
      "mode": "managed",
      "type": "google_cloud_run_service_iam_member",
      "name": "privacy_invoker",
      "provider": "provider[\"registry.terraform.io/hashicorp/google\"]",
      "instances": [
        {
          "schema_version": 0,
          "attributes": {
            "condition": [],
            "etag": "BwZJ0hgHk9o=",
            "id": "v1/projects/simitor/locations/us-central1/services/retikon-privacy-staging/roles/run.invoker/serviceAccount:service-423745254982@gcp-sa-apigateway.iam.gserviceaccount.com",
            "location": "us-central1",
            "member": "serviceAccount:service-423745254982@gcp-sa-apigateway.iam.gserviceaccount.com",
            "project": "simitor",
            "role": "roles/run.invoker",
            "service": "v1/projects/simitor/locations/us-central1/services/retikon-privacy-staging"
          },
          "sensitive_attributes": [],
          "private": "bnVsbA==",
          "dependencies": [
            "data.google_project.project",
            "google_cloud_run_service.privacy",
            "google_service_account.privacy",
            "google_storage_bucket.graph",
            "google_storage_bucket.raw"
          ]
        }
      ]
    },
    {
      "mode": "managed",
      "type": "google_cloud_run_service_iam_member",
      "name": "query_internal_invoker",
      "provider": "provider[\"registry.terraform.io/hashicorp/google\"]",
      "instances": [
        {
          "schema_version": 0,
          "attributes": {
            "condition": [],
            "etag": "BwZJr1WzYFI=",
            "id": "v1/projects/simitor/locations/us-central1/services/retikon-query-staging/roles/run.invoker/serviceAccount:retikon-dev-console-sa-staging@simitor.iam.gserviceaccount.com",
            "location": "us-central1",
            "member": "serviceAccount:retikon-dev-console-sa-staging@simitor.iam.gserviceaccount.com",
            "project": "simitor",
            "role": "roles/run.invoker",
            "service": "v1/projects/simitor/locations/us-central1/services/retikon-query-staging"
          },
          "sensitive_attributes": [],
          "private": "bnVsbA==",
          "dependencies": [
            "data.google_compute_network.default",
            "google_cloud_run_service.query",
            "google_redis_instance.rate_limit",
            "google_service_account.dev_console",
            "google_service_account.query",
            "google_storage_bucket.graph",
            "google_vpc_access_connector.serverless"
          ]
        }
      ]
    },
    {
      "mode": "managed",
      "type": "google_cloud_run_service_iam_member",
      "name": "query_invoker",
      "provider": "provider[\"registry.terraform.io/hashicorp/google\"]",
      "instances": [
        {
          "schema_version": 0,
          "attributes": {
            "condition": [],
            "etag": "BwZJr1WzYFI=",
            "id": "v1/projects/simitor/locations/us-central1/services/retikon-query-staging/roles/run.invoker/serviceAccount:service-423745254982@gcp-sa-apigateway.iam.gserviceaccount.com",
            "location": "us-central1",
            "member": "serviceAccount:service-423745254982@gcp-sa-apigateway.iam.gserviceaccount.com",
            "project": "simitor",
            "role": "roles/run.invoker",
            "service": "v1/projects/simitor/locations/us-central1/services/retikon-query-staging"
          },
          "sensitive_attributes": [],
          "private": "bnVsbA==",
          "dependencies": [
            "data.google_compute_network.default",
            "data.google_project.project",
            "google_cloud_run_service.query",
            "google_redis_instance.rate_limit",
            "google_service_account.query",
            "google_storage_bucket.graph",
            "google_vpc_access_connector.serverless"
          ]
        }
      ]
    },
    {
      "mode": "managed",
      "type": "google_cloud_run_service_iam_member",
      "name": "stream_ingest_invoker",
      "provider": "provider[\"registry.terraform.io/hashicorp/google\"]",
      "instances": [
        {
          "schema_version": 0,
          "attributes": {
            "condition": [],
            "etag": "BwZJrxHRXhE=",
            "id": "v1/projects/simitor/locations/us-central1/services/retikon-stream-ingest-staging/roles/run.invoker/serviceAccount:retikon-stream-ingest-staging@simitor.iam.gserviceaccount.com",
            "location": "us-central1",
            "member": "serviceAccount:retikon-stream-ingest-staging@simitor.iam.gserviceaccount.com",
            "project": "simitor",
            "role": "roles/run.invoker",
            "service": "v1/projects/simitor/locations/us-central1/services/retikon-stream-ingest-staging"
          },
          "sensitive_attributes": [],
          "private": "bnVsbA==",
          "dependencies": [
            "data.google_compute_network.default",
            "google_cloud_run_service.stream_ingest",
            "google_service_account.stream_ingest",
            "google_storage_bucket.graph",
            "google_storage_bucket.raw",
            "google_vpc_access_connector.serverless"
          ]
        }
      ]
    },
    {
      "mode": "managed",
      "type": "google_cloud_run_service_iam_member",
      "name": "webhook_invoker",
      "provider": "provider[\"registry.terraform.io/hashicorp/google\"]",
      "instances": [
        {
          "schema_version": 0,
          "attributes": {
            "condition": [],
            "etag": "BwZJrxMLQbI=",
            "id": "v1/projects/simitor/locations/us-central1/services/retikon-webhooks-staging/roles/run.invoker/serviceAccount:service-423745254982@gcp-sa-apigateway.iam.gserviceaccount.com",
            "location": "us-central1",
            "member": "serviceAccount:service-423745254982@gcp-sa-apigateway.iam.gserviceaccount.com",
            "project": "simitor",
            "role": "roles/run.invoker",
            "service": "v1/projects/simitor/locations/us-central1/services/retikon-webhooks-staging"
          },
          "sensitive_attributes": [],
          "private": "bnVsbA==",
          "dependencies": [
            "data.google_project.project",
            "google_cloud_run_service.webhook",
            "google_service_account.webhook",
            "google_storage_bucket.graph",
            "google_storage_bucket.raw"
          ]
        }
      ]
    },
    {
      "mode": "managed",
      "type": "google_cloud_run_service_iam_member",
      "name": "workflow_internal_invoker",
      "provider": "provider[\"registry.terraform.io/hashicorp/google\"]",
      "instances": [
        {
          "schema_version": 0,
          "attributes": {
            "condition": [],
            "etag": "BwZJ0hhScKc=",
            "id": "v1/projects/simitor/locations/us-central1/services/retikon-workflows-staging/roles/run.invoker/serviceAccount:retikon-workflows-sa-staging@simitor.iam.gserviceaccount.com",
            "location": "us-central1",
            "member": "serviceAccount:retikon-workflows-sa-staging@simitor.iam.gserviceaccount.com",
            "project": "simitor",
            "role": "roles/run.invoker",
            "service": "v1/projects/simitor/locations/us-central1/services/retikon-workflows-staging"
          },
          "sensitive_attributes": [],
          "private": "bnVsbA==",
          "dependencies": [
            "google_cloud_run_service.workflow",
            "google_service_account.workflow",
            "google_storage_bucket.graph",
            "google_storage_bucket.raw"
          ]
        }
      ]
    },
    {
      "mode": "managed",
      "type": "google_cloud_run_service_iam_member",
      "name": "workflow_invoker",
      "provider": "provider[\"registry.terraform.io/hashicorp/google\"]",
      "instances": [
        {
          "schema_version": 0,
          "attributes": {
            "condition": [],
            "etag": "BwZJ0hhScKc=",
            "id": "v1/projects/simitor/locations/us-central1/services/retikon-workflows-staging/roles/run.invoker/serviceAccount:service-423745254982@gcp-sa-apigateway.iam.gserviceaccount.com",
            "location": "us-central1",
            "member": "serviceAccount:service-423745254982@gcp-sa-apigateway.iam.gserviceaccount.com",
            "project": "simitor",
            "role": "roles/run.invoker",
            "service": "v1/projects/simitor/locations/us-central1/services/retikon-workflows-staging"
          },
          "sensitive_attributes": [],
          "private": "bnVsbA==",
          "dependencies": [
            "data.google_project.project",
            "google_cloud_run_service.workflow",
            "google_service_account.workflow",
            "google_storage_bucket.graph",
            "google_storage_bucket.raw"
          ]
        }
      ]
    },
    {
      "mode": "managed",
      "type": "google_cloud_run_v2_job",
      "name": "compaction",
      "provider": "provider[\"registry.terraform.io/hashicorp/google-beta\"]",
      "instances": [
        {
          "schema_version": 0,
          "attributes": {
            "annotations": {},
            "binary_authorization": [],
            "client": "",
            "client_version": "",
            "conditions": [],
            "create_time": "2026-01-31T13:28:29.575022Z",
            "creator": "svbailey@gmail.com",
            "delete_time": "",
            "effective_annotations": {},
            "effective_labels": {},
            "etag": "\"CPfogswGEMCOiNAC/cHJvamVjdHMvc2ltaXRvci9sb2NhdGlvbnMvdXMtY2VudHJhbDEvam9icy9yZXRpa29uLWNvbXBhY3Rpb24tc3RhZ2luZw\"",
            "execution_count": 50,
            "expire_time": "",
            "generation": "2",
            "id": "projects/simitor/locations/us-central1/jobs/retikon-compaction-staging",
            "labels": {},
            "last_modifier": "svbailey@gmail.com",
            "latest_created_execution": [
              {
                "completion_time": "2026-02-02T15:04:19.599957Z",
                "create_time": "2026-02-02T15:00:01.494066Z",
                "name": "retikon-compaction-staging-vqsgt"
              }
            ],
            "launch_stage": "GA",
            "location": "us-central1",
            "name": "retikon-compaction-staging",
            "observed_generation": "2",
            "project": "simitor",
            "reconciling": false,
            "run_execution_token": "",
            "start_execution_token": "",
            "template": [
              {
                "annotations": {},
                "labels": {},
                "parallelism": 0,
                "task_count": 1,
                "template": [
                  {
                    "containers": [
                      {
                        "args": [
                          "-m",
                          "gcp_adapter.compaction_service"
                        ],
                        "command": [
                          "python"
                        ],
                        "env": [
                          {
                            "name": "ENV",
                            "value": "staging",
                            "value_source": []
                          },
                          {
                            "name": "LOG_LEVEL",
                            "value": "INFO",
                            "value_source": []
                          },
                          {
                            "name": "STORAGE_BACKEND",
                            "value": "gcs",
                            "value_source": []
                          },
                          {
                            "name": "GRAPH_BUCKET",
                            "value": "retikon-graph-simitor-staging",
                            "value_source": []
                          },
                          {
                            "name": "GRAPH_PREFIX",
                            "value": "retikon_v2",
                            "value_source": []
                          },
                          {
                            "name": "COMPACTION_TARGET_MIN_BYTES",
                            "value": "104857600",
                            "value_source": []
                          },
                          {
                            "name": "COMPACTION_TARGET_MAX_BYTES",
                            "value": "1073741824",
                            "value_source": []
                          },
                          {
                            "name": "COMPACTION_MAX_GROUPS_PER_BATCH",
                            "value": "50",
                            "value_source": []
                          },
                          {
                            "name": "COMPACTION_DELETE_SOURCE",
                            "value": "0",
                            "value_source": []
                          },
                          {
                            "name": "COMPACTION_DRY_RUN",
                            "value": "0",
                            "value_source": []
                          },
                          {
                            "name": "COMPACTION_STRICT",
                            "value": "1",
                            "value_source": []
                          },
                          {
                            "name": "COMPACTION_SKIP_MISSING",
                            "value": "0",
                            "value_source": []
                          },
                          {
                            "name": "COMPACTION_RELAX_NULLS",
                            "value": "0",
                            "value_source": []
                          },
                          {
                            "name": "AUDIT_COMPACTION_ENABLED",
                            "value": "0",
                            "value_source": []
                          },
                          {
                            "name": "AUDIT_COMPACTION_TARGET_MIN_BYTES",
                            "value": "33554432",
                            "value_source": []
                          },
                          {
                            "name": "AUDIT_COMPACTION_TARGET_MAX_BYTES",
                            "value": "268435456",
                            "value_source": []
                          },
                          {
                            "name": "AUDIT_COMPACTION_MAX_FILES_PER_BATCH",
                            "value": "500",
                            "value_source": []
                          },
                          {
                            "name": "AUDIT_COMPACTION_MAX_BATCHES",
                            "value": "10",
                            "value_source": []
                          },
                          {
                            "name": "AUDIT_COMPACTION_MIN_AGE_SECONDS",
                            "value": "300",
                            "value_source": []
                          },
                          {
                            "name": "AUDIT_COMPACTION_DELETE_SOURCE",
                            "value": "0",
                            "value_source": []
                          },
                          {
                            "name": "AUDIT_COMPACTION_DRY_RUN",
                            "value": "0",
                            "value_source": []
                          },
                          {
                            "name": "AUDIT_COMPACTION_STRICT",
                            "value": "1",
                            "value_source": []
                          },
                          {
                            "name": "RETENTION_HOT_DAYS",
                            "value": "0",
                            "value_source": []
                          },
                          {
                            "name": "RETENTION_WARM_DAYS",
                            "value": "30",
                            "value_source": []
                          },
                          {
                            "name": "RETENTION_COLD_DAYS",
                            "value": "180",
                            "value_source": []
                          },
                          {
                            "name": "RETENTION_DELETE_DAYS",
                            "value": "0",
                            "value_source": []
                          },
                          {
                            "name": "RETENTION_APPLY",
                            "value": "0",
                            "value_source": []
                          }
                        ],
                        "image": "us-central1-docker.pkg.dev/simitor/retikon-repo/retikon-compaction:dev-20260202-123333",
                        "name": "",
                        "ports": [],
                        "resources": [
                          {
                            "limits": {
                              "cpu": "1000m",
                              "memory": "2Gi"
                            }
                          }
                        ],
                        "volume_mounts": [],
                        "working_dir": ""
                      }
                    ],
                    "encryption_key": "",
                    "execution_environment": "EXECUTION_ENVIRONMENT_GEN2",
                    "max_retries": 0,
                    "service_account": "retikon-compaction-staging@simitor.iam.gserviceaccount.com",
                    "timeout": "900s",
                    "volumes": [],
                    "vpc_access": []
                  }
                ]
              }
            ],
            "terminal_condition": [
              {
                "execution_reason": "",
                "last_transition_time": "",
                "message": "",
                "reason": "",
                "revision_reason": "",
                "severity": "",
                "state": "CONDITION_SUCCEEDED",
                "type": "Ready"
              }
            ],
            "terraform_labels": {},
            "timeouts": null,
            "uid": "f9380514-2faa-4389-8745-1c2dca308116",
            "update_time": "2026-02-02T14:28:07.704776Z"
          },
          "sensitive_attributes": [],
          "private": "eyJlMmJmYjczMC1lY2FhLTExZTYtOGY4OC0zNDM2M2JjN2M0YzAiOnsiY3JlYXRlIjoxMjAwMDAwMDAwMDAwLCJkZWxldGUiOjEyMDAwMDAwMDAwMDAsInVwZGF0ZSI6MTIwMDAwMDAwMDAwMH19",
          "dependencies": [
            "google_service_account.compaction",
            "google_storage_bucket.graph"
          ]
        }
      ]
    },
    {
      "mode": "managed",
      "type": "google_cloud_run_v2_job",
      "name": "index_builder",
      "provider": "provider[\"registry.terraform.io/hashicorp/google-beta\"]",
      "instances": [
        {
          "schema_version": 0,
          "attributes": {
            "annotations": {},
            "binary_authorization": [],
            "client": "",
            "client_version": "",
            "conditions": [],
            "create_time": "2026-01-31T13:28:31.786060Z",
            "creator": "svbailey@gmail.com",
            "delete_time": "",
            "effective_annotations": {},
            "effective_labels": {},
            "etag": "\"CP-Qg8wGEJC74hk/cHJvamVjdHMvc2ltaXRvci9sb2NhdGlvbnMvdXMtY2VudHJhbDEvam9icy9yZXRpa29uLWluZGV4LWJ1aWxkZXItc3RhZ2luZw\"",
            "execution_count": 1,
            "expire_time": "",
            "generation": "5",
            "id": "projects/simitor/locations/us-central1/jobs/retikon-index-builder-staging",
            "labels": {},
            "last_modifier": "svbailey@gmail.com",
            "latest_created_execution": [
              {
                "completion_time": "2026-02-02T09:15:53.882362Z",
                "create_time": "2026-02-02T09:14:07.430972Z",
                "name": "retikon-index-builder-staging-l9vsw"
              }
            ],
            "launch_stage": "GA",
            "location": "us-central1",
            "name": "retikon-index-builder-staging",
            "observed_generation": "5",
            "project": "simitor",
            "reconciling": false,
            "run_execution_token": "",
            "start_execution_token": "",
            "template": [
              {
                "annotations": {},
                "labels": {},
                "parallelism": 0,
                "task_count": 1,
                "template": [
                  {
                    "containers": [
                      {
                        "args": [
                          "-m",
                          "retikon_core.query_engine.index_builder"
                        ],
                        "command": [
                          "python"
                        ],
                        "env": [
                          {
                            "name": "ENV",
                            "value": "staging",
                            "value_source": []
                          },
                          {
                            "name": "LOG_LEVEL",
                            "value": "INFO",
                            "value_source": []
                          },
                          {
                            "name": "STORAGE_BACKEND",
                            "value": "gcs",
                            "value_source": []
                          },
                          {
                            "name": "GRAPH_BUCKET",
                            "value": "retikon-graph-simitor-staging",
                            "value_source": []
                          },
                          {
                            "name": "GRAPH_PREFIX",
                            "value": "retikon_v2",
                            "value_source": []
                          },
                          {
                            "name": "DEFAULT_ORG_ID",
                            "value": "simitor",
                            "value_source": []
                          },
                          {
                            "name": "DEFAULT_SITE_ID",
                            "value": "",
                            "value_source": []
                          },
                          {
                            "name": "DEFAULT_STREAM_ID",
                            "value": "",
                            "value_source": []
                          },
                          {
                            "name": "SNAPSHOT_URI",
                            "value": "gs://retikon-graph-simitor-staging/retikon_v2/snapshots/retikon.duckdb",
                            "value_source": []
                          },
                          {
                            "name": "DUCKDB_ALLOW_INSTALL",
                            "value": "1",
                            "value_source": []
                          },
                          {
                            "name": "RETIKON_DUCKDB_AUTH_PROVIDER",
                            "value": "gcp_adapter.duckdb_auth:GcsDuckDBAuthProvider",
                            "value_source": []
                          },
                          {
                            "name": "INDEX_BUILDER_WORK_DIR",
                            "value": "/tmp",
                            "value_source": []
                          },
                          {
                            "name": "INDEX_BUILDER_COPY_LOCAL",
                            "value": "0",
                            "value_source": []
                          },
                          {
                            "name": "INDEX_BUILDER_FALLBACK_LOCAL",
                            "value": "1",
                            "value_source": []
                          }
                        ],
                        "image": "us-central1-docker.pkg.dev/simitor/retikon-repo/retikon-query:dev-20260202-151518",
                        "name": "",
                        "ports": [],
                        "resources": [
                          {
                            "limits": {
                              "cpu": "1000m",
                              "memory": "2Gi"
                            }
                          }
                        ],
                        "volume_mounts": [],
                        "working_dir": ""
                      }
                    ],
                    "encryption_key": "",
                    "execution_environment": "EXECUTION_ENVIRONMENT_GEN2",
                    "max_retries": 0,
                    "service_account": "retikon-index-sa-staging@simitor.iam.gserviceaccount.com",
                    "timeout": "900s",
                    "volumes": [],
                    "vpc_access": []
                  }
                ]
              }
            ],
            "terminal_condition": [
              {
                "execution_reason": "",
                "last_transition_time": "",
                "message": "",
                "reason": "",
                "revision_reason": "",
                "severity": "",
                "state": "CONDITION_SUCCEEDED",
                "type": "Ready"
              }
            ],
            "terraform_labels": {},
            "timeouts": null,
            "uid": "71c8b5ea-5989-40bc-ab9c-743f5a3f95ca",
            "update_time": "2026-02-02T15:53:35.054042Z"
          },
          "sensitive_attributes": [],
          "private": "eyJlMmJmYjczMC1lY2FhLTExZTYtOGY4OC0zNDM2M2JjN2M0YzAiOnsiY3JlYXRlIjoxMjAwMDAwMDAwMDAwLCJkZWxldGUiOjEyMDAwMDAwMDAwMDAsInVwZGF0ZSI6MTIwMDAwMDAwMDAwMH19",
          "dependencies": [
            "google_service_account.index_builder",
            "google_storage_bucket.graph"
          ],
          "create_before_destroy": true
        }
      ]
    },
    {
      "mode": "managed",
      "type": "google_cloud_run_v2_job",
      "name": "ingest_smoke",
      "provider": "provider[\"registry.terraform.io/hashicorp/google-beta\"]",
      "instances": [
        {
          "schema_version": 0,
          "attributes": {
            "annotations": {},
            "binary_authorization": [],
            "client": "",
            "client_version": "",
            "conditions": [],
            "create_time": "2026-01-31T13:29:11.151825Z",
            "creator": "svbailey@gmail.com",
            "delete_time": "",
            "effective_annotations": {},
            "effective_labels": {},
            "etag": "\"CKeH-MsGEOjUskg/cHJvamVjdHMvc2ltaXRvci9sb2NhdGlvbnMvdXMtY2VudHJhbDEvam9icy9yZXRpa29uLWluZ2VzdC1zbW9rZS1zdGFnaW5n\"",
            "execution_count": 0,
            "expire_time": "",
            "generation": "1",
            "id": "projects/simitor/locations/us-central1/jobs/retikon-ingest-smoke-staging",
            "labels": {},
            "last_modifier": "svbailey@gmail.com",
            "latest_created_execution": [],
            "launch_stage": "GA",
            "location": "us-central1",
            "name": "retikon-ingest-smoke-staging",
            "observed_generation": "1",
            "project": "simitor",
            "reconciling": false,
            "run_execution_token": "",
            "start_execution_token": "",
            "template": [
              {
                "annotations": {},
                "labels": {},
                "parallelism": 0,
                "task_count": 1,
                "template": [
                  {
                    "containers": [
                      {
                        "args": [
                          "set -euo pipefail\nTOKEN=$(curl -s -H \"Metadata-Flavor: Google\" \"http://metadata.google.internal/computeMetadata/v1/instance/service-accounts/default/identity?audience=${INGEST_URL}\")\ncurl -sS -H \"Authorization: Bearer ${TOKEN}\" \"${INGEST_URL}/health\"\n"
                        ],
                        "command": [
                          "sh",
                          "-c"
                        ],
                        "env": [
                          {
                            "name": "INGEST_URL",
                            "value": "https://retikon-ingestion-staging-yt27ougp4q-uc.a.run.app",
                            "value_source": []
                          }
                        ],
                        "image": "curlimages/curl:8.10.1",
                        "name": "",
                        "ports": [],
                        "resources": [
                          {
                            "limits": {
                              "cpu": "1000m",
                              "memory": "512Mi"
                            }
                          }
                        ],
                        "volume_mounts": [],
                        "working_dir": ""
                      }
                    ],
                    "encryption_key": "",
                    "execution_environment": "EXECUTION_ENVIRONMENT_GEN2",
                    "max_retries": 0,
                    "service_account": "retikon-smoke-sa-staging@simitor.iam.gserviceaccount.com",
                    "timeout": "300s",
                    "volumes": [],
                    "vpc_access": []
                  }
                ]
              }
            ],
            "terminal_condition": [
              {
                "execution_reason": "",
                "last_transition_time": "2026-01-31T13:29:11.401615Z",
                "message": "",
                "reason": "",
                "revision_reason": "",
                "severity": "",
                "state": "CONDITION_SUCCEEDED",
                "type": "Ready"
              }
            ],
            "terraform_labels": {},
            "timeouts": null,
            "uid": "0c0b28dc-74f2-4d77-aa98-4a57775e8932",
            "update_time": "2026-01-31T13:29:11.151825Z"
          },
          "sensitive_attributes": [],
          "private": "eyJlMmJmYjczMC1lY2FhLTExZTYtOGY4OC0zNDM2M2JjN2M0YzAiOnsiY3JlYXRlIjoxMjAwMDAwMDAwMDAwLCJkZWxldGUiOjEyMDAwMDAwMDAwMDAsInVwZGF0ZSI6MTIwMDAwMDAwMDAwMH19",
          "dependencies": [
            "data.google_compute_network.default",
            "google_cloud_run_service.ingestion",
            "google_cloud_run_service_iam_member.ingestion_smoke_invoker",
            "google_redis_instance.rate_limit",
            "google_service_account.ingestion",
            "google_service_account.smoke",
            "google_storage_bucket.graph",
            "google_storage_bucket.raw",
            "google_vpc_access_connector.serverless"
          ]
        }
      ]
    },
    {
      "mode": "managed",
      "type": "google_cloud_scheduler_job",
      "name": "compaction",
      "provider": "provider[\"registry.terraform.io/hashicorp/google\"]",
      "instances": [
        {
          "schema_version": 0,
          "attributes": {
            "app_engine_http_target": [],
            "attempt_deadline": "180s",
            "description": "",
            "http_target": [
              {
                "body": "",
                "headers": {},
                "http_method": "POST",
                "oauth_token": [
                  {
                    "scope": "https://www.googleapis.com/auth/cloud-platform",
                    "service_account_email": "retikon-compaction-staging@simitor.iam.gserviceaccount.com"
                  }
                ],
                "oidc_token": [],
                "uri": "https://run.googleapis.com/v2/projects/simitor/locations/us-central1/jobs/retikon-compaction-staging:run"
              }
            ],
            "id": "projects/simitor/locations/us-central1/jobs/retikon-compaction-staging",
            "name": "retikon-compaction-staging",
            "paused": false,
            "project": "simitor",
            "pubsub_target": [],
            "region": "us-central1",
            "retry_config": [],
            "schedule": "0 * * * *",
            "state": "ENABLED",
            "time_zone": "Etc/UTC",
            "timeouts": null
          },
          "sensitive_attributes": [],
          "private": "eyJlMmJmYjczMC1lY2FhLTExZTYtOGY4OC0zNDM2M2JjN2M0YzAiOnsiY3JlYXRlIjoxMjAwMDAwMDAwMDAwLCJkZWxldGUiOjEyMDAwMDAwMDAwMDAsInVwZGF0ZSI6MTIwMDAwMDAwMDAwMH19",
          "dependencies": [
            "google_cloud_run_v2_job.compaction",
            "google_service_account.compaction",
            "google_storage_bucket.graph"
          ]
        }
      ]
    },
    {
      "mode": "managed",
      "type": "google_cloud_scheduler_job",
      "name": "workflow_tick",
      "provider": "provider[\"registry.terraform.io/hashicorp/google\"]",
      "instances": [
        {
          "schema_version": 0,
          "attributes": {
            "app_engine_http_target": [],
            "attempt_deadline": "180s",
            "description": "",
            "http_target": [
              {
                "body": "e30=",
                "headers": {
                  "Content-Type": "application/json"
                },
                "http_method": "POST",
                "oauth_token": [],
                "oidc_token": [
                  {
                    "audience": "https://retikon-workflows-staging-yt27ougp4q-uc.a.run.app",
                    "service_account_email": "retikon-workflows-sa-staging@simitor.iam.gserviceaccount.com"
                  }
                ],
                "uri": "https://retikon-workflows-staging-yt27ougp4q-uc.a.run.app/workflows/schedule/tick"
              }
            ],
            "id": "projects/simitor/locations/us-central1/jobs/retikon-workflow-schedule-staging",
            "name": "retikon-workflow-schedule-staging",
            "paused": false,
            "project": "simitor",
            "pubsub_target": [],
            "region": "us-central1",
            "retry_config": [],
            "schedule": "*/5 * * * *",
            "state": "ENABLED",
            "time_zone": "Etc/UTC",
            "timeouts": null
          },
          "sensitive_attributes": [],
          "private": "eyJlMmJmYjczMC1lY2FhLTExZTYtOGY4OC0zNDM2M2JjN2M0YzAiOnsiY3JlYXRlIjoxMjAwMDAwMDAwMDAwLCJkZWxldGUiOjEyMDAwMDAwMDAwMDAsInVwZGF0ZSI6MTIwMDAwMDAwMDAwMH19",
          "dependencies": [
            "google_cloud_run_service.workflow",
            "google_service_account.workflow",
            "google_storage_bucket.graph",
            "google_storage_bucket.raw"
          ]
        }
      ]
    },
    {
      "mode": "managed",
      "type": "google_compute_firewall",
      "name": "redis_allow",
      "provider": "provider[\"registry.terraform.io/hashicorp/google\"]",
      "instances": [
        {
          "schema_version": 1,
          "attributes": {
            "allow": [
              {
                "ports": [
                  "6379"
                ],
                "protocol": "tcp"
              }
            ],
            "creation_timestamp": "2026-02-02T07:53:34.720-08:00",
            "deny": [],
            "description": "",
            "destination_ranges": [],
            "direction": "INGRESS",
            "disabled": false,
            "enable_logging": null,
            "id": "projects/simitor/global/firewalls/retikon-rate-limit-staging-allow",
            "log_config": [],
            "name": "retikon-rate-limit-staging-allow",
            "network": "https://www.googleapis.com/compute/v1/projects/simitor/global/networks/default",
            "priority": 1000,
            "project": "simitor",
            "self_link": "https://www.googleapis.com/compute/v1/projects/simitor/global/firewalls/retikon-rate-limit-staging-allow",
            "source_ranges": [
              "10.8.0.0/28"
            ],
            "source_service_accounts": [],
            "source_tags": [],
            "target_service_accounts": [],
            "target_tags": [],
            "timeouts": null
          },
          "sensitive_attributes": [],
          "private": "eyJlMmJmYjczMC1lY2FhLTExZTYtOGY4OC0zNDM2M2JjN2M0YzAiOnsiY3JlYXRlIjoxMjAwMDAwMDAwMDAwLCJkZWxldGUiOjEyMDAwMDAwMDAwMDAsInVwZGF0ZSI6MTIwMDAwMDAwMDAwMH0sInNjaGVtYV92ZXJzaW9uIjoiMSJ9",
          "dependencies": [
            "data.google_compute_network.default"
          ]
        }
      ]
    },
    {
      "mode": "managed",
      "type": "google_eventarc_trigger",
      "name": "gcs_ingest",
      "provider": "provider[\"registry.terraform.io/hashicorp/google\"]",
      "instances": [
        {
          "schema_version": 0,
          "attributes": {
            "channel": "",
            "conditions": {},
            "create_time": "2026-01-31T13:29:12.839421035Z",
            "destination": [
              {
                "cloud_function": "",
                "cloud_run_service": [
                  {
                    "path": "/ingest",
                    "region": "us-central1",
                    "service": "retikon-ingestion-staging"
                  }
                ],
                "gke": [],
                "http_endpoint": [],
                "network_config": [],
                "workflow": ""
              }
            ],
            "effective_labels": {},
            "etag": "",
            "event_data_content_type": "application/json",
            "id": "projects/simitor/locations/us-central1/triggers/retikon-ingest-trigger-staging",
            "labels": {},
            "location": "us-central1",
            "matching_criteria": [
              {
                "attribute": "bucket",
                "operator": "",
                "value": "retikon-raw-simitor-staging"
              },
              {
                "attribute": "type",
                "operator": "",
                "value": "google.cloud.storage.object.v1.finalized"
              }
            ],
            "name": "retikon-ingest-trigger-staging",
            "project": "simitor",
            "service_account": "retikon-ingest-sa-staging@simitor.iam.gserviceaccount.com",
            "terraform_labels": {},
            "timeouts": null,
            "transport": [
              {
                "pubsub": [
                  {
                    "subscription": "projects/simitor/subscriptions/eventarc-us-central1-retikon-ingest-trigger-staging-sub-282",
                    "topic": "projects/simitor/topics/eventarc-us-central1-retikon-ingest-trigger-staging-990"
                  }
                ]
              }
            ],
            "uid": "bed8bde5-5db5-49e1-948c-596c6f5ddea0",
            "update_time": "2026-01-31T13:29:20.044665024Z"
          },
          "sensitive_attributes": [],
          "private": "eyJlMmJmYjczMC1lY2FhLTExZTYtOGY4OC0zNDM2M2JjN2M0YzAiOnsiY3JlYXRlIjoxMjAwMDAwMDAwMDAwLCJkZWxldGUiOjEyMDAwMDAwMDAwMDAsInVwZGF0ZSI6MTIwMDAwMDAwMDAwMH19",
          "dependencies": [
            "data.google_compute_network.default",
            "data.google_project.project",
            "data.google_storage_project_service_account.gcs",
            "google_cloud_run_service.ingestion",
            "google_cloud_run_service_iam_member.ingestion_invoker",
            "google_project_iam_member.eventarc_event_receiver",
            "google_project_iam_member.eventarc_service_agent",
            "google_project_iam_member.gcs_pubsub_publisher",
            "google_redis_instance.rate_limit",
            "google_service_account.ingestion",
            "google_storage_bucket.graph",
            "google_storage_bucket.raw",
            "google_vpc_access_connector.serverless"
          ]
        }
      ]
    },
    {
      "mode": "managed",
      "type": "google_firestore_database",
      "name": "default",
      "provider": "provider[\"registry.terraform.io/hashicorp/google-beta\"]",
      "instances": [
        {
          "schema_version": 0,
          "attributes": {
            "app_engine_integration_mode": "DISABLED",
            "cmek_config": [],
            "concurrency_mode": "PESSIMISTIC",
            "create_time": "",
            "delete_protection_state": "DELETE_PROTECTION_DISABLED",
            "deletion_policy": "ABANDON",
            "earliest_version_time": "2026-02-02T14:57:03.521044Z",
            "etag": "INPEhv6Vu5IDMOfUzML9oZID",
            "id": "projects/simitor/databases/(default)",
            "key_prefix": "",
            "location_id": "nam5",
            "name": "(default)",
            "point_in_time_recovery_enablement": "POINT_IN_TIME_RECOVERY_DISABLED",
            "project": "simitor",
            "timeouts": null,
            "type": "FIRESTORE_NATIVE",
            "uid": "8db5d8ca-35b0-403c-9467-0f01fbbc5e8c",
            "update_time": "",
            "version_retention_period": "3600s"
          },
          "sensitive_attributes": [],
          "private": "eyJlMmJmYjczMC1lY2FhLTExZTYtOGY4OC0zNDM2M2JjN2M0YzAiOnsiY3JlYXRlIjoxMjAwMDAwMDAwMDAwLCJkZWxldGUiOjEyMDAwMDAwMDAwMDAsInVwZGF0ZSI6MTIwMDAwMDAwMDAwMH0sInNjaGVtYV92ZXJzaW9uIjoiMCJ9"
        }
      ]
    },
    {
      "mode": "managed",
      "type": "google_monitoring_alert_policy",
      "name": "dlq_backlog",
      "provider": "provider[\"registry.terraform.io/hashicorp/google\"]",
      "instances": [
        {
          "schema_version": 0,
          "attributes": {
            "alert_strategy": [],
            "combiner": "OR",
            "conditions": [
              {
                "condition_absent": [],
                "condition_matched_log": [],
                "condition_monitoring_query_language": [],
                "condition_prometheus_query_language": [],
                "condition_threshold": [
                  {
                    "aggregations": [
                      {
                        "alignment_period": "60s",
                        "cross_series_reducer": "REDUCE_MAX",
                        "group_by_fields": [],
                        "per_series_aligner": "ALIGN_MAX"
                      }
                    ],
                    "comparison": "COMPARISON_GT",
                    "denominator_aggregations": [],
                    "denominator_filter": "",
                    "duration": "300s",
                    "evaluation_missing_data": "",
                    "filter": "resource.type=\"pubsub_subscription\" AND resource.labels.subscription_id=\"retikon-ingest-dlq-sub-staging\" AND metric.type=\"pubsub.googleapis.com/subscription/num_undelivered_messages\"",
                    "forecast_options": [],
                    "threshold_value": 1,
                    "trigger": [
                      {
                        "count": 1,
                        "percent": 0
                      }
                    ]
                  }
                ],
                "display_name": "DLQ undelivered messages",
                "name": "projects/simitor/alertPolicies/8198575263140174886/conditions/8198575263140172725"
              }
            ],
            "creation_record": [
              {
                "mutate_time": "2026-01-31T13:28:30.021840507Z",
                "mutated_by": "svbailey@gmail.com"
              }
            ],
            "display_name": "Retikon DLQ backlog",
            "documentation": [],
            "enabled": true,
            "id": "projects/simitor/alertPolicies/8198575263140174886",
            "name": "projects/simitor/alertPolicies/8198575263140174886",
            "notification_channels": [
              "projects/simitor/notificationChannels/11915359189916031638"
            ],
            "project": "simitor",
            "severity": "",
            "timeouts": null,
            "user_labels": {}
          },
          "sensitive_attributes": [],
          "private": "eyJlMmJmYjczMC1lY2FhLTExZTYtOGY4OC0zNDM2M2JjN2M0YzAiOnsiY3JlYXRlIjoxMjAwMDAwMDAwMDAwLCJkZWxldGUiOjEyMDAwMDAwMDAwMDAsInVwZGF0ZSI6MTIwMDAwMDAwMDAwMH19",
          "dependencies": [
            "google_monitoring_notification_channel.email"
          ]
        }
      ]
    },
    {
      "mode": "managed",
      "type": "google_monitoring_alert_policy",
      "name": "ingest_5xx_rate",
      "provider": "provider[\"registry.terraform.io/hashicorp/google\"]",
      "instances": [
        {
          "schema_version": 0,
          "attributes": {
            "alert_strategy": [],
            "combiner": "OR",
            "conditions": [
              {
                "condition_absent": [],
                "condition_matched_log": [],
                "condition_monitoring_query_language": [],
                "condition_prometheus_query_language": [],
                "condition_threshold": [
                  {
                    "aggregations": [
                      {
                        "alignment_period": "60s",
                        "cross_series_reducer": "REDUCE_SUM",
                        "group_by_fields": [],
                        "per_series_aligner": "ALIGN_RATE"
                      }
                    ],
                    "comparison": "COMPARISON_GT",
                    "denominator_aggregations": [],
                    "denominator_filter": "",
                    "duration": "300s",
                    "evaluation_missing_data": "",
                    "filter": "resource.type=\"cloud_run_revision\" AND resource.labels.service_name=\"retikon-ingestion-staging\" AND metric.type=\"run.googleapis.com/request_count\" AND metric.labels.response_code_class=\"5xx\"",
                    "forecast_options": [],
                    "threshold_value": 0.02,
                    "trigger": [
                      {
                        "count": 1,
                        "percent": 0
                      }
                    ]
                  }
                ],
                "display_name": "Ingest 5xx rate",
                "name": "projects/simitor/alertPolicies/10875073443325579203/conditions/10875073443325579234"
              }
            ],
            "creation_record": [
              {
                "mutate_time": "2026-01-31T13:29:06.355155290Z",
                "mutated_by": "svbailey@gmail.com"
              }
            ],
            "display_name": "Retikon Ingest 5xx rate",
            "documentation": [],
            "enabled": true,
            "id": "projects/simitor/alertPolicies/10875073443325579203",
            "name": "projects/simitor/alertPolicies/10875073443325579203",
            "notification_channels": [
              "projects/simitor/notificationChannels/11915359189916031638"
            ],
            "project": "simitor",
            "severity": "",
            "timeouts": null,
            "user_labels": {}
          },
          "sensitive_attributes": [],
          "private": "eyJlMmJmYjczMC1lY2FhLTExZTYtOGY4OC0zNDM2M2JjN2M0YzAiOnsiY3JlYXRlIjoxMjAwMDAwMDAwMDAwLCJkZWxldGUiOjEyMDAwMDAwMDAwMDAsInVwZGF0ZSI6MTIwMDAwMDAwMDAwMH19",
          "dependencies": [
            "data.google_compute_network.default",
            "google_cloud_run_service.ingestion",
            "google_monitoring_notification_channel.email",
            "google_redis_instance.rate_limit",
            "google_service_account.ingestion",
            "google_storage_bucket.graph",
            "google_storage_bucket.raw",
            "google_vpc_access_connector.serverless"
          ]
        }
      ]
    },
    {
      "mode": "managed",
      "type": "google_monitoring_alert_policy",
      "name": "query_p95_latency",
      "provider": "provider[\"registry.terraform.io/hashicorp/google\"]",
      "instances": [
        {
          "schema_version": 0,
          "attributes": {
            "alert_strategy": [],
            "combiner": "OR",
            "conditions": [
              {
                "condition_absent": [],
                "condition_matched_log": [],
                "condition_monitoring_query_language": [],
                "condition_prometheus_query_language": [],
                "condition_threshold": [
                  {
                    "aggregations": [
                      {
                        "alignment_period": "60s",
                        "cross_series_reducer": "REDUCE_MAX",
                        "group_by_fields": [],
                        "per_series_aligner": "ALIGN_PERCENTILE_95"
                      }
                    ],
                    "comparison": "COMPARISON_GT",
                    "denominator_aggregations": [],
                    "denominator_filter": "",
                    "duration": "300s",
                    "evaluation_missing_data": "",
                    "filter": "resource.type=\"cloud_run_revision\" AND resource.labels.service_name=\"retikon-query-staging\" AND metric.type=\"run.googleapis.com/request_latencies\"",
                    "forecast_options": [],
                    "threshold_value": 2,
                    "trigger": [
                      {
                        "count": 1,
                        "percent": 0
                      }
                    ]
                  }
                ],
                "display_name": "Query p95 latency",
                "name": "projects/simitor/alertPolicies/9792662545742451410/conditions/9792662545742451499"
              }
            ],
            "creation_record": [
              {
                "mutate_time": "2026-01-31T13:47:40.173136769Z",
                "mutated_by": "svbailey@gmail.com"
              }
            ],
            "display_name": "Retikon Query p95 latency",
            "documentation": [],
            "enabled": true,
            "id": "projects/simitor/alertPolicies/9792662545742451410",
            "name": "projects/simitor/alertPolicies/9792662545742451410",
            "notification_channels": [
              "projects/simitor/notificationChannels/11915359189916031638"
            ],
            "project": "simitor",
            "severity": "",
            "timeouts": null,
            "user_labels": {}
          },
          "sensitive_attributes": [],
          "private": "eyJlMmJmYjczMC1lY2FhLTExZTYtOGY4OC0zNDM2M2JjN2M0YzAiOnsiY3JlYXRlIjoxMjAwMDAwMDAwMDAwLCJkZWxldGUiOjEyMDAwMDAwMDAwMDAsInVwZGF0ZSI6MTIwMDAwMDAwMDAwMH19",
          "dependencies": [
            "data.google_compute_network.default",
            "google_cloud_run_service.query",
            "google_monitoring_notification_channel.email",
            "google_redis_instance.rate_limit",
            "google_service_account.query",
            "google_storage_bucket.graph",
            "google_vpc_access_connector.serverless"
          ]
        }
      ]
    },
    {
      "mode": "managed",
      "type": "google_monitoring_dashboard",
      "name": "ops",
      "provider": "provider[\"registry.terraform.io/hashicorp/google\"]",
      "instances": [
        {
          "schema_version": 0,
          "attributes": {
            "dashboard_json": "{\"displayName\":\"Retikon Ops Staging\",\"etag\":\"cc8c7616138bf05131b77b8fa5b0a3f4\",\"mosaicLayout\":{\"columns\":12,\"tiles\":[{\"height\":4,\"widget\":{\"title\":\"Ingestion 5xx rate (req/s)\",\"xyChart\":{\"dataSets\":[{\"plotType\":\"LINE\",\"targetAxis\":\"Y1\",\"timeSeriesQuery\":{\"timeSeriesFilter\":{\"aggregation\":{\"alignmentPeriod\":\"60s\",\"crossSeriesReducer\":\"REDUCE_SUM\",\"perSeriesAligner\":\"ALIGN_RATE\"},\"filter\":\"resource.type=\\\"cloud_run_revision\\\" AND resource.labels.service_name=\\\"retikon-ingestion-staging\\\" AND metric.type=\\\"run.googleapis.com/request_count\\\" AND metric.labels.response_code_class=\\\"5xx\\\"\"}}}],\"yAxis\":{\"label\":\"req/s\",\"scale\":\"LINEAR\"}}},\"width\":4},{\"height\":4,\"widget\":{\"title\":\"Query p95 latency (s)\",\"xyChart\":{\"dataSets\":[{\"plotType\":\"LINE\",\"targetAxis\":\"Y1\",\"timeSeriesQuery\":{\"timeSeriesFilter\":{\"aggregation\":{\"alignmentPeriod\":\"60s\",\"crossSeriesReducer\":\"REDUCE_MAX\",\"perSeriesAligner\":\"ALIGN_PERCENTILE_95\"},\"filter\":\"resource.type=\\\"cloud_run_revision\\\" AND resource.labels.service_name=\\\"retikon-query-staging\\\" AND metric.type=\\\"run.googleapis.com/request_latencies\\\"\"}}}],\"yAxis\":{\"label\":\"seconds\",\"scale\":\"LINEAR\"}}},\"width\":4,\"xPos\":4},{\"height\":4,\"widget\":{\"title\":\"DLQ backlog\",\"xyChart\":{\"dataSets\":[{\"plotType\":\"LINE\",\"targetAxis\":\"Y1\",\"timeSeriesQuery\":{\"timeSeriesFilter\":{\"aggregation\":{\"alignmentPeriod\":\"60s\",\"crossSeriesReducer\":\"REDUCE_MAX\",\"perSeriesAligner\":\"ALIGN_MAX\"},\"filter\":\"resource.type=\\\"pubsub_subscription\\\" AND resource.labels.subscription_id=\\\"retikon-ingest-dlq-sub-staging\\\" AND metric.type=\\\"pubsub.googleapis.com/subscription/num_undelivered_messages\\\"\"}}}],\"yAxis\":{\"label\":\"messages\",\"scale\":\"LINEAR\"}}},\"width\":4,\"xPos\":8}]},\"name\":\"projects/423745254982/dashboards/6ac49812-be84-4c53-957e-353c6f13b72d\"}",
            "id": "projects/423745254982/dashboards/6ac49812-be84-4c53-957e-353c6f13b72d",
            "project": "simitor",
            "timeouts": null
          },
          "sensitive_attributes": [],
          "private": "eyJlMmJmYjczMC1lY2FhLTExZTYtOGY4OC0zNDM2M2JjN2M0YzAiOnsiY3JlYXRlIjoyNDAwMDAwMDAwMDAsImRlbGV0ZSI6MjQwMDAwMDAwMDAwLCJ1cGRhdGUiOjI0MDAwMDAwMDAwMH19",
          "dependencies": [
            "data.google_compute_network.default",
            "google_cloud_run_service.ingestion",
            "google_cloud_run_service.query",
            "google_redis_instance.rate_limit",
            "google_service_account.ingestion",
            "google_service_account.query",
            "google_storage_bucket.graph",
            "google_storage_bucket.raw",
            "google_vpc_access_connector.serverless"
          ]
        }
      ]
    },
    {
      "mode": "managed",
      "type": "google_monitoring_notification_channel",
      "name": "email",
      "provider": "provider[\"registry.terraform.io/hashicorp/google\"]",
      "instances": [
        {
          "index_key": "svbailey@gmail.com",
          "schema_version": 0,
          "attributes": {
            "description": "",
            "display_name": "Retikon Alerts - svbailey@gmail.com",
            "enabled": true,
            "force_delete": false,
            "id": "projects/simitor/notificationChannels/11915359189916031638",
            "labels": {
              "email_address": "svbailey@gmail.com"
            },
            "name": "projects/simitor/notificationChannels/11915359189916031638",
            "project": "simitor",
            "sensitive_labels": [],
            "timeouts": null,
            "type": "email",
            "user_labels": {},
            "verification_status": ""
          },
          "sensitive_attributes": [],
          "private": "eyJlMmJmYjczMC1lY2FhLTExZTYtOGY4OC0zNDM2M2JjN2M0YzAiOnsiY3JlYXRlIjoxMjAwMDAwMDAwMDAwLCJkZWxldGUiOjEyMDAwMDAwMDAwMDAsInVwZGF0ZSI6MTIwMDAwMDAwMDAwMH19"
        }
      ]
    },
    {
      "mode": "managed",
      "type": "google_project_iam_member",
      "name": "apigateway_service_management_admin",
      "provider": "provider[\"registry.terraform.io/hashicorp/google\"]",
      "instances": [
        {
          "index_key": 0,
          "schema_version": 0,
          "attributes": {
            "condition": [],
            "etag": "BwZJ2Maunag=",
            "id": "simitor/roles/servicemanagement.admin/serviceAccount:service-423745254982@gcp-sa-apigateway.iam.gserviceaccount.com",
            "member": "serviceAccount:service-423745254982@gcp-sa-apigateway.iam.gserviceaccount.com",
            "project": "simitor",
            "role": "roles/servicemanagement.admin"
          },
          "sensitive_attributes": [],
          "private": "eyJzY2hlbWFfdmVyc2lvbiI6IjAifQ==",
          "dependencies": [
            "data.google_project.project"
          ]
        }
      ]
    },
    {
      "mode": "managed",
      "type": "google_project_iam_member",
      "name": "audit_firestore_user",
      "provider": "provider[\"registry.terraform.io/hashicorp/google\"]",
      "instances": [
        {
          "schema_version": 0,
          "attributes": {
            "condition": [],
            "etag": "BwZJ2Maunag=",
            "id": "simitor/roles/datastore.user/serviceAccount:retikon-audit-sa-staging@simitor.iam.gserviceaccount.com",
            "member": "serviceAccount:retikon-audit-sa-staging@simitor.iam.gserviceaccount.com",
            "project": "simitor",
            "role": "roles/datastore.user"
          },
          "sensitive_attributes": [],
          "private": "bnVsbA==",
          "dependencies": [
            "google_service_account.audit"
          ]
        }
      ]
    },
    {
      "mode": "managed",
      "type": "google_project_iam_member",
      "name": "compaction_run_invoker",
      "provider": "provider[\"registry.terraform.io/hashicorp/google\"]",
      "instances": [
        {
          "schema_version": 0,
          "attributes": {
            "condition": [],
            "etag": "BwZJ2Maunag=",
            "id": "simitor/roles/run.invoker/serviceAccount:retikon-compaction-staging@simitor.iam.gserviceaccount.com",
            "member": "serviceAccount:retikon-compaction-staging@simitor.iam.gserviceaccount.com",
            "project": "simitor",
            "role": "roles/run.invoker"
          },
          "sensitive_attributes": [],
          "private": "bnVsbA==",
          "dependencies": [
            "google_service_account.compaction"
          ]
        }
      ]
    },
    {
      "mode": "managed",
      "type": "google_project_iam_member",
      "name": "data_factory_firestore_user",
      "provider": "provider[\"registry.terraform.io/hashicorp/google\"]",
      "instances": [
        {
          "schema_version": 0,
          "attributes": {
            "condition": [],
            "etag": "BwZJ2Maunag=",
            "id": "simitor/roles/datastore.user/serviceAccount:retikon-data-factory-stg@simitor.iam.gserviceaccount.com",
            "member": "serviceAccount:retikon-data-factory-stg@simitor.iam.gserviceaccount.com",
            "project": "simitor",
            "role": "roles/datastore.user"
          },
          "sensitive_attributes": [],
          "private": "bnVsbA==",
          "dependencies": [
            "google_service_account.data_factory"
          ]
        }
      ]
    },
    {
      "mode": "managed",
      "type": "google_project_iam_member",
      "name": "dev_console_firestore_user",
      "provider": "provider[\"registry.terraform.io/hashicorp/google\"]",
      "instances": [
        {
          "schema_version": 0,
          "attributes": {
            "condition": [],
            "etag": "BwZJ2Maunag=",
            "id": "simitor/roles/datastore.user/serviceAccount:retikon-dev-console-sa-staging@simitor.iam.gserviceaccount.com",
            "member": "serviceAccount:retikon-dev-console-sa-staging@simitor.iam.gserviceaccount.com",
            "project": "simitor",
            "role": "roles/datastore.user"
          },
          "sensitive_attributes": [],
          "private": "bnVsbA==",
          "dependencies": [
            "google_service_account.dev_console"
          ]
        }
      ]
    },
    {
      "mode": "managed",
      "type": "google_project_iam_member",
      "name": "dev_console_run_developer",
      "provider": "provider[\"registry.terraform.io/hashicorp/google\"]",
      "instances": [
        {
          "schema_version": 0,
          "attributes": {
            "condition": [],
            "etag": "BwZJ2Maunag=",
            "id": "simitor/roles/run.developer/serviceAccount:retikon-dev-console-sa-staging@simitor.iam.gserviceaccount.com",
            "member": "serviceAccount:retikon-dev-console-sa-staging@simitor.iam.gserviceaccount.com",
            "project": "simitor",
            "role": "roles/run.developer"
          },
          "sensitive_attributes": [],
          "private": "bnVsbA==",
          "dependencies": [
            "google_service_account.dev_console"
          ]
        }
      ]
    },
    {
      "mode": "managed",
      "type": "google_project_iam_member",
      "name": "eventarc_event_receiver",
      "provider": "provider[\"registry.terraform.io/hashicorp/google\"]",
      "instances": [
        {
          "schema_version": 0,
          "attributes": {
            "condition": [],
            "etag": "BwZJ2Maunag=",
            "id": "simitor/roles/eventarc.eventReceiver/serviceAccount:retikon-ingest-sa-staging@simitor.iam.gserviceaccount.com",
            "member": "serviceAccount:retikon-ingest-sa-staging@simitor.iam.gserviceaccount.com",
            "project": "simitor",
            "role": "roles/eventarc.eventReceiver"
          },
          "sensitive_attributes": [],
          "private": "bnVsbA==",
          "dependencies": [
            "google_service_account.ingestion"
          ]
        }
      ]
    },
    {
      "mode": "managed",
      "type": "google_project_iam_member",
      "name": "eventarc_service_agent",
      "provider": "provider[\"registry.terraform.io/hashicorp/google\"]",
      "instances": [
        {
          "schema_version": 0,
          "attributes": {
            "condition": [],
            "etag": "BwZJ2Maunag=",
            "id": "simitor/roles/eventarc.serviceAgent/serviceAccount:service-423745254982@gcp-sa-eventarc.iam.gserviceaccount.com",
            "member": "serviceAccount:service-423745254982@gcp-sa-eventarc.iam.gserviceaccount.com",
            "project": "simitor",
            "role": "roles/eventarc.serviceAgent"
          },
          "sensitive_attributes": [],
          "private": "eyJzY2hlbWFfdmVyc2lvbiI6IjAifQ==",
          "dependencies": [
            "data.google_project.project"
          ]
        }
      ]
    },
    {
      "mode": "managed",
      "type": "google_project_iam_member",
      "name": "fleet_firestore_user",
      "provider": "provider[\"registry.terraform.io/hashicorp/google\"]",
      "instances": [
        {
          "schema_version": 0,
          "attributes": {
            "condition": [],
            "etag": "BwZJ2Maunag=",
            "id": "simitor/roles/datastore.user/serviceAccount:retikon-fleet-sa-staging@simitor.iam.gserviceaccount.com",
            "member": "serviceAccount:retikon-fleet-sa-staging@simitor.iam.gserviceaccount.com",
            "project": "simitor",
            "role": "roles/datastore.user"
          },
          "sensitive_attributes": [],
          "private": "bnVsbA==",
          "dependencies": [
            "google_service_account.fleet"
          ]
        }
      ]
    },
    {
      "mode": "managed",
      "type": "google_project_iam_member",
      "name": "gcs_pubsub_publisher",
      "provider": "provider[\"registry.terraform.io/hashicorp/google\"]",
      "instances": [
        {
          "schema_version": 0,
          "attributes": {
            "condition": [],
            "etag": "BwZJ2Maunag=",
            "id": "simitor/roles/pubsub.publisher/serviceAccount:service-423745254982@gs-project-accounts.iam.gserviceaccount.com",
            "member": "serviceAccount:service-423745254982@gs-project-accounts.iam.gserviceaccount.com",
            "project": "simitor",
            "role": "roles/pubsub.publisher"
          },
          "sensitive_attributes": [],
          "private": "eyJzY2hlbWFfdmVyc2lvbiI6IjAifQ==",
          "dependencies": [
            "data.google_storage_project_service_account.gcs"
          ]
        }
      ]
    },
    {
      "mode": "managed",
      "type": "google_project_iam_member",
      "name": "ingest_firestore_user",
      "provider": "provider[\"registry.terraform.io/hashicorp/google\"]",
      "instances": [
        {
          "schema_version": 0,
          "attributes": {
            "condition": [],
            "etag": "BwZJ2Maunag=",
            "id": "simitor/roles/datastore.user/serviceAccount:retikon-ingest-sa-staging@simitor.iam.gserviceaccount.com",
            "member": "serviceAccount:retikon-ingest-sa-staging@simitor.iam.gserviceaccount.com",
            "project": "simitor",
            "role": "roles/datastore.user"
          },
          "sensitive_attributes": [],
          "private": "bnVsbA==",
          "dependencies": [
            "google_service_account.ingestion"
          ]
        }
      ]
    },
    {
      "mode": "managed",
      "type": "google_project_iam_member",
      "name": "privacy_firestore_user",
      "provider": "provider[\"registry.terraform.io/hashicorp/google\"]",
      "instances": [
        {
          "schema_version": 0,
          "attributes": {
            "condition": [],
            "etag": "BwZJ2Maunag=",
            "id": "simitor/roles/datastore.user/serviceAccount:retikon-privacy-sa-staging@simitor.iam.gserviceaccount.com",
            "member": "serviceAccount:retikon-privacy-sa-staging@simitor.iam.gserviceaccount.com",
            "project": "simitor",
            "role": "roles/datastore.user"
          },
          "sensitive_attributes": [],
          "private": "bnVsbA==",
          "dependencies": [
            "google_service_account.privacy"
          ]
        }
      ]
    },
    {
      "mode": "managed",
      "type": "google_project_iam_member",
      "name": "query_firestore_user",
      "provider": "provider[\"registry.terraform.io/hashicorp/google\"]",
      "instances": [
        {
          "schema_version": 0,
          "attributes": {
            "condition": [],
            "etag": "BwZJ2Maunag=",
            "id": "simitor/roles/datastore.user/serviceAccount:retikon-query-sa-staging@simitor.iam.gserviceaccount.com",
            "member": "serviceAccount:retikon-query-sa-staging@simitor.iam.gserviceaccount.com",
            "project": "simitor",
            "role": "roles/datastore.user"
          },
          "sensitive_attributes": [],
          "private": "bnVsbA==",
          "dependencies": [
            "google_service_account.query"
          ]
        }
      ]
    },
    {
      "mode": "managed",
      "type": "google_project_iam_member",
      "name": "stream_ingest_firestore_user",
      "provider": "provider[\"registry.terraform.io/hashicorp/google\"]",
      "instances": [
        {
          "schema_version": 0,
          "attributes": {
            "condition": [],
            "etag": "BwZJ2Maunag=",
            "id": "simitor/roles/datastore.user/serviceAccount:retikon-stream-ingest-staging@simitor.iam.gserviceaccount.com",
            "member": "serviceAccount:retikon-stream-ingest-staging@simitor.iam.gserviceaccount.com",
            "project": "simitor",
            "role": "roles/datastore.user"
          },
          "sensitive_attributes": [],
          "private": "bnVsbA==",
          "dependencies": [
            "google_service_account.stream_ingest"
          ]
        }
      ]
    },
    {
      "mode": "managed",
      "type": "google_project_iam_member",
      "name": "workflow_firestore_user",
      "provider": "provider[\"registry.terraform.io/hashicorp/google\"]",
      "instances": [
        {
          "schema_version": 0,
          "attributes": {
            "condition": [],
            "etag": "BwZJ2Maunag=",
            "id": "simitor/roles/datastore.user/serviceAccount:retikon-workflows-sa-staging@simitor.iam.gserviceaccount.com",
            "member": "serviceAccount:retikon-workflows-sa-staging@simitor.iam.gserviceaccount.com",
            "project": "simitor",
            "role": "roles/datastore.user"
          },
          "sensitive_attributes": [],
          "private": "bnVsbA==",
          "dependencies": [
            "google_service_account.workflow"
          ]
        }
      ]
    },
    {
      "mode": "managed",
      "type": "google_pubsub_subscription",
      "name": "ingest_dlq",
      "provider": "provider[\"registry.terraform.io/hashicorp/google\"]",
      "instances": [
        {
          "schema_version": 0,
          "attributes": {
            "ack_deadline_seconds": 60,
            "bigquery_config": [],
            "cloud_storage_config": [],
            "dead_letter_policy": [],
            "effective_labels": {},
            "enable_exactly_once_delivery": false,
            "enable_message_ordering": false,
            "expiration_policy": [
              {
                "ttl": "2678400s"
              }
            ],
            "filter": "",
            "id": "projects/simitor/subscriptions/retikon-ingest-dlq-sub-staging",
            "labels": {},
            "message_retention_duration": "604800s",
            "name": "retikon-ingest-dlq-sub-staging",
            "project": "simitor",
            "push_config": [],
            "retain_acked_messages": false,
            "retry_policy": [],
            "terraform_labels": {},
            "timeouts": null,
            "topic": "projects/simitor/topics/retikon-ingest-dlq-staging"
          },
          "sensitive_attributes": [],
          "private": "eyJlMmJmYjczMC1lY2FhLTExZTYtOGY4OC0zNDM2M2JjN2M0YzAiOnsiY3JlYXRlIjoxMjAwMDAwMDAwMDAwLCJkZWxldGUiOjEyMDAwMDAwMDAwMDAsInVwZGF0ZSI6MTIwMDAwMDAwMDAwMH19",
          "dependencies": [
            "google_pubsub_topic.ingest_dlq"
          ]
        }
      ]
    },
    {
      "mode": "managed",
      "type": "google_pubsub_subscription",
      "name": "stream_ingest",
      "provider": "provider[\"registry.terraform.io/hashicorp/google\"]",
      "instances": [
        {
          "schema_version": 0,
          "attributes": {
            "ack_deadline_seconds": 60,
            "bigquery_config": [],
            "cloud_storage_config": [],
            "dead_letter_policy": [
              {
                "dead_letter_topic": "projects/simitor/topics/retikon-ingest-dlq-staging",
                "max_delivery_attempts": 10
              }
            ],
            "effective_labels": {},
            "enable_exactly_once_delivery": false,
            "enable_message_ordering": false,
            "expiration_policy": [
              {
                "ttl": "2678400s"
              }
            ],
            "filter": "",
            "id": "projects/simitor/subscriptions/retikon-stream-ingest-sub-staging",
            "labels": {},
            "message_retention_duration": "604800s",
            "name": "retikon-stream-ingest-sub-staging",
            "project": "simitor",
            "push_config": [
              {
                "attributes": {},
                "no_wrapper": [],
                "oidc_token": [
                  {
                    "audience": "https://retikon-stream-ingest-staging-yt27ougp4q-uc.a.run.app",
                    "service_account_email": "retikon-stream-ingest-staging@simitor.iam.gserviceaccount.com"
                  }
                ],
                "push_endpoint": "https://retikon-stream-ingest-staging-yt27ougp4q-uc.a.run.app/ingest/stream/push"
              }
            ],
            "retain_acked_messages": false,
            "retry_policy": [
              {
                "maximum_backoff": "600s",
                "minimum_backoff": "10s"
              }
            ],
            "terraform_labels": {},
            "timeouts": null,
            "topic": "projects/simitor/topics/retikon-stream-ingest-staging"
          },
          "sensitive_attributes": [],
          "private": "eyJlMmJmYjczMC1lY2FhLTExZTYtOGY4OC0zNDM2M2JjN2M0YzAiOnsiY3JlYXRlIjoxMjAwMDAwMDAwMDAwLCJkZWxldGUiOjEyMDAwMDAwMDAwMDAsInVwZGF0ZSI6MTIwMDAwMDAwMDAwMH19",
          "dependencies": [
            "data.google_compute_network.default",
            "google_cloud_run_service.stream_ingest",
            "google_pubsub_topic.ingest_dlq",
            "google_pubsub_topic.stream_ingest",
            "google_service_account.stream_ingest",
            "google_storage_bucket.graph",
            "google_storage_bucket.raw",
            "google_vpc_access_connector.serverless"
          ]
        }
      ]
    },
    {
      "mode": "managed",
      "type": "google_pubsub_subscription",
      "name": "workflow_queue",
      "provider": "provider[\"registry.terraform.io/hashicorp/google\"]",
      "instances": [
        {
          "schema_version": 0,
          "attributes": {
            "ack_deadline_seconds": 60,
            "bigquery_config": [],
            "cloud_storage_config": [],
            "dead_letter_policy": [
              {
                "dead_letter_topic": "projects/simitor/topics/retikon-workflow-dlq-staging",
                "max_delivery_attempts": 5
              }
            ],
            "effective_labels": {},
            "enable_exactly_once_delivery": false,
            "enable_message_ordering": false,
            "expiration_policy": [
              {
                "ttl": "2678400s"
              }
            ],
            "filter": "",
            "id": "projects/simitor/subscriptions/retikon-workflow-queue-sub-staging",
            "labels": {},
            "message_retention_duration": "604800s",
            "name": "retikon-workflow-queue-sub-staging",
            "project": "simitor",
            "push_config": [
              {
                "attributes": {},
                "no_wrapper": [],
                "oidc_token": [
                  {
                    "audience": "https://retikon-workflows-staging-yt27ougp4q-uc.a.run.app",
                    "service_account_email": "retikon-workflows-sa-staging@simitor.iam.gserviceaccount.com"
                  }
                ],
                "push_endpoint": "https://retikon-workflows-staging-yt27ougp4q-uc.a.run.app/workflows/runner"
              }
            ],
            "retain_acked_messages": false,
            "retry_policy": [],
            "terraform_labels": {},
            "timeouts": null,
            "topic": "projects/simitor/topics/retikon-workflow-queue-staging"
          },
          "sensitive_attributes": [],
          "private": "eyJlMmJmYjczMC1lY2FhLTExZTYtOGY4OC0zNDM2M2JjN2M0YzAiOnsiY3JlYXRlIjoxMjAwMDAwMDAwMDAwLCJkZWxldGUiOjEyMDAwMDAwMDAwMDAsInVwZGF0ZSI6MTIwMDAwMDAwMDAwMH19",
          "dependencies": [
            "google_cloud_run_service.workflow",
            "google_pubsub_topic.workflow_dlq",
            "google_pubsub_topic.workflow_queue",
            "google_service_account.workflow",
            "google_storage_bucket.graph",
            "google_storage_bucket.raw"
          ]
        }
      ]
    },
    {
      "mode": "managed",
      "type": "google_pubsub_topic",
      "name": "ingest_dlq",
      "provider": "provider[\"registry.terraform.io/hashicorp/google\"]",
      "instances": [
        {
          "schema_version": 0,
          "attributes": {
            "effective_labels": {},
            "id": "projects/simitor/topics/retikon-ingest-dlq-staging",
            "ingestion_data_source_settings": [],
            "kms_key_name": "",
            "labels": {},
            "message_retention_duration": "",
            "message_storage_policy": [],
            "name": "retikon-ingest-dlq-staging",
            "project": "simitor",
            "schema_settings": [],
            "terraform_labels": {},
            "timeouts": null
          },
          "sensitive_attributes": [],
          "private": "eyJlMmJmYjczMC1lY2FhLTExZTYtOGY4OC0zNDM2M2JjN2M0YzAiOnsiY3JlYXRlIjoxMjAwMDAwMDAwMDAwLCJkZWxldGUiOjEyMDAwMDAwMDAwMDAsInVwZGF0ZSI6MTIwMDAwMDAwMDAwMH19"
        }
      ]
    },
    {
      "mode": "managed",
      "type": "google_pubsub_topic",
      "name": "ingest_transport",
      "provider": "provider[\"registry.terraform.io/hashicorp/google\"]",
      "instances": [
        {
          "schema_version": 0,
          "attributes": {
            "effective_labels": {},
            "id": "projects/simitor/topics/retikon-ingest-transport-staging",
            "ingestion_data_source_settings": [],
            "kms_key_name": "",
            "labels": {},
            "message_retention_duration": "",
            "message_storage_policy": [],
            "name": "retikon-ingest-transport-staging",
            "project": "simitor",
            "schema_settings": [],
            "terraform_labels": {},
            "timeouts": null
          },
          "sensitive_attributes": [],
          "private": "eyJlMmJmYjczMC1lY2FhLTExZTYtOGY4OC0zNDM2M2JjN2M0YzAiOnsiY3JlYXRlIjoxMjAwMDAwMDAwMDAwLCJkZWxldGUiOjEyMDAwMDAwMDAwMDAsInVwZGF0ZSI6MTIwMDAwMDAwMDAwMH19"
        }
      ]
    },
    {
      "mode": "managed",
      "type": "google_pubsub_topic",
      "name": "stream_ingest",
      "provider": "provider[\"registry.terraform.io/hashicorp/google\"]",
      "instances": [
        {
          "schema_version": 0,
          "attributes": {
            "effective_labels": {},
            "id": "projects/simitor/topics/retikon-stream-ingest-staging",
            "ingestion_data_source_settings": [],
            "kms_key_name": "",
            "labels": {},
            "message_retention_duration": "",
            "message_storage_policy": [],
            "name": "retikon-stream-ingest-staging",
            "project": "simitor",
            "schema_settings": [],
            "terraform_labels": {},
            "timeouts": null
          },
          "sensitive_attributes": [],
          "private": "eyJlMmJmYjczMC1lY2FhLTExZTYtOGY4OC0zNDM2M2JjN2M0YzAiOnsiY3JlYXRlIjoxMjAwMDAwMDAwMDAwLCJkZWxldGUiOjEyMDAwMDAwMDAwMDAsInVwZGF0ZSI6MTIwMDAwMDAwMDAwMH19"
        }
      ]
    },
    {
      "mode": "managed",
      "type": "google_pubsub_topic",
      "name": "workflow_dlq",
      "provider": "provider[\"registry.terraform.io/hashicorp/google\"]",
      "instances": [
        {
          "schema_version": 0,
          "attributes": {
            "effective_labels": {},
            "id": "projects/simitor/topics/retikon-workflow-dlq-staging",
            "ingestion_data_source_settings": [],
            "kms_key_name": "",
            "labels": {},
            "message_retention_duration": "",
            "message_storage_policy": [],
            "name": "retikon-workflow-dlq-staging",
            "project": "simitor",
            "schema_settings": [],
            "terraform_labels": {},
            "timeouts": null
          },
          "sensitive_attributes": [],
          "private": "eyJlMmJmYjczMC1lY2FhLTExZTYtOGY4OC0zNDM2M2JjN2M0YzAiOnsiY3JlYXRlIjoxMjAwMDAwMDAwMDAwLCJkZWxldGUiOjEyMDAwMDAwMDAwMDAsInVwZGF0ZSI6MTIwMDAwMDAwMDAwMH19"
        }
      ]
    },
    {
      "mode": "managed",
      "type": "google_pubsub_topic",
      "name": "workflow_queue",
      "provider": "provider[\"registry.terraform.io/hashicorp/google\"]",
      "instances": [
        {
          "schema_version": 0,
          "attributes": {
            "effective_labels": {},
            "id": "projects/simitor/topics/retikon-workflow-queue-staging",
            "ingestion_data_source_settings": [],
            "kms_key_name": "",
            "labels": {},
            "message_retention_duration": "",
            "message_storage_policy": [],
            "name": "retikon-workflow-queue-staging",
            "project": "simitor",
            "schema_settings": [],
            "terraform_labels": {},
            "timeouts": null
          },
          "sensitive_attributes": [],
          "private": "eyJlMmJmYjczMC1lY2FhLTExZTYtOGY4OC0zNDM2M2JjN2M0YzAiOnsiY3JlYXRlIjoxMjAwMDAwMDAwMDAwLCJkZWxldGUiOjEyMDAwMDAwMDAwMDAsInVwZGF0ZSI6MTIwMDAwMDAwMDAwMH19"
        }
      ]
    },
    {
      "mode": "managed",
      "type": "google_pubsub_topic_iam_member",
      "name": "eventarc_transport_publisher",
      "provider": "provider[\"registry.terraform.io/hashicorp/google\"]",
      "instances": [
        {
          "schema_version": 0,
          "attributes": {
            "condition": [],
            "etag": "BwZJrw4y+tY=",
            "id": "projects/simitor/topics/retikon-ingest-transport-staging/roles/pubsub.publisher/serviceAccount:service-423745254982@gcp-sa-eventarc.iam.gserviceaccount.com",
            "member": "serviceAccount:service-423745254982@gcp-sa-eventarc.iam.gserviceaccount.com",
            "project": "simitor",
            "role": "roles/pubsub.publisher",
            "topic": "projects/simitor/topics/retikon-ingest-transport-staging"
          },
          "sensitive_attributes": [],
          "private": "bnVsbA==",
          "dependencies": [
            "data.google_project.project",
            "google_pubsub_topic.ingest_transport"
          ]
        }
      ]
    },
    {
      "mode": "managed",
      "type": "google_pubsub_topic_iam_member",
      "name": "ingest_dlq_publisher",
      "provider": "provider[\"registry.terraform.io/hashicorp/google\"]",
      "instances": [
        {
          "schema_version": 0,
          "attributes": {
            "condition": [],
            "etag": "BwZJrxCdmYU=",
            "id": "projects/simitor/topics/retikon-ingest-dlq-staging/roles/pubsub.publisher/serviceAccount:retikon-ingest-sa-staging@simitor.iam.gserviceaccount.com",
            "member": "serviceAccount:retikon-ingest-sa-staging@simitor.iam.gserviceaccount.com",
            "project": "simitor",
            "role": "roles/pubsub.publisher",
            "topic": "projects/simitor/topics/retikon-ingest-dlq-staging"
          },
          "sensitive_attributes": [],
          "private": "bnVsbA==",
          "dependencies": [
            "google_pubsub_topic.ingest_dlq",
            "google_service_account.ingestion"
          ]
        }
      ]
    },
    {
      "mode": "managed",
      "type": "google_pubsub_topic_iam_member",
      "name": "stream_ingest_dlq_publisher",
      "provider": "provider[\"registry.terraform.io/hashicorp/google\"]",
      "instances": [
        {
          "schema_version": 0,
          "attributes": {
            "condition": [],
            "etag": "BwZJrxCdmYU=",
            "id": "projects/simitor/topics/retikon-ingest-dlq-staging/roles/pubsub.publisher/serviceAccount:retikon-stream-ingest-staging@simitor.iam.gserviceaccount.com",
            "member": "serviceAccount:retikon-stream-ingest-staging@simitor.iam.gserviceaccount.com",
            "project": "simitor",
            "role": "roles/pubsub.publisher",
            "topic": "projects/simitor/topics/retikon-ingest-dlq-staging"
          },
          "sensitive_attributes": [],
          "private": "bnVsbA==",
          "dependencies": [
            "google_pubsub_topic.ingest_dlq",
            "google_service_account.stream_ingest"
          ]
        }
      ]
    },
    {
      "mode": "managed",
      "type": "google_pubsub_topic_iam_member",
      "name": "stream_ingest_publisher",
      "provider": "provider[\"registry.terraform.io/hashicorp/google\"]",
      "instances": [
        {
          "schema_version": 0,
          "attributes": {
            "condition": [],
            "etag": "BwZJrw7wdls=",
            "id": "projects/simitor/topics/retikon-stream-ingest-staging/roles/pubsub.publisher/serviceAccount:retikon-stream-ingest-staging@simitor.iam.gserviceaccount.com",
            "member": "serviceAccount:retikon-stream-ingest-staging@simitor.iam.gserviceaccount.com",
            "project": "simitor",
            "role": "roles/pubsub.publisher",
            "topic": "projects/simitor/topics/retikon-stream-ingest-staging"
          },
          "sensitive_attributes": [],
          "private": "bnVsbA==",
          "dependencies": [
            "google_pubsub_topic.stream_ingest",
            "google_service_account.stream_ingest"
          ]
        }
      ]
    },
    {
      "mode": "managed",
      "type": "google_pubsub_topic_iam_member",
      "name": "workflow_dlq_publisher",
      "provider": "provider[\"registry.terraform.io/hashicorp/google\"]",
      "instances": [
        {
          "schema_version": 0,
          "attributes": {
            "condition": [],
            "etag": "BwZJrxJZilM=",
            "id": "projects/simitor/topics/retikon-workflow-dlq-staging/roles/pubsub.publisher/serviceAccount:retikon-workflows-sa-staging@simitor.iam.gserviceaccount.com",
            "member": "serviceAccount:retikon-workflows-sa-staging@simitor.iam.gserviceaccount.com",
            "project": "simitor",
            "role": "roles/pubsub.publisher",
            "topic": "projects/simitor/topics/retikon-workflow-dlq-staging"
          },
          "sensitive_attributes": [],
          "private": "bnVsbA==",
          "dependencies": [
            "google_pubsub_topic.workflow_dlq",
            "google_service_account.workflow"
          ]
        }
      ]
    },
    {
      "mode": "managed",
      "type": "google_pubsub_topic_iam_member",
      "name": "workflow_queue_publisher",
      "provider": "provider[\"registry.terraform.io/hashicorp/google\"]",
      "instances": [
        {
          "schema_version": 0,
          "attributes": {
            "condition": [],
            "etag": "BwZJrxLCYPk=",
            "id": "projects/simitor/topics/retikon-workflow-queue-staging/roles/pubsub.publisher/serviceAccount:retikon-workflows-sa-staging@simitor.iam.gserviceaccount.com",
            "member": "serviceAccount:retikon-workflows-sa-staging@simitor.iam.gserviceaccount.com",
            "project": "simitor",
            "role": "roles/pubsub.publisher",
            "topic": "projects/simitor/topics/retikon-workflow-queue-staging"
          },
          "sensitive_attributes": [],
          "private": "bnVsbA==",
          "dependencies": [
            "google_pubsub_topic.workflow_queue",
            "google_service_account.workflow"
          ]
        }
      ]
    },
    {
      "mode": "managed",
      "type": "google_redis_instance",
      "name": "rate_limit",
      "provider": "provider[\"registry.terraform.io/hashicorp/google\"]",
      "instances": [
        {
          "schema_version": 0,
          "attributes": {
            "alternative_location_id": "",
            "auth_enabled": false,
            "auth_string": "",
            "authorized_network": "projects/simitor/global/networks/default",
            "connect_mode": "DIRECT_PEERING",
            "create_time": "2026-02-02T15:53:37.848725042Z",
            "current_location_id": "",
            "customer_managed_key": "",
            "display_name": "",
            "effective_labels": {},
            "host": "",
            "id": "projects/simitor/locations/us-central1/instances/retikon-rate-limit-staging",
            "labels": {},
            "location_id": "",
            "maintenance_policy": [],
            "maintenance_schedule": [],
            "maintenance_version": "",
            "memory_size_gb": 1,
            "name": "retikon-rate-limit-staging",
            "nodes": [],
            "persistence_config": [
              {
                "persistence_mode": "DISABLED",
                "rdb_next_snapshot_time": "",
                "rdb_snapshot_period": "",
                "rdb_snapshot_start_time": ""
              }
            ],
            "persistence_iam_identity": "",
            "port": 6379,
            "project": "simitor",
            "read_endpoint": "",
            "read_endpoint_port": 0,
            "read_replicas_mode": "READ_REPLICAS_DISABLED",
            "redis_configs": {},
            "redis_version": "REDIS_6_X",
            "region": "us-central1",
            "replica_count": 0,
            "reserved_ip_range": null,
            "secondary_ip_range": "",
            "server_ca_certs": [],
            "terraform_labels": {},
            "tier": "BASIC",
            "timeouts": null,
            "transit_encryption_mode": "DISABLED"
          },
          "sensitive_attributes": [],
          "private": "eyJlMmJmYjczMC1lY2FhLTExZTYtOGY4OC0zNDM2M2JjN2M0YzAiOnsiY3JlYXRlIjoxMjAwMDAwMDAwMDAwLCJkZWxldGUiOjEyMDAwMDAwMDAwMDAsInVwZGF0ZSI6MTIwMDAwMDAwMDAwMH0sInNjaGVtYV92ZXJzaW9uIjoiMCJ9",
          "dependencies": [
            "data.google_compute_network.default"
          ],
          "create_before_destroy": true
        }
      ]
    },
    {
      "mode": "managed",
      "type": "google_secret_manager_secret_iam_member",
      "name": "query_hf_token_accessor",
      "provider": "provider[\"registry.terraform.io/hashicorp/google\"]",
      "instances": [
        {
          "schema_version": 0,
          "attributes": {
            "condition": [],
            "etag": "BwZJryUJXFM=",
            "id": "projects/simitor/secrets/retikon-hf-token/roles/secretmanager.secretAccessor/serviceAccount:retikon-query-sa-staging@simitor.iam.gserviceaccount.com",
            "member": "serviceAccount:retikon-query-sa-staging@simitor.iam.gserviceaccount.com",
            "project": "simitor",
            "role": "roles/secretmanager.secretAccessor",
            "secret_id": "projects/simitor/secrets/retikon-hf-token"
          },
          "sensitive_attributes": [],
          "private": "bnVsbA==",
          "dependencies": [
            "google_service_account.query"
          ]
        }
      ]
    },
    {
      "mode": "managed",
      "type": "google_service_account",
      "name": "audit",
      "provider": "provider[\"registry.terraform.io/hashicorp/google\"]",
      "instances": [
        {
          "schema_version": 0,
          "attributes": {
            "account_id": "retikon-audit-sa-staging",
            "create_ignore_already_exists": null,
            "description": "",
            "disabled": false,
            "display_name": "Retikon Audit Service Account",
            "email": "retikon-audit-sa-staging@simitor.iam.gserviceaccount.com",
            "id": "projects/simitor/serviceAccounts/retikon-audit-sa-staging@simitor.iam.gserviceaccount.com",
            "member": "serviceAccount:retikon-audit-sa-staging@simitor.iam.gserviceaccount.com",
            "name": "projects/simitor/serviceAccounts/retikon-audit-sa-staging@simitor.iam.gserviceaccount.com",
            "project": "simitor",
            "timeouts": null,
            "unique_id": "107379449242069960088"
          },
          "sensitive_attributes": [],
          "private": "eyJlMmJmYjczMC1lY2FhLTExZTYtOGY4OC0zNDM2M2JjN2M0YzAiOnsiY3JlYXRlIjozMDAwMDAwMDAwMDB9fQ==",
          "create_before_destroy": true
        }
      ]
    },
    {
      "mode": "managed",
      "type": "google_service_account",
      "name": "chaos",
      "provider": "provider[\"registry.terraform.io/hashicorp/google\"]",
      "instances": [
        {
          "schema_version": 0,
          "attributes": {
            "account_id": "retikon-chaos-sa-staging",
            "create_ignore_already_exists": null,
            "description": "",
            "disabled": false,
            "display_name": "Retikon Chaos Service Account",
            "email": "retikon-chaos-sa-staging@simitor.iam.gserviceaccount.com",
            "id": "projects/simitor/serviceAccounts/retikon-chaos-sa-staging@simitor.iam.gserviceaccount.com",
            "member": "serviceAccount:retikon-chaos-sa-staging@simitor.iam.gserviceaccount.com",
            "name": "projects/simitor/serviceAccounts/retikon-chaos-sa-staging@simitor.iam.gserviceaccount.com",
            "project": "simitor",
            "timeouts": null,
            "unique_id": "113815278829659825481"
          },
          "sensitive_attributes": [],
          "private": "eyJlMmJmYjczMC1lY2FhLTExZTYtOGY4OC0zNDM2M2JjN2M0YzAiOnsiY3JlYXRlIjozMDAwMDAwMDAwMDB9fQ==",
          "create_before_destroy": true
        }
      ]
    },
    {
      "mode": "managed",
      "type": "google_service_account",
      "name": "compaction",
      "provider": "provider[\"registry.terraform.io/hashicorp/google\"]",
      "instances": [
        {
          "schema_version": 0,
          "attributes": {
            "account_id": "retikon-compaction-staging",
            "create_ignore_already_exists": null,
            "description": "",
            "disabled": false,
            "display_name": "Retikon Compaction Service Account",
            "email": "retikon-compaction-staging@simitor.iam.gserviceaccount.com",
            "id": "projects/simitor/serviceAccounts/retikon-compaction-staging@simitor.iam.gserviceaccount.com",
            "member": "serviceAccount:retikon-compaction-staging@simitor.iam.gserviceaccount.com",
            "name": "projects/simitor/serviceAccounts/retikon-compaction-staging@simitor.iam.gserviceaccount.com",
            "project": "simitor",
            "timeouts": null,
            "unique_id": "117717553468083512560"
          },
          "sensitive_attributes": [],
          "private": "eyJlMmJmYjczMC1lY2FhLTExZTYtOGY4OC0zNDM2M2JjN2M0YzAiOnsiY3JlYXRlIjozMDAwMDAwMDAwMDB9fQ=="
        }
      ]
    },
    {
      "mode": "managed",
      "type": "google_service_account",
      "name": "data_factory",
      "provider": "provider[\"registry.terraform.io/hashicorp/google\"]",
      "instances": [
        {
          "schema_version": 0,
          "attributes": {
            "account_id": "retikon-data-factory-stg",
            "create_ignore_already_exists": null,
            "description": "",
            "disabled": false,
            "display_name": "Retikon Data Factory Service Account",
            "email": "retikon-data-factory-stg@simitor.iam.gserviceaccount.com",
            "id": "projects/simitor/serviceAccounts/retikon-data-factory-stg@simitor.iam.gserviceaccount.com",
            "member": "serviceAccount:retikon-data-factory-stg@simitor.iam.gserviceaccount.com",
            "name": "projects/simitor/serviceAccounts/retikon-data-factory-stg@simitor.iam.gserviceaccount.com",
            "project": "simitor",
            "timeouts": null,
            "unique_id": "110875017299793914783"
          },
          "sensitive_attributes": [],
          "private": "eyJlMmJmYjczMC1lY2FhLTExZTYtOGY4OC0zNDM2M2JjN2M0YzAiOnsiY3JlYXRlIjozMDAwMDAwMDAwMDB9fQ==",
          "create_before_destroy": true
        }
      ]
    },
    {
      "mode": "managed",
      "type": "google_service_account",
      "name": "dev_console",
      "provider": "provider[\"registry.terraform.io/hashicorp/google\"]",
      "instances": [
        {
          "schema_version": 0,
          "attributes": {
            "account_id": "retikon-dev-console-sa-staging",
            "create_ignore_already_exists": null,
            "description": "",
            "disabled": false,
            "display_name": "Retikon Dev Console Service Account",
            "email": "retikon-dev-console-sa-staging@simitor.iam.gserviceaccount.com",
            "id": "projects/simitor/serviceAccounts/retikon-dev-console-sa-staging@simitor.iam.gserviceaccount.com",
            "member": "serviceAccount:retikon-dev-console-sa-staging@simitor.iam.gserviceaccount.com",
            "name": "projects/simitor/serviceAccounts/retikon-dev-console-sa-staging@simitor.iam.gserviceaccount.com",
            "project": "simitor",
            "timeouts": null,
            "unique_id": "113189553876232739114"
          },
          "sensitive_attributes": [],
          "private": "eyJlMmJmYjczMC1lY2FhLTExZTYtOGY4OC0zNDM2M2JjN2M0YzAiOnsiY3JlYXRlIjozMDAwMDAwMDAwMDB9fQ==",
          "create_before_destroy": true
        }
      ]
    },
    {
      "mode": "managed",
      "type": "google_service_account",
      "name": "edge_gateway",
      "provider": "provider[\"registry.terraform.io/hashicorp/google\"]",
      "instances": [
        {
          "schema_version": 0,
          "attributes": {
            "account_id": "retikon-edge-gateway-staging",
            "create_ignore_already_exists": null,
            "description": "",
            "disabled": false,
            "display_name": "Retikon Edge Gateway Service Account",
            "email": "retikon-edge-gateway-staging@simitor.iam.gserviceaccount.com",
            "id": "projects/simitor/serviceAccounts/retikon-edge-gateway-staging@simitor.iam.gserviceaccount.com",
            "member": "serviceAccount:retikon-edge-gateway-staging@simitor.iam.gserviceaccount.com",
            "name": "projects/simitor/serviceAccounts/retikon-edge-gateway-staging@simitor.iam.gserviceaccount.com",
            "project": "simitor",
            "timeouts": null,
            "unique_id": "117120634626758323868"
          },
          "sensitive_attributes": [],
          "private": "eyJlMmJmYjczMC1lY2FhLTExZTYtOGY4OC0zNDM2M2JjN2M0YzAiOnsiY3JlYXRlIjozMDAwMDAwMDAwMDB9fQ==",
          "create_before_destroy": true
        }
      ]
    },
    {
      "mode": "managed",
      "type": "google_service_account",
      "name": "fleet",
      "provider": "provider[\"registry.terraform.io/hashicorp/google\"]",
      "instances": [
        {
          "schema_version": 0,
          "attributes": {
            "account_id": "retikon-fleet-sa-staging",
            "create_ignore_already_exists": null,
            "description": "",
            "disabled": false,
            "display_name": "Retikon Fleet Service Account",
            "email": "retikon-fleet-sa-staging@simitor.iam.gserviceaccount.com",
            "id": "projects/simitor/serviceAccounts/retikon-fleet-sa-staging@simitor.iam.gserviceaccount.com",
            "member": "serviceAccount:retikon-fleet-sa-staging@simitor.iam.gserviceaccount.com",
            "name": "projects/simitor/serviceAccounts/retikon-fleet-sa-staging@simitor.iam.gserviceaccount.com",
            "project": "simitor",
            "timeouts": null,
            "unique_id": "113638130480655101288"
          },
          "sensitive_attributes": [],
          "private": "eyJlMmJmYjczMC1lY2FhLTExZTYtOGY4OC0zNDM2M2JjN2M0YzAiOnsiY3JlYXRlIjozMDAwMDAwMDAwMDB9fQ==",
          "create_before_destroy": true
        }
      ]
    },
    {
      "mode": "managed",
      "type": "google_service_account",
      "name": "index_builder",
      "provider": "provider[\"registry.terraform.io/hashicorp/google\"]",
      "instances": [
        {
          "schema_version": 0,
          "attributes": {
            "account_id": "retikon-index-sa-staging",
            "create_ignore_already_exists": null,
            "description": "",
            "disabled": false,
            "display_name": "Retikon Index Builder Service Account",
            "email": "retikon-index-sa-staging@simitor.iam.gserviceaccount.com",
            "id": "projects/simitor/serviceAccounts/retikon-index-sa-staging@simitor.iam.gserviceaccount.com",
            "member": "serviceAccount:retikon-index-sa-staging@simitor.iam.gserviceaccount.com",
            "name": "projects/simitor/serviceAccounts/retikon-index-sa-staging@simitor.iam.gserviceaccount.com",
            "project": "simitor",
            "timeouts": null,
            "unique_id": "100881629358521354058"
          },
          "sensitive_attributes": [],
          "private": "eyJlMmJmYjczMC1lY2FhLTExZTYtOGY4OC0zNDM2M2JjN2M0YzAiOnsiY3JlYXRlIjozMDAwMDAwMDAwMDB9fQ==",
          "create_before_destroy": true
        }
      ]
    },
    {
      "mode": "managed",
      "type": "google_service_account",
      "name": "ingestion",
      "provider": "provider[\"registry.terraform.io/hashicorp/google\"]",
      "instances": [
        {
          "schema_version": 0,
          "attributes": {
            "account_id": "retikon-ingest-sa-staging",
            "create_ignore_already_exists": null,
            "description": "",
            "disabled": false,
            "display_name": "Retikon Ingestion Service Account",
            "email": "retikon-ingest-sa-staging@simitor.iam.gserviceaccount.com",
            "id": "projects/simitor/serviceAccounts/retikon-ingest-sa-staging@simitor.iam.gserviceaccount.com",
            "member": "serviceAccount:retikon-ingest-sa-staging@simitor.iam.gserviceaccount.com",
            "name": "projects/simitor/serviceAccounts/retikon-ingest-sa-staging@simitor.iam.gserviceaccount.com",
            "project": "simitor",
            "timeouts": null,
            "unique_id": "115276678209419308677"
          },
          "sensitive_attributes": [],
          "private": "eyJlMmJmYjczMC1lY2FhLTExZTYtOGY4OC0zNDM2M2JjN2M0YzAiOnsiY3JlYXRlIjozMDAwMDAwMDAwMDB9fQ=="
        }
      ]
    },
    {
      "mode": "managed",
      "type": "google_service_account",
      "name": "privacy",
      "provider": "provider[\"registry.terraform.io/hashicorp/google\"]",
      "instances": [
        {
          "schema_version": 0,
          "attributes": {
            "account_id": "retikon-privacy-sa-staging",
            "create_ignore_already_exists": null,
            "description": "",
            "disabled": false,
            "display_name": "Retikon Privacy Service Account",
            "email": "retikon-privacy-sa-staging@simitor.iam.gserviceaccount.com",
            "id": "projects/simitor/serviceAccounts/retikon-privacy-sa-staging@simitor.iam.gserviceaccount.com",
            "member": "serviceAccount:retikon-privacy-sa-staging@simitor.iam.gserviceaccount.com",
            "name": "projects/simitor/serviceAccounts/retikon-privacy-sa-staging@simitor.iam.gserviceaccount.com",
            "project": "simitor",
            "timeouts": null,
            "unique_id": "114482450651909080592"
          },
          "sensitive_attributes": [],
          "private": "eyJlMmJmYjczMC1lY2FhLTExZTYtOGY4OC0zNDM2M2JjN2M0YzAiOnsiY3JlYXRlIjozMDAwMDAwMDAwMDB9fQ==",
          "create_before_destroy": true
        }
      ]
    },
    {
      "mode": "managed",
      "type": "google_service_account",
      "name": "query",
      "provider": "provider[\"registry.terraform.io/hashicorp/google\"]",
      "instances": [
        {
          "schema_version": 0,
          "attributes": {
            "account_id": "retikon-query-sa-staging",
            "create_ignore_already_exists": null,
            "description": "",
            "disabled": false,
            "display_name": "Retikon Query Service Account",
            "email": "retikon-query-sa-staging@simitor.iam.gserviceaccount.com",
            "id": "projects/simitor/serviceAccounts/retikon-query-sa-staging@simitor.iam.gserviceaccount.com",
            "member": "serviceAccount:retikon-query-sa-staging@simitor.iam.gserviceaccount.com",
            "name": "projects/simitor/serviceAccounts/retikon-query-sa-staging@simitor.iam.gserviceaccount.com",
            "project": "simitor",
            "timeouts": null,
            "unique_id": "108666632318852312756"
          },
          "sensitive_attributes": [],
          "private": "eyJlMmJmYjczMC1lY2FhLTExZTYtOGY4OC0zNDM2M2JjN2M0YzAiOnsiY3JlYXRlIjozMDAwMDAwMDAwMDB9fQ==",
          "create_before_destroy": true
        }
      ]
    },
    {
      "mode": "managed",
      "type": "google_service_account",
      "name": "smoke",
      "provider": "provider[\"registry.terraform.io/hashicorp/google\"]",
      "instances": [
        {
          "schema_version": 0,
          "attributes": {
            "account_id": "retikon-smoke-sa-staging",
            "create_ignore_already_exists": null,
            "description": "",
            "disabled": false,
            "display_name": "Retikon Ingestion Smoke Test Service Account",
            "email": "retikon-smoke-sa-staging@simitor.iam.gserviceaccount.com",
            "id": "projects/simitor/serviceAccounts/retikon-smoke-sa-staging@simitor.iam.gserviceaccount.com",
            "member": "serviceAccount:retikon-smoke-sa-staging@simitor.iam.gserviceaccount.com",
            "name": "projects/simitor/serviceAccounts/retikon-smoke-sa-staging@simitor.iam.gserviceaccount.com",
            "project": "simitor",
            "timeouts": null,
            "unique_id": "110783709886606575151"
          },
          "sensitive_attributes": [],
          "private": "eyJlMmJmYjczMC1lY2FhLTExZTYtOGY4OC0zNDM2M2JjN2M0YzAiOnsiY3JlYXRlIjozMDAwMDAwMDAwMDB9fQ=="
        }
      ]
    },
    {
      "mode": "managed",
      "type": "google_service_account",
      "name": "stream_ingest",
      "provider": "provider[\"registry.terraform.io/hashicorp/google\"]",
      "instances": [
        {
          "schema_version": 0,
          "attributes": {
            "account_id": "retikon-stream-ingest-staging",
            "create_ignore_already_exists": null,
            "description": "",
            "disabled": false,
            "display_name": "Retikon Stream Ingest Service Account",
            "email": "retikon-stream-ingest-staging@simitor.iam.gserviceaccount.com",
            "id": "projects/simitor/serviceAccounts/retikon-stream-ingest-staging@simitor.iam.gserviceaccount.com",
            "member": "serviceAccount:retikon-stream-ingest-staging@simitor.iam.gserviceaccount.com",
            "name": "projects/simitor/serviceAccounts/retikon-stream-ingest-staging@simitor.iam.gserviceaccount.com",
            "project": "simitor",
            "timeouts": null,
            "unique_id": "114609538928721921515"
          },
          "sensitive_attributes": [],
          "private": "eyJlMmJmYjczMC1lY2FhLTExZTYtOGY4OC0zNDM2M2JjN2M0YzAiOnsiY3JlYXRlIjozMDAwMDAwMDAwMDB9fQ=="
        }
      ]
    },
    {
      "mode": "managed",
      "type": "google_service_account",
      "name": "webhook",
      "provider": "provider[\"registry.terraform.io/hashicorp/google\"]",
      "instances": [
        {
          "schema_version": 0,
          "attributes": {
            "account_id": "retikon-webhooks-sa-staging",
            "create_ignore_already_exists": null,
            "description": "",
            "disabled": false,
            "display_name": "Retikon Webhook Service Account",
            "email": "retikon-webhooks-sa-staging@simitor.iam.gserviceaccount.com",
            "id": "projects/simitor/serviceAccounts/retikon-webhooks-sa-staging@simitor.iam.gserviceaccount.com",
            "member": "serviceAccount:retikon-webhooks-sa-staging@simitor.iam.gserviceaccount.com",
            "name": "projects/simitor/serviceAccounts/retikon-webhooks-sa-staging@simitor.iam.gserviceaccount.com",
            "project": "simitor",
            "timeouts": null,
            "unique_id": "107541461470870641025"
          },
          "sensitive_attributes": [],
          "private": "eyJlMmJmYjczMC1lY2FhLTExZTYtOGY4OC0zNDM2M2JjN2M0YzAiOnsiY3JlYXRlIjozMDAwMDAwMDAwMDB9fQ==",
          "create_before_destroy": true
        }
      ]
    },
    {
      "mode": "managed",
      "type": "google_service_account",
      "name": "workflow",
      "provider": "provider[\"registry.terraform.io/hashicorp/google\"]",
      "instances": [
        {
          "schema_version": 0,
          "attributes": {
            "account_id": "retikon-workflows-sa-staging",
            "create_ignore_already_exists": null,
            "description": "",
            "disabled": false,
            "display_name": "Retikon Workflow Service Account",
            "email": "retikon-workflows-sa-staging@simitor.iam.gserviceaccount.com",
            "id": "projects/simitor/serviceAccounts/retikon-workflows-sa-staging@simitor.iam.gserviceaccount.com",
            "member": "serviceAccount:retikon-workflows-sa-staging@simitor.iam.gserviceaccount.com",
            "name": "projects/simitor/serviceAccounts/retikon-workflows-sa-staging@simitor.iam.gserviceaccount.com",
            "project": "simitor",
            "timeouts": null,
            "unique_id": "105419580989987998372"
          },
          "sensitive_attributes": [],
          "private": "eyJlMmJmYjczMC1lY2FhLTExZTYtOGY4OC0zNDM2M2JjN2M0YzAiOnsiY3JlYXRlIjozMDAwMDAwMDAwMDB9fQ==",
          "create_before_destroy": true
        }
      ]
    },
    {
      "mode": "managed",
      "type": "google_service_account_iam_member",
      "name": "pubsub_stream_ingest_token_creator",
      "provider": "provider[\"registry.terraform.io/hashicorp/google\"]",
      "instances": [
        {
          "schema_version": 0,
          "attributes": {
            "condition": [],
            "etag": "BwZJrw6o0bQ=",
            "id": "projects/simitor/serviceAccounts/retikon-stream-ingest-staging@simitor.iam.gserviceaccount.com/roles/iam.serviceAccountTokenCreator/serviceAccount:service-423745254982@gcp-sa-pubsub.iam.gserviceaccount.com",
            "member": "serviceAccount:service-423745254982@gcp-sa-pubsub.iam.gserviceaccount.com",
            "role": "roles/iam.serviceAccountTokenCreator",
            "service_account_id": "projects/simitor/serviceAccounts/retikon-stream-ingest-staging@simitor.iam.gserviceaccount.com"
          },
          "sensitive_attributes": [],
          "private": "bnVsbA==",
          "dependencies": [
            "data.google_project.project",
            "google_service_account.stream_ingest"
          ]
        }
      ]
    },
    {
      "mode": "managed",
      "type": "google_service_account_iam_member",
      "name": "pubsub_workflow_token_creator",
      "provider": "provider[\"registry.terraform.io/hashicorp/google\"]",
      "instances": [
        {
          "schema_version": 0,
          "attributes": {
            "condition": [],
            "etag": "BwZJrxJ7Hvw=",
            "id": "projects/simitor/serviceAccounts/retikon-workflows-sa-staging@simitor.iam.gserviceaccount.com/roles/iam.serviceAccountTokenCreator/serviceAccount:service-423745254982@gcp-sa-pubsub.iam.gserviceaccount.com",
            "member": "serviceAccount:service-423745254982@gcp-sa-pubsub.iam.gserviceaccount.com",
            "role": "roles/iam.serviceAccountTokenCreator",
            "service_account_id": "projects/simitor/serviceAccounts/retikon-workflows-sa-staging@simitor.iam.gserviceaccount.com"
          },
          "sensitive_attributes": [],
          "private": "bnVsbA==",
          "dependencies": [
            "data.google_project.project",
            "google_service_account.workflow"
          ]
        }
      ]
    },
    {
      "mode": "managed",
      "type": "google_service_account_iam_member",
      "name": "scheduler_workflow_token_creator",
      "provider": "provider[\"registry.terraform.io/hashicorp/google\"]",
      "instances": [
        {
          "schema_version": 0,
          "attributes": {
            "condition": [],
            "etag": "BwZJrxJ7Hvw=",
            "id": "projects/simitor/serviceAccounts/retikon-workflows-sa-staging@simitor.iam.gserviceaccount.com/roles/iam.serviceAccountTokenCreator/serviceAccount:service-423745254982@gcp-sa-cloudscheduler.iam.gserviceaccount.com",
            "member": "serviceAccount:service-423745254982@gcp-sa-cloudscheduler.iam.gserviceaccount.com",
            "role": "roles/iam.serviceAccountTokenCreator",
            "service_account_id": "projects/simitor/serviceAccounts/retikon-workflows-sa-staging@simitor.iam.gserviceaccount.com"
          },
          "sensitive_attributes": [],
          "private": "bnVsbA==",
          "dependencies": [
            "data.google_project.project",
            "google_service_account.workflow"
          ]
        }
      ]
    },
    {
      "mode": "managed",
      "type": "google_storage_bucket",
      "name": "graph",
      "provider": "provider[\"registry.terraform.io/hashicorp/google\"]",
      "instances": [
        {
          "schema_version": 2,
          "attributes": {
            "autoclass": [],
            "cors": [],
            "custom_placement_config": [],
            "default_event_based_hold": false,
            "effective_labels": {},
            "enable_object_retention": false,
            "encryption": [],
            "force_destroy": true,
            "id": "retikon-graph-simitor-staging",
            "labels": {},
            "lifecycle_rule": [],
            "location": "US-CENTRAL1",
            "logging": [],
            "name": "retikon-graph-simitor-staging",
            "project": "simitor",
            "project_number": 423745254982,
            "public_access_prevention": "inherited",
            "requester_pays": false,
            "retention_policy": [],
            "rpo": null,
            "self_link": "https://www.googleapis.com/storage/v1/b/retikon-graph-simitor-staging",
            "soft_delete_policy": [
              {
                "effective_time": "2026-01-31T13:26:23.831Z",
                "retention_duration_seconds": 604800
              }
            ],
            "storage_class": "STANDARD",
            "terraform_labels": {},
            "timeouts": null,
            "uniform_bucket_level_access": true,
            "url": "gs://retikon-graph-simitor-staging",
            "versioning": [],
            "website": []
          },
          "sensitive_attributes": [],
          "private": "eyJlMmJmYjczMC1lY2FhLTExZTYtOGY4OC0zNDM2M2JjN2M0YzAiOnsiY3JlYXRlIjo2MDAwMDAwMDAwMDAsInJlYWQiOjI0MDAwMDAwMDAwMCwidXBkYXRlIjoyNDAwMDAwMDAwMDB9LCJzY2hlbWFfdmVyc2lvbiI6IjIifQ==",
          "create_before_destroy": true
        }
      ]
    },
    {
      "mode": "managed",
      "type": "google_storage_bucket",
      "name": "raw",
      "provider": "provider[\"registry.terraform.io/hashicorp/google\"]",
      "instances": [
        {
          "schema_version": 2,
          "attributes": {
            "autoclass": [],
            "cors": [],
            "custom_placement_config": [],
            "default_event_based_hold": false,
            "effective_labels": {},
            "enable_object_retention": false,
            "encryption": [],
            "force_destroy": true,
            "id": "retikon-raw-simitor-staging",
            "labels": {},
            "lifecycle_rule": [
              {
                "action": [
                  {
                    "storage_class": "",
                    "type": "Delete"
                  }
                ],
                "condition": [
                  {
                    "age": 7,
                    "created_before": "",
                    "custom_time_before": "",
                    "days_since_custom_time": 0,
                    "days_since_noncurrent_time": 0,
                    "matches_prefix": [
                      "raw/"
                    ],
                    "matches_storage_class": [],
                    "matches_suffix": [],
                    "no_age": false,
                    "noncurrent_time_before": "",
                    "num_newer_versions": 0,
                    "send_age_if_zero": true,
                    "send_days_since_custom_time_if_zero": false,
                    "send_days_since_noncurrent_time_if_zero": false,
                    "send_num_newer_versions_if_zero": false,
                    "with_state": "ANY"
                  }
                ]
              }
            ],
            "location": "US-CENTRAL1",
            "logging": [],
            "name": "retikon-raw-simitor-staging",
            "project": "simitor",
            "project_number": 423745254982,
            "public_access_prevention": "inherited",
            "requester_pays": false,
            "retention_policy": [],
            "rpo": null,
            "self_link": "https://www.googleapis.com/storage/v1/b/retikon-raw-simitor-staging",
            "soft_delete_policy": [
              {
                "effective_time": "2026-01-31T13:26:28.340Z",
                "retention_duration_seconds": 604800
              }
            ],
            "storage_class": "STANDARD",
            "terraform_labels": {},
            "timeouts": null,
            "uniform_bucket_level_access": true,
            "url": "gs://retikon-raw-simitor-staging",
            "versioning": [],
            "website": []
          },
          "sensitive_attributes": [],
          "private": "eyJlMmJmYjczMC1lY2FhLTExZTYtOGY4OC0zNDM2M2JjN2M0YzAiOnsiY3JlYXRlIjo2MDAwMDAwMDAwMDAsInJlYWQiOjI0MDAwMDAwMDAwMCwidXBkYXRlIjoyNDAwMDAwMDAwMDB9LCJzY2hlbWFfdmVyc2lvbiI6IjIifQ==",
          "create_before_destroy": true
        }
      ]
    },
    {
      "mode": "managed",
      "type": "google_storage_bucket_iam_member",
      "name": "audit_graph_view",
      "provider": "provider[\"registry.terraform.io/hashicorp/google\"]",
      "instances": [
        {
          "schema_version": 0,
          "attributes": {
            "bucket": "b/retikon-graph-simitor-staging",
            "condition": [],
            "etag": "CA8=",
            "id": "b/retikon-graph-simitor-staging/roles/storage.objectViewer/serviceAccount:retikon-audit-sa-staging@simitor.iam.gserviceaccount.com",
            "member": "serviceAccount:retikon-audit-sa-staging@simitor.iam.gserviceaccount.com",
            "role": "roles/storage.objectViewer"
          },
          "sensitive_attributes": [],
          "private": "bnVsbA==",
          "dependencies": [
            "google_service_account.audit",
            "google_storage_bucket.graph"
          ]
        }
      ]
    },
    {
      "mode": "managed",
      "type": "google_storage_bucket_iam_member",
      "name": "chaos_graph_admin",
      "provider": "provider[\"registry.terraform.io/hashicorp/google\"]",
      "instances": [
        {
          "schema_version": 0,
          "attributes": {
            "bucket": "b/retikon-graph-simitor-staging",
            "condition": [],
            "etag": "CA8=",
            "id": "b/retikon-graph-simitor-staging/roles/storage.objectAdmin/serviceAccount:retikon-chaos-sa-staging@simitor.iam.gserviceaccount.com",
            "member": "serviceAccount:retikon-chaos-sa-staging@simitor.iam.gserviceaccount.com",
            "role": "roles/storage.objectAdmin"
          },
          "sensitive_attributes": [],
          "private": "bnVsbA==",
          "dependencies": [
            "google_service_account.chaos",
            "google_storage_bucket.graph"
          ]
        }
      ]
    },
    {
      "mode": "managed",
      "type": "google_storage_bucket_iam_member",
      "name": "compaction_graph_admin",
      "provider": "provider[\"registry.terraform.io/hashicorp/google\"]",
      "instances": [
        {
          "schema_version": 0,
          "attributes": {
            "bucket": "b/retikon-graph-simitor-staging",
            "condition": [],
            "etag": "CA8=",
            "id": "b/retikon-graph-simitor-staging/roles/storage.objectAdmin/serviceAccount:retikon-compaction-staging@simitor.iam.gserviceaccount.com",
            "member": "serviceAccount:retikon-compaction-staging@simitor.iam.gserviceaccount.com",
            "role": "roles/storage.objectAdmin"
          },
          "sensitive_attributes": [],
          "private": "bnVsbA==",
          "dependencies": [
            "google_service_account.compaction",
            "google_storage_bucket.graph"
          ]
        }
      ]
    },
    {
      "mode": "managed",
      "type": "google_storage_bucket_iam_member",
      "name": "data_factory_graph_admin",
      "provider": "provider[\"registry.terraform.io/hashicorp/google\"]",
      "instances": [
        {
          "schema_version": 0,
          "attributes": {
            "bucket": "b/retikon-graph-simitor-staging",
            "condition": [],
            "etag": "CA8=",
            "id": "b/retikon-graph-simitor-staging/roles/storage.objectAdmin/serviceAccount:retikon-data-factory-stg@simitor.iam.gserviceaccount.com",
            "member": "serviceAccount:retikon-data-factory-stg@simitor.iam.gserviceaccount.com",
            "role": "roles/storage.objectAdmin"
          },
          "sensitive_attributes": [],
          "private": "bnVsbA==",
          "dependencies": [
            "google_service_account.data_factory",
            "google_storage_bucket.graph"
          ]
        }
      ]
    },
    {
      "mode": "managed",
      "type": "google_storage_bucket_iam_member",
      "name": "dev_console_graph_view",
      "provider": "provider[\"registry.terraform.io/hashicorp/google\"]",
      "instances": [
        {
          "schema_version": 0,
          "attributes": {
            "bucket": "b/retikon-graph-simitor-staging",
            "condition": [],
            "etag": "CA8=",
            "id": "b/retikon-graph-simitor-staging/roles/storage.objectViewer/serviceAccount:retikon-dev-console-sa-staging@simitor.iam.gserviceaccount.com",
            "member": "serviceAccount:retikon-dev-console-sa-staging@simitor.iam.gserviceaccount.com",
            "role": "roles/storage.objectViewer"
          },
          "sensitive_attributes": [],
          "private": "bnVsbA==",
          "dependencies": [
            "google_service_account.dev_console",
            "google_storage_bucket.graph"
          ]
        }
      ]
    },
    {
      "mode": "managed",
      "type": "google_storage_bucket_iam_member",
      "name": "dev_console_raw_create",
      "provider": "provider[\"registry.terraform.io/hashicorp/google\"]",
      "instances": [
        {
          "schema_version": 0,
          "attributes": {
            "bucket": "b/retikon-raw-simitor-staging",
            "condition": [],
            "etag": "CAc=",
            "id": "b/retikon-raw-simitor-staging/roles/storage.objectCreator/serviceAccount:retikon-dev-console-sa-staging@simitor.iam.gserviceaccount.com",
            "member": "serviceAccount:retikon-dev-console-sa-staging@simitor.iam.gserviceaccount.com",
            "role": "roles/storage.objectCreator"
          },
          "sensitive_attributes": [],
          "private": "bnVsbA==",
          "dependencies": [
            "google_service_account.dev_console",
            "google_storage_bucket.raw"
          ]
        }
      ]
    },
    {
      "mode": "managed",
      "type": "google_storage_bucket_iam_member",
      "name": "dev_console_raw_view",
      "provider": "provider[\"registry.terraform.io/hashicorp/google\"]",
      "instances": [
        {
          "schema_version": 0,
          "attributes": {
            "bucket": "b/retikon-raw-simitor-staging",
            "condition": [],
            "etag": "CAc=",
            "id": "b/retikon-raw-simitor-staging/roles/storage.objectViewer/serviceAccount:retikon-dev-console-sa-staging@simitor.iam.gserviceaccount.com",
            "member": "serviceAccount:retikon-dev-console-sa-staging@simitor.iam.gserviceaccount.com",
            "role": "roles/storage.objectViewer"
          },
          "sensitive_attributes": [],
          "private": "bnVsbA==",
          "dependencies": [
            "google_service_account.dev_console",
            "google_storage_bucket.raw"
          ]
        }
      ]
    },
    {
      "mode": "managed",
      "type": "google_storage_bucket_iam_member",
      "name": "edge_gateway_raw_create",
      "provider": "provider[\"registry.terraform.io/hashicorp/google\"]",
      "instances": [
        {
          "schema_version": 0,
          "attributes": {
            "bucket": "b/retikon-raw-simitor-staging",
            "condition": [],
            "etag": "CAc=",
            "id": "b/retikon-raw-simitor-staging/roles/storage.objectCreator/serviceAccount:retikon-edge-gateway-staging@simitor.iam.gserviceaccount.com",
            "member": "serviceAccount:retikon-edge-gateway-staging@simitor.iam.gserviceaccount.com",
            "role": "roles/storage.objectCreator"
          },
          "sensitive_attributes": [],
          "private": "bnVsbA==",
          "dependencies": [
            "google_service_account.edge_gateway",
            "google_storage_bucket.raw"
          ]
        }
      ]
    },
    {
      "mode": "managed",
      "type": "google_storage_bucket_iam_member",
      "name": "fleet_graph_admin",
      "provider": "provider[\"registry.terraform.io/hashicorp/google\"]",
      "instances": [
        {
          "schema_version": 0,
          "attributes": {
            "bucket": "b/retikon-graph-simitor-staging",
            "condition": [],
            "etag": "CA8=",
            "id": "b/retikon-graph-simitor-staging/roles/storage.objectAdmin/serviceAccount:retikon-fleet-sa-staging@simitor.iam.gserviceaccount.com",
            "member": "serviceAccount:retikon-fleet-sa-staging@simitor.iam.gserviceaccount.com",
            "role": "roles/storage.objectAdmin"
          },
          "sensitive_attributes": [],
          "private": "bnVsbA==",
          "dependencies": [
            "google_service_account.fleet",
            "google_storage_bucket.graph"
          ]
        }
      ]
    },
    {
      "mode": "managed",
      "type": "google_storage_bucket_iam_member",
      "name": "index_graph_admin",
      "provider": "provider[\"registry.terraform.io/hashicorp/google\"]",
      "instances": [
        {
          "schema_version": 0,
          "attributes": {
            "bucket": "b/retikon-graph-simitor-staging",
            "condition": [],
            "etag": "CA8=",
            "id": "b/retikon-graph-simitor-staging/roles/storage.objectAdmin/serviceAccount:retikon-index-sa-staging@simitor.iam.gserviceaccount.com",
            "member": "serviceAccount:retikon-index-sa-staging@simitor.iam.gserviceaccount.com",
            "role": "roles/storage.objectAdmin"
          },
          "sensitive_attributes": [],
          "private": "bnVsbA==",
          "dependencies": [
            "google_service_account.index_builder",
            "google_storage_bucket.graph"
          ]
        }
      ]
    },
    {
      "mode": "managed",
      "type": "google_storage_bucket_iam_member",
      "name": "ingest_graph_admin",
      "provider": "provider[\"registry.terraform.io/hashicorp/google\"]",
      "instances": [
        {
          "schema_version": 0,
          "attributes": {
            "bucket": "b/retikon-graph-simitor-staging",
            "condition": [],
            "etag": "CA8=",
            "id": "b/retikon-graph-simitor-staging/roles/storage.objectAdmin/serviceAccount:retikon-ingest-sa-staging@simitor.iam.gserviceaccount.com",
            "member": "serviceAccount:retikon-ingest-sa-staging@simitor.iam.gserviceaccount.com",
            "role": "roles/storage.objectAdmin"
          },
          "sensitive_attributes": [],
          "private": "bnVsbA==",
          "dependencies": [
            "google_service_account.ingestion",
            "google_storage_bucket.graph"
          ]
        }
      ]
    },
    {
      "mode": "managed",
      "type": "google_storage_bucket_iam_member",
      "name": "ingest_raw_view",
      "provider": "provider[\"registry.terraform.io/hashicorp/google\"]",
      "instances": [
        {
          "schema_version": 0,
          "attributes": {
            "bucket": "b/retikon-raw-simitor-staging",
            "condition": [],
            "etag": "CAc=",
            "id": "b/retikon-raw-simitor-staging/roles/storage.objectViewer/serviceAccount:retikon-ingest-sa-staging@simitor.iam.gserviceaccount.com",
            "member": "serviceAccount:retikon-ingest-sa-staging@simitor.iam.gserviceaccount.com",
            "role": "roles/storage.objectViewer"
          },
          "sensitive_attributes": [],
          "private": "bnVsbA==",
          "dependencies": [
            "google_service_account.ingestion",
            "google_storage_bucket.raw"
          ]
        }
      ]
    },
    {
      "mode": "managed",
      "type": "google_storage_bucket_iam_member",
      "name": "privacy_graph_admin",
      "provider": "provider[\"registry.terraform.io/hashicorp/google\"]",
      "instances": [
        {
          "schema_version": 0,
          "attributes": {
            "bucket": "b/retikon-graph-simitor-staging",
            "condition": [],
            "etag": "CA8=",
            "id": "b/retikon-graph-simitor-staging/roles/storage.objectAdmin/serviceAccount:retikon-privacy-sa-staging@simitor.iam.gserviceaccount.com",
            "member": "serviceAccount:retikon-privacy-sa-staging@simitor.iam.gserviceaccount.com",
            "role": "roles/storage.objectAdmin"
          },
          "sensitive_attributes": [],
          "private": "bnVsbA==",
          "dependencies": [
            "google_service_account.privacy",
            "google_storage_bucket.graph"
          ]
        }
      ]
    },
    {
      "mode": "managed",
      "type": "google_storage_bucket_iam_member",
      "name": "query_graph_create",
      "provider": "provider[\"registry.terraform.io/hashicorp/google\"]",
      "instances": [
        {
          "schema_version": 0,
          "attributes": {
            "bucket": "b/retikon-graph-simitor-staging",
            "condition": [],
            "etag": "CA8=",
            "id": "b/retikon-graph-simitor-staging/roles/storage.objectCreator/serviceAccount:retikon-query-sa-staging@simitor.iam.gserviceaccount.com",
            "member": "serviceAccount:retikon-query-sa-staging@simitor.iam.gserviceaccount.com",
            "role": "roles/storage.objectCreator"
          },
          "sensitive_attributes": [],
          "private": "bnVsbA==",
          "dependencies": [
            "google_service_account.query",
            "google_storage_bucket.graph"
          ]
        }
      ]
    },
    {
      "mode": "managed",
      "type": "google_storage_bucket_iam_member",
      "name": "query_graph_view",
      "provider": "provider[\"registry.terraform.io/hashicorp/google\"]",
      "instances": [
        {
          "schema_version": 0,
          "attributes": {
            "bucket": "b/retikon-graph-simitor-staging",
            "condition": [],
            "etag": "CA8=",
            "id": "b/retikon-graph-simitor-staging/roles/storage.objectViewer/serviceAccount:retikon-query-sa-staging@simitor.iam.gserviceaccount.com",
            "member": "serviceAccount:retikon-query-sa-staging@simitor.iam.gserviceaccount.com",
            "role": "roles/storage.objectViewer"
          },
          "sensitive_attributes": [],
          "private": "bnVsbA==",
          "dependencies": [
            "google_service_account.query",
            "google_storage_bucket.graph"
          ]
        }
      ]
    },
    {
      "mode": "managed",
      "type": "google_storage_bucket_iam_member",
      "name": "stream_ingest_graph_admin",
      "provider": "provider[\"registry.terraform.io/hashicorp/google\"]",
      "instances": [
        {
          "schema_version": 0,
          "attributes": {
            "bucket": "b/retikon-graph-simitor-staging",
            "condition": [],
            "etag": "CA8=",
            "id": "b/retikon-graph-simitor-staging/roles/storage.objectAdmin/serviceAccount:retikon-stream-ingest-staging@simitor.iam.gserviceaccount.com",
            "member": "serviceAccount:retikon-stream-ingest-staging@simitor.iam.gserviceaccount.com",
            "role": "roles/storage.objectAdmin"
          },
          "sensitive_attributes": [],
          "private": "bnVsbA==",
          "dependencies": [
            "google_service_account.stream_ingest",
            "google_storage_bucket.graph"
          ]
        }
      ]
    },
    {
      "mode": "managed",
      "type": "google_storage_bucket_iam_member",
      "name": "stream_ingest_raw_view",
      "provider": "provider[\"registry.terraform.io/hashicorp/google\"]",
      "instances": [
        {
          "schema_version": 0,
          "attributes": {
            "bucket": "b/retikon-raw-simitor-staging",
            "condition": [],
            "etag": "CAc=",
            "id": "b/retikon-raw-simitor-staging/roles/storage.objectViewer/serviceAccount:retikon-stream-ingest-staging@simitor.iam.gserviceaccount.com",
            "member": "serviceAccount:retikon-stream-ingest-staging@simitor.iam.gserviceaccount.com",
            "role": "roles/storage.objectViewer"
          },
          "sensitive_attributes": [],
          "private": "bnVsbA==",
          "dependencies": [
            "google_service_account.stream_ingest",
            "google_storage_bucket.raw"
          ]
        }
      ]
    },
    {
      "mode": "managed",
      "type": "google_storage_bucket_iam_member",
      "name": "webhook_graph_admin",
      "provider": "provider[\"registry.terraform.io/hashicorp/google\"]",
      "instances": [
        {
          "schema_version": 0,
          "attributes": {
            "bucket": "b/retikon-graph-simitor-staging",
            "condition": [],
            "etag": "CA8=",
            "id": "b/retikon-graph-simitor-staging/roles/storage.objectAdmin/serviceAccount:retikon-webhooks-sa-staging@simitor.iam.gserviceaccount.com",
            "member": "serviceAccount:retikon-webhooks-sa-staging@simitor.iam.gserviceaccount.com",
            "role": "roles/storage.objectAdmin"
          },
          "sensitive_attributes": [],
          "private": "bnVsbA==",
          "dependencies": [
            "google_service_account.webhook",
            "google_storage_bucket.graph"
          ]
        }
      ]
    },
    {
      "mode": "managed",
      "type": "google_storage_bucket_iam_member",
      "name": "workflow_graph_admin",
      "provider": "provider[\"registry.terraform.io/hashicorp/google\"]",
      "instances": [
        {
          "schema_version": 0,
          "attributes": {
            "bucket": "b/retikon-graph-simitor-staging",
            "condition": [],
            "etag": "CA8=",
            "id": "b/retikon-graph-simitor-staging/roles/storage.objectAdmin/serviceAccount:retikon-workflows-sa-staging@simitor.iam.gserviceaccount.com",
            "member": "serviceAccount:retikon-workflows-sa-staging@simitor.iam.gserviceaccount.com",
            "role": "roles/storage.objectAdmin"
          },
          "sensitive_attributes": [],
          "private": "bnVsbA==",
          "dependencies": [
            "google_service_account.workflow",
            "google_storage_bucket.graph"
          ]
        }
      ]
    },
    {
      "mode": "managed",
      "type": "google_vpc_access_connector",
      "name": "serverless",
      "provider": "provider[\"registry.terraform.io/hashicorp/google\"]",
      "instances": [
        {
          "schema_version": 0,
          "attributes": {
            "connected_projects": [],
            "id": "projects/simitor/locations/us-central1/connectors/retikon-vpc-staging",
            "ip_cidr_range": "10.8.0.0/28",
            "machine_type": "e2-micro",
            "max_instances": 3,
            "max_throughput": 300,
            "min_instances": 2,
            "min_throughput": 200,
            "name": "retikon-vpc-staging",
            "network": "default",
            "project": "simitor",
            "region": "us-central1",
            "self_link": "projects/simitor/locations/us-central1/connectors/retikon-vpc-staging",
            "state": "READY",
            "subnet": [],
            "timeouts": null
          },
          "sensitive_attributes": [],
          "private": "eyJlMmJmYjczMC1lY2FhLTExZTYtOGY4OC0zNDM2M2JjN2M0YzAiOnsiY3JlYXRlIjoxMjAwMDAwMDAwMDAwLCJkZWxldGUiOjEyMDAwMDAwMDAwMDB9fQ==",
          "dependencies": [
            "data.google_compute_network.default"
          ]
        }
      ]
    }
  ],
  "check_results": null
}
